// !$*UTF8*$!
{
	archiveVersion = 1;
	classes = {
	};
	objectVersion = 56;
	objects = {

/* Begin PBXBuildFile section */
		D80F38722AFCDF12004A408F /* ToDoCell.swift in Sources */ = {isa = PBXBuildFile; fileRef = D80F38712AFCDF12004A408F /* ToDoCell.swift */; };
		D851385A2AFCC9C4004136D7 /* ToDoListRouter.swift in Sources */ = {isa = PBXBuildFile; fileRef = D85138592AFCC9C4004136D7 /* ToDoListRouter.swift */; };
		D85C57E52B57C71900023B04 /* OnboardingPageController.swift in Sources */ = {isa = PBXBuildFile; fileRef = D85C57E42B57C71900023B04 /* OnboardingPageController.swift */; };
		D85C57E72B57CCA600023B04 /* OnboardingPresenter.swift in Sources */ = {isa = PBXBuildFile; fileRef = D85C57E62B57CCA600023B04 /* OnboardingPresenter.swift */; };
		D85C57EA2B57CD1E00023B04 /* OnboardingProtocols.swift in Sources */ = {isa = PBXBuildFile; fileRef = D85C57E92B57CD1E00023B04 /* OnboardingProtocols.swift */; };
		D85C57EC2B57D0AD00023B04 /* OnboardingInteractor.swift in Sources */ = {isa = PBXBuildFile; fileRef = D85C57EB2B57D0AD00023B04 /* OnboardingInteractor.swift */; };
		D85C57EE2B57D16300023B04 /* OnboardingRouter.swift in Sources */ = {isa = PBXBuildFile; fileRef = D85C57ED2B57D16300023B04 /* OnboardingRouter.swift */; };
		D85C58392B5A595400023B04 /* OnboardingController.swift in Sources */ = {isa = PBXBuildFile; fileRef = D85C58382B5A595400023B04 /* OnboardingController.swift */; };
		D85C583C2B5A771A00023B04 /* OnboardingItems.swift in Sources */ = {isa = PBXBuildFile; fileRef = D85C583B2B5A771A00023B04 /* OnboardingItems.swift */; };
		D85C5DB02B614E2F00F548AA /* LoginProtocols.swift in Sources */ = {isa = PBXBuildFile; fileRef = D85C5DAF2B614E2F00F548AA /* LoginProtocols.swift */; };
		D85C5DB22B62501400F548AA /* LoginController.swift in Sources */ = {isa = PBXBuildFile; fileRef = D85C5DB12B62501400F548AA /* LoginController.swift */; };
		D86D44E22AFB932E00894774 /* AppDelegate.swift in Sources */ = {isa = PBXBuildFile; fileRef = D86D44E12AFB932E00894774 /* AppDelegate.swift */; };
		D86D44E42AFB932E00894774 /* SceneDelegate.swift in Sources */ = {isa = PBXBuildFile; fileRef = D86D44E32AFB932E00894774 /* SceneDelegate.swift */; };
		D86D44E62AFB932E00894774 /* ViewController.swift in Sources */ = {isa = PBXBuildFile; fileRef = D86D44E52AFB932E00894774 /* ViewController.swift */; };
		D86D44EC2AFB932E00894774 /* ToDoList_VIPER.xcdatamodeld in Sources */ = {isa = PBXBuildFile; fileRef = D86D44EA2AFB932E00894774 /* ToDoList_VIPER.xcdatamodeld */; };
		D86D44EE2AFB933000894774 /* Assets.xcassets in Resources */ = {isa = PBXBuildFile; fileRef = D86D44ED2AFB933000894774 /* Assets.xcassets */; };
		D86D44F12AFB933000894774 /* LaunchScreen.storyboard in Resources */ = {isa = PBXBuildFile; fileRef = D86D44EF2AFB933000894774 /* LaunchScreen.storyboard */; };
		D86D44FC2AFB933000894774 /* ToDoList_VIPERTests.swift in Sources */ = {isa = PBXBuildFile; fileRef = D86D44FB2AFB933000894774 /* ToDoList_VIPERTests.swift */; };
		D86D45062AFB933000894774 /* ToDoList_VIPERUITests.swift in Sources */ = {isa = PBXBuildFile; fileRef = D86D45052AFB933000894774 /* ToDoList_VIPERUITests.swift */; };
		D86D45082AFB933000894774 /* ToDoList_VIPERUITestsLaunchTests.swift in Sources */ = {isa = PBXBuildFile; fileRef = D86D45072AFB933000894774 /* ToDoList_VIPERUITestsLaunchTests.swift */; };
		D86D45162AFB947B00894774 /* SnapKit in Frameworks */ = {isa = PBXBuildFile; productRef = D86D45152AFB947B00894774 /* SnapKit */; };
		D86D45222AFB982300894774 /* ToDoItem.swift in Sources */ = {isa = PBXBuildFile; fileRef = D86D45212AFB982300894774 /* ToDoItem.swift */; };
		D86D45242AFB986E00894774 /* ToDoStore.swift in Sources */ = {isa = PBXBuildFile; fileRef = D86D45232AFB986E00894774 /* ToDoStore.swift */; };
		D86D45262AFB9ADD00894774 /* ToDoListsProtocols.swift in Sources */ = {isa = PBXBuildFile; fileRef = D86D45252AFB9ADD00894774 /* ToDoListsProtocols.swift */; };
		D86D452A2AFB9EBD00894774 /* ToDoListViewController.swift in Sources */ = {isa = PBXBuildFile; fileRef = D86D45292AFB9EBD00894774 /* ToDoListViewController.swift */; };
		D86D452C2AFCAAAF00894774 /* ToDoListPresenter.swift in Sources */ = {isa = PBXBuildFile; fileRef = D86D452B2AFCAAAF00894774 /* ToDoListPresenter.swift */; };
		D86D452E2AFCAD3B00894774 /* ToDoListInteractor.swift in Sources */ = {isa = PBXBuildFile; fileRef = D86D452D2AFCAD3B00894774 /* ToDoListInteractor.swift */; };
		D8900F112B5135F7008E0E34 /* AnimationLoadingController.swift in Sources */ = {isa = PBXBuildFile; fileRef = D8900F102B5135F7008E0E34 /* AnimationLoadingController.swift */; };
		D8900F152B5529C7008E0E34 /* AnimationLoadingRouter.swift in Sources */ = {isa = PBXBuildFile; fileRef = D8900F142B5529C7008E0E34 /* AnimationLoadingRouter.swift */; };
		D8900F172B55435A008E0E34 /* NewUserCheck.swift in Sources */ = {isa = PBXBuildFile; fileRef = D8900F162B55435A008E0E34 /* NewUserCheck.swift */; };
		D8BF0D432B15ED2E00D1572E /* ToDoListController.swift in Sources */ = {isa = PBXBuildFile; fileRef = D8BF0D422B15ED2E00D1572E /* ToDoListController.swift */; };
		D8CCF2C62B62719500C1E358 /* GoogleService-Info.plist in Resources */ = {isa = PBXBuildFile; fileRef = D8CCF2C52B62719500C1E358 /* GoogleService-Info.plist */; };
		D8CCF2C92B62725400C1E358 /* FirebaseAnalytics in Frameworks */ = {isa = PBXBuildFile; productRef = D8CCF2C82B62725400C1E358 /* FirebaseAnalytics */; };
		D8CCF2CB2B62725400C1E358 /* FirebaseAnalyticsWithoutAdIdSupport in Frameworks */ = {isa = PBXBuildFile; productRef = D8CCF2CA2B62725400C1E358 /* FirebaseAnalyticsWithoutAdIdSupport */; };
		D8CCF2CD2B62725400C1E358 /* FirebaseAuth in Frameworks */ = {isa = PBXBuildFile; productRef = D8CCF2CC2B62725400C1E358 /* FirebaseAuth */; };
		D8CCF2CF2B62725400C1E358 /* FirebaseDatabase in Frameworks */ = {isa = PBXBuildFile; productRef = D8CCF2CE2B62725400C1E358 /* FirebaseDatabase */; };
		D8CCF2D12B62725400C1E358 /* FirebaseDatabaseSwift in Frameworks */ = {isa = PBXBuildFile; productRef = D8CCF2D02B62725400C1E358 /* FirebaseDatabaseSwift */; };
		D8CCF2D32B62725400C1E358 /* FirebaseFirestore in Frameworks */ = {isa = PBXBuildFile; productRef = D8CCF2D22B62725400C1E358 /* FirebaseFirestore */; };
		D8CCF2D52B62725400C1E358 /* FirebaseFirestoreSwift in Frameworks */ = {isa = PBXBuildFile; productRef = D8CCF2D42B62725400C1E358 /* FirebaseFirestoreSwift */; };
		D8CCF2D72B62725400C1E358 /* FirebaseInstallations in Frameworks */ = {isa = PBXBuildFile; productRef = D8CCF2D62B62725400C1E358 /* FirebaseInstallations */; };
		D8CCF2D92B62725400C1E358 /* FirebaseStorage in Frameworks */ = {isa = PBXBuildFile; productRef = D8CCF2D82B62725400C1E358 /* FirebaseStorage */; };
		D8E9F8702B01F84F00A3F3FC /* ToDoDetailsProtocols.swift in Sources */ = {isa = PBXBuildFile; fileRef = D8E9F86F2B01F84F00A3F3FC /* ToDoDetailsProtocols.swift */; };
		D8E9F8722B01FAFB00A3F3FC /* ToDoDetailController.swift in Sources */ = {isa = PBXBuildFile; fileRef = D8E9F8712B01FAFB00A3F3FC /* ToDoDetailController.swift */; };
		D8E9F8742B02178E00A3F3FC /* ToDoDetailPresenter.swift in Sources */ = {isa = PBXBuildFile; fileRef = D8E9F8732B02178E00A3F3FC /* ToDoDetailPresenter.swift */; };
		D8E9F8762B021B7800A3F3FC /* ToDoDetailInteractor.swift in Sources */ = {isa = PBXBuildFile; fileRef = D8E9F8752B021B7800A3F3FC /* ToDoDetailInteractor.swift */; };
		D8E9F8782B021C3C00A3F3FC /* ToDoDetailRouter.swift in Sources */ = {isa = PBXBuildFile; fileRef = D8E9F8772B021C3C00A3F3FC /* ToDoDetailRouter.swift */; };
		D8E9F87C2B03537A00A3F3FC /* HomeTabBarRouter.swift in Sources */ = {isa = PBXBuildFile; fileRef = D8E9F87B2B03537A00A3F3FC /* HomeTabBarRouter.swift */; };
		D8E9F87E2B0353B500A3F3FC /* HomeTabBarRouterProtocol.swift in Sources */ = {isa = PBXBuildFile; fileRef = D8E9F87D2B0353B500A3F3FC /* HomeTabBarRouterProtocol.swift */; };
		D8E9F8892B0370FE00A3F3FC /* ExecuteProtocols.swift in Sources */ = {isa = PBXBuildFile; fileRef = D8E9F8882B0370FE00A3F3FC /* ExecuteProtocols.swift */; };
		D8E9F88B2B03768900A3F3FC /* ExecuteToDoInteractor.swift in Sources */ = {isa = PBXBuildFile; fileRef = D8E9F88A2B03768900A3F3FC /* ExecuteToDoInteractor.swift */; };
		D8E9F88D2B0377AE00A3F3FC /* ExecuteToDoPresenter.swift in Sources */ = {isa = PBXBuildFile; fileRef = D8E9F88C2B0377AE00A3F3FC /* ExecuteToDoPresenter.swift */; };
		D8E9F88F2B0378B800A3F3FC /* ExecuteToDoController.swift in Sources */ = {isa = PBXBuildFile; fileRef = D8E9F88E2B0378B800A3F3FC /* ExecuteToDoController.swift */; };
		D8E9F8912B037EEE00A3F3FC /* ExecuteToDoRouter.swift in Sources */ = {isa = PBXBuildFile; fileRef = D8E9F8902B037EEE00A3F3FC /* ExecuteToDoRouter.swift */; };
		D8E9F8992B04BD6200A3F3FC /* AddToDoProtocols.swift in Sources */ = {isa = PBXBuildFile; fileRef = D8E9F8982B04BD6200A3F3FC /* AddToDoProtocols.swift */; };
		D8E9F89B2B04BF1700A3F3FC /* AddToDoInteractor.swift in Sources */ = {isa = PBXBuildFile; fileRef = D8E9F89A2B04BF1700A3F3FC /* AddToDoInteractor.swift */; };
		D8E9F89D2B04BFAB00A3F3FC /* AddToDoPresenter.swift in Sources */ = {isa = PBXBuildFile; fileRef = D8E9F89C2B04BFAB00A3F3FC /* AddToDoPresenter.swift */; };
		D8E9F89F2B04C06300A3F3FC /* AddToDoController.swift in Sources */ = {isa = PBXBuildFile; fileRef = D8E9F89E2B04C06300A3F3FC /* AddToDoController.swift */; };
		D8E9F8A32B04D23900A3F3FC /* UILabel + EXT.swift in Sources */ = {isa = PBXBuildFile; fileRef = D8E9F8A22B04D23900A3F3FC /* UILabel + EXT.swift */; };
		D8E9F8A52B04D32B00A3F3FC /* UITextField + EXT.swift in Sources */ = {isa = PBXBuildFile; fileRef = D8E9F8A42B04D32B00A3F3FC /* UITextField + EXT.swift */; };
		D8E9F8A72B04D58900A3F3FC /* UIButton + EXT.swift in Sources */ = {isa = PBXBuildFile; fileRef = D8E9F8A62B04D58900A3F3FC /* UIButton + EXT.swift */; };
		D8E9F8A92B04D96600A3F3FC /* AddToDoRouter.swift in Sources */ = {isa = PBXBuildFile; fileRef = D8E9F8A82B04D96600A3F3FC /* AddToDoRouter.swift */; };
		D8E9F8AF2B0B40FE00A3F3FC /* UIDatePicker + EXT.swift in Sources */ = {isa = PBXBuildFile; fileRef = D8E9F8AE2B0B40FE00A3F3FC /* UIDatePicker + EXT.swift */; };
		D8E9F8B12B0B47FB00A3F3FC /* DateFormatter + EXT.swift in Sources */ = {isa = PBXBuildFile; fileRef = D8E9F8B02B0B47FB00A3F3FC /* DateFormatter + EXT.swift */; };
		D8E9F8B92B0CC0CB00A3F3FC /* ToDoObject+CoreDataClass.swift in Sources */ = {isa = PBXBuildFile; fileRef = D8E9F8B72B0CC0CB00A3F3FC /* ToDoObject+CoreDataClass.swift */; };
		D8E9F8BA2B0CC0CB00A3F3FC /* ToDoObject+CoreDataProperties.swift in Sources */ = {isa = PBXBuildFile; fileRef = D8E9F8B82B0CC0CB00A3F3FC /* ToDoObject+CoreDataProperties.swift */; };
		D8E9F8BC2B109DB800A3F3FC /* ToDoStorage.swift in Sources */ = {isa = PBXBuildFile; fileRef = D8E9F8BB2B109DB800A3F3FC /* ToDoStorage.swift */; };
		D8E9F8BE2B17427F00A3F3FC /* Date + EXT.swift in Sources */ = {isa = PBXBuildFile; fileRef = D8E9F8BD2B17427F00A3F3FC /* Date + EXT.swift */; };
		D8E9F8C62B175AA500A3F3FC /* OverdueProtocols.swift in Sources */ = {isa = PBXBuildFile; fileRef = D8E9F8C52B175AA500A3F3FC /* OverdueProtocols.swift */; };
		D8E9F8C82B175D4500A3F3FC /* OverduePresenter.swift in Sources */ = {isa = PBXBuildFile; fileRef = D8E9F8C72B175D4500A3F3FC /* OverduePresenter.swift */; };
		D8E9F8CA2B175E6900A3F3FC /* OverdueInteractor.swift in Sources */ = {isa = PBXBuildFile; fileRef = D8E9F8C92B175E6900A3F3FC /* OverdueInteractor.swift */; };
		D8E9F8CC2B1762FE00A3F3FC /* OverdueToDoController.swift in Sources */ = {isa = PBXBuildFile; fileRef = D8E9F8CB2B1762FE00A3F3FC /* OverdueToDoController.swift */; };
		D8E9F8CE2B1767CB00A3F3FC /* OverdueToDoRouter.swift in Sources */ = {isa = PBXBuildFile; fileRef = D8E9F8CD2B1767CB00A3F3FC /* OverdueToDoRouter.swift */; };
		D8E9F8D02B18A56200A3F3FC /* ToDoObjectSorter.swift in Sources */ = {isa = PBXBuildFile; fileRef = D8E9F8CF2B18A56200A3F3FC /* ToDoObjectSorter.swift */; };
		D8F11C5E2B5660C900D2282D /* AnimationLoadingInteractor.swift in Sources */ = {isa = PBXBuildFile; fileRef = D8F11C5D2B5660C900D2282D /* AnimationLoadingInteractor.swift */; };
		D8F11C602B5660DA00D2282D /* AnimationLoadingPresenter.swift in Sources */ = {isa = PBXBuildFile; fileRef = D8F11C5F2B5660DA00D2282D /* AnimationLoadingPresenter.swift */; };
		D8F11C622B5669AC00D2282D /* MockViewController.swift in Sources */ = {isa = PBXBuildFile; fileRef = D8F11C612B5669AC00D2282D /* MockViewController.swift */; };
/* End PBXBuildFile section */

/* Begin PBXContainerItemProxy section */
		D86D44F82AFB933000894774 /* PBXContainerItemProxy */ = {
			isa = PBXContainerItemProxy;
			containerPortal = D86D44D62AFB932E00894774 /* Project object */;
			proxyType = 1;
			remoteGlobalIDString = D86D44DD2AFB932E00894774;
			remoteInfo = "ToDoList-VIPER";
		};
		D86D45022AFB933000894774 /* PBXContainerItemProxy */ = {
			isa = PBXContainerItemProxy;
			containerPortal = D86D44D62AFB932E00894774 /* Project object */;
			proxyType = 1;
			remoteGlobalIDString = D86D44DD2AFB932E00894774;
			remoteInfo = "ToDoList-VIPER";
		};
/* End PBXContainerItemProxy section */

/* Begin PBXFileReference section */
		D80F38712AFCDF12004A408F /* ToDoCell.swift */ = {isa = PBXFileReference; lastKnownFileType = sourcecode.swift; path = ToDoCell.swift; sourceTree = "<group>"; };
		D85138592AFCC9C4004136D7 /* ToDoListRouter.swift */ = {isa = PBXFileReference; lastKnownFileType = sourcecode.swift; path = ToDoListRouter.swift; sourceTree = "<group>"; };
		D85C57E42B57C71900023B04 /* OnboardingPageController.swift */ = {isa = PBXFileReference; lastKnownFileType = sourcecode.swift; path = OnboardingPageController.swift; sourceTree = "<group>"; };
		D85C57E62B57CCA600023B04 /* OnboardingPresenter.swift */ = {isa = PBXFileReference; lastKnownFileType = sourcecode.swift; path = OnboardingPresenter.swift; sourceTree = "<group>"; };
		D85C57E92B57CD1E00023B04 /* OnboardingProtocols.swift */ = {isa = PBXFileReference; lastKnownFileType = sourcecode.swift; path = OnboardingProtocols.swift; sourceTree = "<group>"; };
		D85C57EB2B57D0AD00023B04 /* OnboardingInteractor.swift */ = {isa = PBXFileReference; lastKnownFileType = sourcecode.swift; path = OnboardingInteractor.swift; sourceTree = "<group>"; };
		D85C57ED2B57D16300023B04 /* OnboardingRouter.swift */ = {isa = PBXFileReference; lastKnownFileType = sourcecode.swift; path = OnboardingRouter.swift; sourceTree = "<group>"; };
		D85C58382B5A595400023B04 /* OnboardingController.swift */ = {isa = PBXFileReference; lastKnownFileType = sourcecode.swift; path = OnboardingController.swift; sourceTree = "<group>"; };
		D85C583B2B5A771A00023B04 /* OnboardingItems.swift */ = {isa = PBXFileReference; lastKnownFileType = sourcecode.swift; path = OnboardingItems.swift; sourceTree = "<group>"; };
		D85C5DAF2B614E2F00F548AA /* LoginProtocols.swift */ = {isa = PBXFileReference; lastKnownFileType = sourcecode.swift; path = LoginProtocols.swift; sourceTree = "<group>"; };
		D85C5DB12B62501400F548AA /* LoginController.swift */ = {isa = PBXFileReference; lastKnownFileType = sourcecode.swift; path = LoginController.swift; sourceTree = "<group>"; };
		D86D44DE2AFB932E00894774 /* ToDoList-VIPER.app */ = {isa = PBXFileReference; explicitFileType = wrapper.application; includeInIndex = 0; path = "ToDoList-VIPER.app"; sourceTree = BUILT_PRODUCTS_DIR; };
		D86D44E12AFB932E00894774 /* AppDelegate.swift */ = {isa = PBXFileReference; lastKnownFileType = sourcecode.swift; path = AppDelegate.swift; sourceTree = "<group>"; };
		D86D44E32AFB932E00894774 /* SceneDelegate.swift */ = {isa = PBXFileReference; lastKnownFileType = sourcecode.swift; path = SceneDelegate.swift; sourceTree = "<group>"; };
		D86D44E52AFB932E00894774 /* ViewController.swift */ = {isa = PBXFileReference; lastKnownFileType = sourcecode.swift; path = ViewController.swift; sourceTree = "<group>"; };
		D86D44EB2AFB932E00894774 /* ToDoList_VIPER.xcdatamodel */ = {isa = PBXFileReference; lastKnownFileType = wrapper.xcdatamodel; path = ToDoList_VIPER.xcdatamodel; sourceTree = "<group>"; };
		D86D44ED2AFB933000894774 /* Assets.xcassets */ = {isa = PBXFileReference; lastKnownFileType = folder.assetcatalog; path = Assets.xcassets; sourceTree = "<group>"; };
		D86D44F02AFB933000894774 /* Base */ = {isa = PBXFileReference; lastKnownFileType = file.storyboard; name = Base; path = Base.lproj/LaunchScreen.storyboard; sourceTree = "<group>"; };
		D86D44F22AFB933000894774 /* Info.plist */ = {isa = PBXFileReference; lastKnownFileType = text.plist.xml; path = Info.plist; sourceTree = "<group>"; };
		D86D44F72AFB933000894774 /* ToDoList-VIPERTests.xctest */ = {isa = PBXFileReference; explicitFileType = wrapper.cfbundle; includeInIndex = 0; path = "ToDoList-VIPERTests.xctest"; sourceTree = BUILT_PRODUCTS_DIR; };
		D86D44FB2AFB933000894774 /* ToDoList_VIPERTests.swift */ = {isa = PBXFileReference; lastKnownFileType = sourcecode.swift; path = ToDoList_VIPERTests.swift; sourceTree = "<group>"; };
		D86D45012AFB933000894774 /* ToDoList-VIPERUITests.xctest */ = {isa = PBXFileReference; explicitFileType = wrapper.cfbundle; includeInIndex = 0; path = "ToDoList-VIPERUITests.xctest"; sourceTree = BUILT_PRODUCTS_DIR; };
		D86D45052AFB933000894774 /* ToDoList_VIPERUITests.swift */ = {isa = PBXFileReference; lastKnownFileType = sourcecode.swift; path = ToDoList_VIPERUITests.swift; sourceTree = "<group>"; };
		D86D45072AFB933000894774 /* ToDoList_VIPERUITestsLaunchTests.swift */ = {isa = PBXFileReference; lastKnownFileType = sourcecode.swift; path = ToDoList_VIPERUITestsLaunchTests.swift; sourceTree = "<group>"; };
		D86D45212AFB982300894774 /* ToDoItem.swift */ = {isa = PBXFileReference; lastKnownFileType = sourcecode.swift; path = ToDoItem.swift; sourceTree = "<group>"; };
		D86D45232AFB986E00894774 /* ToDoStore.swift */ = {isa = PBXFileReference; lastKnownFileType = sourcecode.swift; path = ToDoStore.swift; sourceTree = "<group>"; };
		D86D45252AFB9ADD00894774 /* ToDoListsProtocols.swift */ = {isa = PBXFileReference; lastKnownFileType = sourcecode.swift; path = ToDoListsProtocols.swift; sourceTree = "<group>"; };
		D86D45292AFB9EBD00894774 /* ToDoListViewController.swift */ = {isa = PBXFileReference; lastKnownFileType = sourcecode.swift; path = ToDoListViewController.swift; sourceTree = "<group>"; };
		D86D452B2AFCAAAF00894774 /* ToDoListPresenter.swift */ = {isa = PBXFileReference; lastKnownFileType = sourcecode.swift; path = ToDoListPresenter.swift; sourceTree = "<group>"; };
		D86D452D2AFCAD3B00894774 /* ToDoListInteractor.swift */ = {isa = PBXFileReference; lastKnownFileType = sourcecode.swift; path = ToDoListInteractor.swift; sourceTree = "<group>"; };
		D8900F102B5135F7008E0E34 /* AnimationLoadingController.swift */ = {isa = PBXFileReference; lastKnownFileType = sourcecode.swift; path = AnimationLoadingController.swift; sourceTree = "<group>"; };
		D8900F142B5529C7008E0E34 /* AnimationLoadingRouter.swift */ = {isa = PBXFileReference; lastKnownFileType = sourcecode.swift; path = AnimationLoadingRouter.swift; sourceTree = "<group>"; };
		D8900F162B55435A008E0E34 /* NewUserCheck.swift */ = {isa = PBXFileReference; lastKnownFileType = sourcecode.swift; path = NewUserCheck.swift; sourceTree = "<group>"; };
		D8BF0D422B15ED2E00D1572E /* ToDoListController.swift */ = {isa = PBXFileReference; lastKnownFileType = sourcecode.swift; path = ToDoListController.swift; sourceTree = "<group>"; };
		D8CCF2C52B62719500C1E358 /* GoogleService-Info.plist */ = {isa = PBXFileReference; fileEncoding = 4; lastKnownFileType = text.plist.xml; name = "GoogleService-Info.plist"; path = "../../../../../../Downloads/GoogleService-Info.plist"; sourceTree = "<group>"; };
		D8E9F86F2B01F84F00A3F3FC /* ToDoDetailsProtocols.swift */ = {isa = PBXFileReference; lastKnownFileType = sourcecode.swift; path = ToDoDetailsProtocols.swift; sourceTree = "<group>"; };
		D8E9F8712B01FAFB00A3F3FC /* ToDoDetailController.swift */ = {isa = PBXFileReference; lastKnownFileType = sourcecode.swift; path = ToDoDetailController.swift; sourceTree = "<group>"; };
		D8E9F8732B02178E00A3F3FC /* ToDoDetailPresenter.swift */ = {isa = PBXFileReference; lastKnownFileType = sourcecode.swift; path = ToDoDetailPresenter.swift; sourceTree = "<group>"; };
		D8E9F8752B021B7800A3F3FC /* ToDoDetailInteractor.swift */ = {isa = PBXFileReference; lastKnownFileType = sourcecode.swift; path = ToDoDetailInteractor.swift; sourceTree = "<group>"; };
		D8E9F8772B021C3C00A3F3FC /* ToDoDetailRouter.swift */ = {isa = PBXFileReference; lastKnownFileType = sourcecode.swift; path = ToDoDetailRouter.swift; sourceTree = "<group>"; };
		D8E9F87B2B03537A00A3F3FC /* HomeTabBarRouter.swift */ = {isa = PBXFileReference; lastKnownFileType = sourcecode.swift; path = HomeTabBarRouter.swift; sourceTree = "<group>"; };
		D8E9F87D2B0353B500A3F3FC /* HomeTabBarRouterProtocol.swift */ = {isa = PBXFileReference; lastKnownFileType = sourcecode.swift; path = HomeTabBarRouterProtocol.swift; sourceTree = "<group>"; };
		D8E9F8882B0370FE00A3F3FC /* ExecuteProtocols.swift */ = {isa = PBXFileReference; lastKnownFileType = sourcecode.swift; path = ExecuteProtocols.swift; sourceTree = "<group>"; };
		D8E9F88A2B03768900A3F3FC /* ExecuteToDoInteractor.swift */ = {isa = PBXFileReference; lastKnownFileType = sourcecode.swift; path = ExecuteToDoInteractor.swift; sourceTree = "<group>"; };
		D8E9F88C2B0377AE00A3F3FC /* ExecuteToDoPresenter.swift */ = {isa = PBXFileReference; lastKnownFileType = sourcecode.swift; path = ExecuteToDoPresenter.swift; sourceTree = "<group>"; };
		D8E9F88E2B0378B800A3F3FC /* ExecuteToDoController.swift */ = {isa = PBXFileReference; lastKnownFileType = sourcecode.swift; path = ExecuteToDoController.swift; sourceTree = "<group>"; };
		D8E9F8902B037EEE00A3F3FC /* ExecuteToDoRouter.swift */ = {isa = PBXFileReference; lastKnownFileType = sourcecode.swift; path = ExecuteToDoRouter.swift; sourceTree = "<group>"; };
		D8E9F8982B04BD6200A3F3FC /* AddToDoProtocols.swift */ = {isa = PBXFileReference; lastKnownFileType = sourcecode.swift; path = AddToDoProtocols.swift; sourceTree = "<group>"; };
		D8E9F89A2B04BF1700A3F3FC /* AddToDoInteractor.swift */ = {isa = PBXFileReference; lastKnownFileType = sourcecode.swift; path = AddToDoInteractor.swift; sourceTree = "<group>"; };
		D8E9F89C2B04BFAB00A3F3FC /* AddToDoPresenter.swift */ = {isa = PBXFileReference; lastKnownFileType = sourcecode.swift; path = AddToDoPresenter.swift; sourceTree = "<group>"; };
		D8E9F89E2B04C06300A3F3FC /* AddToDoController.swift */ = {isa = PBXFileReference; lastKnownFileType = sourcecode.swift; path = AddToDoController.swift; sourceTree = "<group>"; };
		D8E9F8A22B04D23900A3F3FC /* UILabel + EXT.swift */ = {isa = PBXFileReference; lastKnownFileType = sourcecode.swift; path = "UILabel + EXT.swift"; sourceTree = "<group>"; };
		D8E9F8A42B04D32B00A3F3FC /* UITextField + EXT.swift */ = {isa = PBXFileReference; lastKnownFileType = sourcecode.swift; path = "UITextField + EXT.swift"; sourceTree = "<group>"; };
		D8E9F8A62B04D58900A3F3FC /* UIButton + EXT.swift */ = {isa = PBXFileReference; lastKnownFileType = sourcecode.swift; path = "UIButton + EXT.swift"; sourceTree = "<group>"; };
		D8E9F8A82B04D96600A3F3FC /* AddToDoRouter.swift */ = {isa = PBXFileReference; lastKnownFileType = sourcecode.swift; path = AddToDoRouter.swift; sourceTree = "<group>"; };
		D8E9F8AE2B0B40FE00A3F3FC /* UIDatePicker + EXT.swift */ = {isa = PBXFileReference; lastKnownFileType = sourcecode.swift; path = "UIDatePicker + EXT.swift"; sourceTree = "<group>"; };
		D8E9F8B02B0B47FB00A3F3FC /* DateFormatter + EXT.swift */ = {isa = PBXFileReference; lastKnownFileType = sourcecode.swift; path = "DateFormatter + EXT.swift"; sourceTree = "<group>"; };
		D8E9F8B72B0CC0CB00A3F3FC /* ToDoObject+CoreDataClass.swift */ = {isa = PBXFileReference; lastKnownFileType = sourcecode.swift; path = "ToDoObject+CoreDataClass.swift"; sourceTree = "<group>"; };
		D8E9F8B82B0CC0CB00A3F3FC /* ToDoObject+CoreDataProperties.swift */ = {isa = PBXFileReference; lastKnownFileType = sourcecode.swift; path = "ToDoObject+CoreDataProperties.swift"; sourceTree = "<group>"; };
		D8E9F8BB2B109DB800A3F3FC /* ToDoStorage.swift */ = {isa = PBXFileReference; lastKnownFileType = sourcecode.swift; path = ToDoStorage.swift; sourceTree = "<group>"; };
		D8E9F8BD2B17427F00A3F3FC /* Date + EXT.swift */ = {isa = PBXFileReference; lastKnownFileType = sourcecode.swift; path = "Date + EXT.swift"; sourceTree = "<group>"; };
		D8E9F8C52B175AA500A3F3FC /* OverdueProtocols.swift */ = {isa = PBXFileReference; lastKnownFileType = sourcecode.swift; path = OverdueProtocols.swift; sourceTree = "<group>"; };
		D8E9F8C72B175D4500A3F3FC /* OverduePresenter.swift */ = {isa = PBXFileReference; lastKnownFileType = sourcecode.swift; path = OverduePresenter.swift; sourceTree = "<group>"; };
		D8E9F8C92B175E6900A3F3FC /* OverdueInteractor.swift */ = {isa = PBXFileReference; lastKnownFileType = sourcecode.swift; path = OverdueInteractor.swift; sourceTree = "<group>"; };
		D8E9F8CB2B1762FE00A3F3FC /* OverdueToDoController.swift */ = {isa = PBXFileReference; lastKnownFileType = sourcecode.swift; path = OverdueToDoController.swift; sourceTree = "<group>"; };
		D8E9F8CD2B1767CB00A3F3FC /* OverdueToDoRouter.swift */ = {isa = PBXFileReference; lastKnownFileType = sourcecode.swift; path = OverdueToDoRouter.swift; sourceTree = "<group>"; };
		D8E9F8CF2B18A56200A3F3FC /* ToDoObjectSorter.swift */ = {isa = PBXFileReference; lastKnownFileType = sourcecode.swift; path = ToDoObjectSorter.swift; sourceTree = "<group>"; };
		D8F11C5D2B5660C900D2282D /* AnimationLoadingInteractor.swift */ = {isa = PBXFileReference; lastKnownFileType = sourcecode.swift; path = AnimationLoadingInteractor.swift; sourceTree = "<group>"; };
		D8F11C5F2B5660DA00D2282D /* AnimationLoadingPresenter.swift */ = {isa = PBXFileReference; lastKnownFileType = sourcecode.swift; path = AnimationLoadingPresenter.swift; sourceTree = "<group>"; };
		D8F11C612B5669AC00D2282D /* MockViewController.swift */ = {isa = PBXFileReference; lastKnownFileType = sourcecode.swift; path = MockViewController.swift; sourceTree = "<group>"; };
/* End PBXFileReference section */

/* Begin PBXFrameworksBuildPhase section */
		D86D44DB2AFB932E00894774 /* Frameworks */ = {
			isa = PBXFrameworksBuildPhase;
			buildActionMask = 2147483647;
			files = (
				D8CCF2D12B62725400C1E358 /* FirebaseDatabaseSwift in Frameworks */,
				D8CCF2CF2B62725400C1E358 /* FirebaseDatabase in Frameworks */,
				D8CCF2C92B62725400C1E358 /* FirebaseAnalytics in Frameworks */,
				D8CCF2D92B62725400C1E358 /* FirebaseStorage in Frameworks */,
				D8CCF2D72B62725400C1E358 /* FirebaseInstallations in Frameworks */,
				D8CCF2CB2B62725400C1E358 /* FirebaseAnalyticsWithoutAdIdSupport in Frameworks */,
				D86D45162AFB947B00894774 /* SnapKit in Frameworks */,
				D8CCF2CD2B62725400C1E358 /* FirebaseAuth in Frameworks */,
				D8CCF2D32B62725400C1E358 /* FirebaseFirestore in Frameworks */,
				D8CCF2D52B62725400C1E358 /* FirebaseFirestoreSwift in Frameworks */,
			);
			runOnlyForDeploymentPostprocessing = 0;
		};
		D86D44F42AFB933000894774 /* Frameworks */ = {
			isa = PBXFrameworksBuildPhase;
			buildActionMask = 2147483647;
			files = (
			);
			runOnlyForDeploymentPostprocessing = 0;
		};
		D86D44FE2AFB933000894774 /* Frameworks */ = {
			isa = PBXFrameworksBuildPhase;
			buildActionMask = 2147483647;
			files = (
			);
			runOnlyForDeploymentPostprocessing = 0;
		};
/* End PBXFrameworksBuildPhase section */

/* Begin PBXGroup section */
		D80F38702AFCDEFA004A408F /* CustomCell */ = {
			isa = PBXGroup;
			children = (
				D80F38712AFCDF12004A408F /* ToDoCell.swift */,
			);
			path = CustomCell;
			sourceTree = "<group>";
		};
		D85C57E02B57AC1300023B04 /* View */ = {
			isa = PBXGroup;
			children = (
				D85C583A2B5A595900023B04 /* OnboardingPagesViews */,
				D85C58382B5A595400023B04 /* OnboardingController.swift */,
			);
			path = View;
			sourceTree = "<group>";
		};
		D85C57E12B57C6C400023B04 /* Presenter */ = {
			isa = PBXGroup;
			children = (
				D85C57E62B57CCA600023B04 /* OnboardingPresenter.swift */,
			);
			path = Presenter;
			sourceTree = "<group>";
		};
		D85C57E22B57C6D100023B04 /* Interactor */ = {
			isa = PBXGroup;
			children = (
				D85C57EB2B57D0AD00023B04 /* OnboardingInteractor.swift */,
			);
			path = Interactor;
			sourceTree = "<group>";
		};
		D85C57E32B57C6D900023B04 /* Router */ = {
			isa = PBXGroup;
			children = (
				D85C57ED2B57D16300023B04 /* OnboardingRouter.swift */,
			);
			path = Router;
			sourceTree = "<group>";
		};
		D85C57E82B57CD0D00023B04 /* Protocols */ = {
			isa = PBXGroup;
			children = (
				D85C57E92B57CD1E00023B04 /* OnboardingProtocols.swift */,
			);
			path = Protocols;
			sourceTree = "<group>";
		};
		D85C583A2B5A595900023B04 /* OnboardingPagesViews */ = {
			isa = PBXGroup;
			children = (
				D85C57E42B57C71900023B04 /* OnboardingPageController.swift */,
			);
			path = OnboardingPagesViews;
			sourceTree = "<group>";
		};
		D85C5DA92B614DC900F548AA /* Login */ = {
			isa = PBXGroup;
			children = (
				D85C5DAE2B614E0F00F548AA /* Protocols */,
				D85C5DAD2B614E0700F548AA /* View */,
				D85C5DAC2B614DFD00F548AA /* Interactor */,
				D85C5DAB2B614DEE00F548AA /* Presenter */,
				D85C5DAA2B614DE200F548AA /* Router */,
			);
			path = Login;
			sourceTree = "<group>";
		};
		D85C5DAA2B614DE200F548AA /* Router */ = {
			isa = PBXGroup;
			children = (
			);
			path = Router;
			sourceTree = "<group>";
		};
		D85C5DAB2B614DEE00F548AA /* Presenter */ = {
			isa = PBXGroup;
			children = (
			);
			path = Presenter;
			sourceTree = "<group>";
		};
		D85C5DAC2B614DFD00F548AA /* Interactor */ = {
			isa = PBXGroup;
			children = (
			);
			path = Interactor;
			sourceTree = "<group>";
		};
		D85C5DAD2B614E0700F548AA /* View */ = {
			isa = PBXGroup;
			children = (
				D85C5DB12B62501400F548AA /* LoginController.swift */,
			);
			path = View;
			sourceTree = "<group>";
		};
		D85C5DAE2B614E0F00F548AA /* Protocols */ = {
			isa = PBXGroup;
			children = (
				D85C5DAF2B614E2F00F548AA /* LoginProtocols.swift */,
			);
			path = Protocols;
			sourceTree = "<group>";
		};
		D86D44D52AFB932E00894774 = {
			isa = PBXGroup;
			children = (
				D8E9F8B72B0CC0CB00A3F3FC /* ToDoObject+CoreDataClass.swift */,
				D8E9F8B82B0CC0CB00A3F3FC /* ToDoObject+CoreDataProperties.swift */,
				D86D44E02AFB932E00894774 /* ToDoList-VIPER */,
				D86D44FA2AFB933000894774 /* ToDoList-VIPERTests */,
				D86D45042AFB933000894774 /* ToDoList-VIPERUITests */,
				D86D44DF2AFB932E00894774 /* Products */,
			);
			sourceTree = "<group>";
		};
		D86D44DF2AFB932E00894774 /* Products */ = {
			isa = PBXGroup;
			children = (
				D86D44DE2AFB932E00894774 /* ToDoList-VIPER.app */,
				D86D44F72AFB933000894774 /* ToDoList-VIPERTests.xctest */,
				D86D45012AFB933000894774 /* ToDoList-VIPERUITests.xctest */,
			);
			name = Products;
			sourceTree = "<group>";
		};
		D86D44E02AFB932E00894774 /* ToDoList-VIPER */ = {
			isa = PBXGroup;
			children = (
				D8E9F8A02B04D21E00A3F3FC /* Support */,
				D8E9F8792B03532000A3F3FC /* Scenes */,
				D86D45182AFB967D00894774 /* Resources */,
				D86D45172AFB966800894774 /* App */,
				D86D44E52AFB932E00894774 /* ViewController.swift */,
				D8F11C612B5669AC00D2282D /* MockViewController.swift */,
			);
			path = "ToDoList-VIPER";
			sourceTree = "<group>";
		};
		D86D44FA2AFB933000894774 /* ToDoList-VIPERTests */ = {
			isa = PBXGroup;
			children = (
				D86D44FB2AFB933000894774 /* ToDoList_VIPERTests.swift */,
			);
			path = "ToDoList-VIPERTests";
			sourceTree = "<group>";
		};
		D86D45042AFB933000894774 /* ToDoList-VIPERUITests */ = {
			isa = PBXGroup;
			children = (
				D86D45052AFB933000894774 /* ToDoList_VIPERUITests.swift */,
				D86D45072AFB933000894774 /* ToDoList_VIPERUITestsLaunchTests.swift */,
			);
			path = "ToDoList-VIPERUITests";
			sourceTree = "<group>";
		};
		D86D45172AFB966800894774 /* App */ = {
			isa = PBXGroup;
			children = (
				D86D44E12AFB932E00894774 /* AppDelegate.swift */,
				D86D44E32AFB932E00894774 /* SceneDelegate.swift */,
			);
			path = App;
			sourceTree = "<group>";
		};
		D86D45182AFB967D00894774 /* Resources */ = {
			isa = PBXGroup;
			children = (
				D86D44ED2AFB933000894774 /* Assets.xcassets */,
				D86D44EF2AFB933000894774 /* LaunchScreen.storyboard */,
				D86D44F22AFB933000894774 /* Info.plist */,
				D8CCF2C52B62719500C1E358 /* GoogleService-Info.plist */,
				D86D44EA2AFB932E00894774 /* ToDoList_VIPER.xcdatamodeld */,
			);
			path = Resources;
			sourceTree = "<group>";
		};
		D86D45192AFB96F200894774 /* ToDoListModule */ = {
			isa = PBXGroup;
			children = (
				D8E9F8922B04BD1500A3F3FC /* AddToDoModule */,
				D8E9F8692B01F80300A3F3FC /* ToDoDetailModule */,
				D86D45202AFB974500894774 /* Protocols */,
				D86D451C2AFB971600894774 /* View */,
				D86D451F2AFB973700894774 /* Interactor */,
				D86D451D2AFB972200894774 /* Presenter */,
				D86D451E2AFB972F00894774 /* Router */,
			);
			path = ToDoListModule;
			sourceTree = "<group>";
		};
		D86D451B2AFB970400894774 /* Entitys */ = {
			isa = PBXGroup;
			children = (
				D86D45212AFB982300894774 /* ToDoItem.swift */,
				D86D45232AFB986E00894774 /* ToDoStore.swift */,
				D8E9F8BB2B109DB800A3F3FC /* ToDoStorage.swift */,
				D85C583B2B5A771A00023B04 /* OnboardingItems.swift */,
			);
			path = Entitys;
			sourceTree = "<group>";
		};
		D86D451C2AFB971600894774 /* View */ = {
			isa = PBXGroup;
			children = (
				D80F38702AFCDEFA004A408F /* CustomCell */,
				D86D45292AFB9EBD00894774 /* ToDoListViewController.swift */,
				D8BF0D422B15ED2E00D1572E /* ToDoListController.swift */,
			);
			path = View;
			sourceTree = "<group>";
		};
		D86D451D2AFB972200894774 /* Presenter */ = {
			isa = PBXGroup;
			children = (
				D86D452B2AFCAAAF00894774 /* ToDoListPresenter.swift */,
			);
			path = Presenter;
			sourceTree = "<group>";
		};
		D86D451E2AFB972F00894774 /* Router */ = {
			isa = PBXGroup;
			children = (
				D85138592AFCC9C4004136D7 /* ToDoListRouter.swift */,
			);
			path = Router;
			sourceTree = "<group>";
		};
		D86D451F2AFB973700894774 /* Interactor */ = {
			isa = PBXGroup;
			children = (
				D86D452D2AFCAD3B00894774 /* ToDoListInteractor.swift */,
			);
			path = Interactor;
			sourceTree = "<group>";
		};
		D86D45202AFB974500894774 /* Protocols */ = {
			isa = PBXGroup;
			children = (
				D86D45252AFB9ADD00894774 /* ToDoListsProtocols.swift */,
			);
			path = Protocols;
			sourceTree = "<group>";
		};
		D8900F0E2B51354B008E0E34 /* Loading */ = {
			isa = PBXGroup;
			children = (
				D8F11C582B565F5B00D2282D /* View */,
				D8F11C5B2B565F8700D2282D /* Interactor */,
				D8F11C5C2B565F9300D2282D /* Presenter */,
				D8F11C5A2B565F7B00D2282D /* Router */,
			);
			path = Loading;
			sourceTree = "<group>";
		};
		D8900F0F2B513558008E0E34 /* Onboarding */ = {
			isa = PBXGroup;
			children = (
				D85C57E82B57CD0D00023B04 /* Protocols */,
				D85C57E02B57AC1300023B04 /* View */,
				D85C57E22B57C6D100023B04 /* Interactor */,
				D85C57E12B57C6C400023B04 /* Presenter */,
				D85C57E32B57C6D900023B04 /* Router */,
			);
			path = Onboarding;
			sourceTree = "<group>";
		};
		D8E9F8692B01F80300A3F3FC /* ToDoDetailModule */ = {
			isa = PBXGroup;
			children = (
				D8E9F86E2B01F83600A3F3FC /* Protocols */,
				D8E9F86D2B01F82E00A3F3FC /* View */,
				D8E9F86C2B01F82500A3F3FC /* Interactor */,
				D8E9F86B2B01F81E00A3F3FC /* Presenter */,
				D8E9F86A2B01F81800A3F3FC /* Router */,
			);
			path = ToDoDetailModule;
			sourceTree = "<group>";
		};
		D8E9F86A2B01F81800A3F3FC /* Router */ = {
			isa = PBXGroup;
			children = (
				D8E9F8772B021C3C00A3F3FC /* ToDoDetailRouter.swift */,
			);
			path = Router;
			sourceTree = "<group>";
		};
		D8E9F86B2B01F81E00A3F3FC /* Presenter */ = {
			isa = PBXGroup;
			children = (
				D8E9F8732B02178E00A3F3FC /* ToDoDetailPresenter.swift */,
			);
			path = Presenter;
			sourceTree = "<group>";
		};
		D8E9F86C2B01F82500A3F3FC /* Interactor */ = {
			isa = PBXGroup;
			children = (
				D8E9F8752B021B7800A3F3FC /* ToDoDetailInteractor.swift */,
			);
			path = Interactor;
			sourceTree = "<group>";
		};
		D8E9F86D2B01F82E00A3F3FC /* View */ = {
			isa = PBXGroup;
			children = (
				D8E9F8712B01FAFB00A3F3FC /* ToDoDetailController.swift */,
			);
			path = View;
			sourceTree = "<group>";
		};
		D8E9F86E2B01F83600A3F3FC /* Protocols */ = {
			isa = PBXGroup;
			children = (
				D8E9F86F2B01F84F00A3F3FC /* ToDoDetailsProtocols.swift */,
			);
			path = Protocols;
			sourceTree = "<group>";
		};
		D8E9F8792B03532000A3F3FC /* Scenes */ = {
			isa = PBXGroup;
			children = (
				D85C5DA92B614DC900F548AA /* Login */,
				D8900F0E2B51354B008E0E34 /* Loading */,
				D8900F0F2B513558008E0E34 /* Onboarding */,
				D8E9F87A2B03536800A3F3FC /* HomeTabBar */,
				D86D45192AFB96F200894774 /* ToDoListModule */,
				D8E9F8822B03709800A3F3FC /* ExecuteToDo */,
				D8E9F8BF2B175A4600A3F3FC /* OverdueToDoModule */,
				D86D451B2AFB970400894774 /* Entitys */,
			);
			path = Scenes;
			sourceTree = "<group>";
		};
		D8E9F87A2B03536800A3F3FC /* HomeTabBar */ = {
			isa = PBXGroup;
			children = (
				D8E9F87B2B03537A00A3F3FC /* HomeTabBarRouter.swift */,
				D8E9F87D2B0353B500A3F3FC /* HomeTabBarRouterProtocol.swift */,
			);
			path = HomeTabBar;
			sourceTree = "<group>";
		};
		D8E9F8822B03709800A3F3FC /* ExecuteToDo */ = {
			isa = PBXGroup;
			children = (
				D8E9F8872B0370CE00A3F3FC /* Protocols */,
				D8E9F8862B0370C600A3F3FC /* View */,
				D8E9F8852B0370BD00A3F3FC /* Interactor */,
				D8E9F8842B0370B500A3F3FC /* Presenter */,
				D8E9F8832B0370AD00A3F3FC /* Router */,
			);
			path = ExecuteToDo;
			sourceTree = "<group>";
		};
		D8E9F8832B0370AD00A3F3FC /* Router */ = {
			isa = PBXGroup;
			children = (
				D8E9F8902B037EEE00A3F3FC /* ExecuteToDoRouter.swift */,
			);
			path = Router;
			sourceTree = "<group>";
		};
		D8E9F8842B0370B500A3F3FC /* Presenter */ = {
			isa = PBXGroup;
			children = (
				D8E9F88C2B0377AE00A3F3FC /* ExecuteToDoPresenter.swift */,
			);
			path = Presenter;
			sourceTree = "<group>";
		};
		D8E9F8852B0370BD00A3F3FC /* Interactor */ = {
			isa = PBXGroup;
			children = (
				D8E9F88A2B03768900A3F3FC /* ExecuteToDoInteractor.swift */,
			);
			path = Interactor;
			sourceTree = "<group>";
		};
		D8E9F8862B0370C600A3F3FC /* View */ = {
			isa = PBXGroup;
			children = (
				D8E9F88E2B0378B800A3F3FC /* ExecuteToDoController.swift */,
			);
			path = View;
			sourceTree = "<group>";
		};
		D8E9F8872B0370CE00A3F3FC /* Protocols */ = {
			isa = PBXGroup;
			children = (
				D8E9F8882B0370FE00A3F3FC /* ExecuteProtocols.swift */,
			);
			path = Protocols;
			sourceTree = "<group>";
		};
		D8E9F8922B04BD1500A3F3FC /* AddToDoModule */ = {
			isa = PBXGroup;
			children = (
				D8E9F8972B04BD5100A3F3FC /* Protocols */,
				D8E9F8962B04BD4C00A3F3FC /* View */,
				D8E9F8952B04BD2E00A3F3FC /* Interactor */,
				D8E9F8942B04BD2800A3F3FC /* Presenter */,
				D8E9F8932B04BD2100A3F3FC /* Router */,
			);
			path = AddToDoModule;
			sourceTree = "<group>";
		};
		D8E9F8932B04BD2100A3F3FC /* Router */ = {
			isa = PBXGroup;
			children = (
				D8E9F8A82B04D96600A3F3FC /* AddToDoRouter.swift */,
			);
			path = Router;
			sourceTree = "<group>";
		};
		D8E9F8942B04BD2800A3F3FC /* Presenter */ = {
			isa = PBXGroup;
			children = (
				D8E9F89C2B04BFAB00A3F3FC /* AddToDoPresenter.swift */,
			);
			path = Presenter;
			sourceTree = "<group>";
		};
		D8E9F8952B04BD2E00A3F3FC /* Interactor */ = {
			isa = PBXGroup;
			children = (
				D8E9F89A2B04BF1700A3F3FC /* AddToDoInteractor.swift */,
			);
			path = Interactor;
			sourceTree = "<group>";
		};
		D8E9F8962B04BD4C00A3F3FC /* View */ = {
			isa = PBXGroup;
			children = (
				D8E9F89E2B04C06300A3F3FC /* AddToDoController.swift */,
			);
			path = View;
			sourceTree = "<group>";
		};
		D8E9F8972B04BD5100A3F3FC /* Protocols */ = {
			isa = PBXGroup;
			children = (
				D8E9F8982B04BD6200A3F3FC /* AddToDoProtocols.swift */,
			);
			path = Protocols;
			sourceTree = "<group>";
		};
		D8E9F8A02B04D21E00A3F3FC /* Support */ = {
			isa = PBXGroup;
			children = (
				D8E9F8A12B04D22400A3F3FC /* Extension */,
				D8E9F8CF2B18A56200A3F3FC /* ToDoObjectSorter.swift */,
				D8900F162B55435A008E0E34 /* NewUserCheck.swift */,
			);
			path = Support;
			sourceTree = "<group>";
		};
		D8E9F8A12B04D22400A3F3FC /* Extension */ = {
			isa = PBXGroup;
			children = (
				D8E9F8A22B04D23900A3F3FC /* UILabel + EXT.swift */,
				D8E9F8A42B04D32B00A3F3FC /* UITextField + EXT.swift */,
				D8E9F8A62B04D58900A3F3FC /* UIButton + EXT.swift */,
				D8E9F8AE2B0B40FE00A3F3FC /* UIDatePicker + EXT.swift */,
				D8E9F8B02B0B47FB00A3F3FC /* DateFormatter + EXT.swift */,
				D8E9F8BD2B17427F00A3F3FC /* Date + EXT.swift */,
			);
			path = Extension;
			sourceTree = "<group>";
		};
		D8E9F8BF2B175A4600A3F3FC /* OverdueToDoModule */ = {
			isa = PBXGroup;
			children = (
				D8E9F8C42B175A7600A3F3FC /* Protocols */,
				D8E9F8C32B175A6F00A3F3FC /* View */,
				D8E9F8C22B175A6400A3F3FC /* Interactor */,
				D8E9F8C12B175A5B00A3F3FC /* Presenter */,
				D8E9F8C02B175A5600A3F3FC /* Router */,
			);
			path = OverdueToDoModule;
			sourceTree = "<group>";
		};
		D8E9F8C02B175A5600A3F3FC /* Router */ = {
			isa = PBXGroup;
			children = (
				D8E9F8CD2B1767CB00A3F3FC /* OverdueToDoRouter.swift */,
			);
			path = Router;
			sourceTree = "<group>";
		};
		D8E9F8C12B175A5B00A3F3FC /* Presenter */ = {
			isa = PBXGroup;
			children = (
				D8E9F8C72B175D4500A3F3FC /* OverduePresenter.swift */,
			);
			path = Presenter;
			sourceTree = "<group>";
		};
		D8E9F8C22B175A6400A3F3FC /* Interactor */ = {
			isa = PBXGroup;
			children = (
				D8E9F8C92B175E6900A3F3FC /* OverdueInteractor.swift */,
			);
			path = Interactor;
			sourceTree = "<group>";
		};
		D8E9F8C32B175A6F00A3F3FC /* View */ = {
			isa = PBXGroup;
			children = (
				D8E9F8CB2B1762FE00A3F3FC /* OverdueToDoController.swift */,
			);
			path = View;
			sourceTree = "<group>";
		};
		D8E9F8C42B175A7600A3F3FC /* Protocols */ = {
			isa = PBXGroup;
			children = (
				D8E9F8C52B175AA500A3F3FC /* OverdueProtocols.swift */,
			);
			path = Protocols;
			sourceTree = "<group>";
		};
		D8F11C582B565F5B00D2282D /* View */ = {
			isa = PBXGroup;
			children = (
				D8900F102B5135F7008E0E34 /* AnimationLoadingController.swift */,
			);
			path = View;
			sourceTree = "<group>";
		};
		D8F11C5A2B565F7B00D2282D /* Router */ = {
			isa = PBXGroup;
			children = (
				D8900F142B5529C7008E0E34 /* AnimationLoadingRouter.swift */,
			);
			path = Router;
			sourceTree = "<group>";
		};
		D8F11C5B2B565F8700D2282D /* Interactor */ = {
			isa = PBXGroup;
			children = (
				D8F11C5D2B5660C900D2282D /* AnimationLoadingInteractor.swift */,
			);
			path = Interactor;
			sourceTree = "<group>";
		};
		D8F11C5C2B565F9300D2282D /* Presenter */ = {
			isa = PBXGroup;
			children = (
				D8F11C5F2B5660DA00D2282D /* AnimationLoadingPresenter.swift */,
			);
			path = Presenter;
			sourceTree = "<group>";
		};
/* End PBXGroup section */

/* Begin PBXNativeTarget section */
		D86D44DD2AFB932E00894774 /* ToDoList-VIPER */ = {
			isa = PBXNativeTarget;
			buildConfigurationList = D86D450B2AFB933000894774 /* Build configuration list for PBXNativeTarget "ToDoList-VIPER" */;
			buildPhases = (
				D86D44DA2AFB932E00894774 /* Sources */,
				D86D44DB2AFB932E00894774 /* Frameworks */,
				D86D44DC2AFB932E00894774 /* Resources */,
			);
			buildRules = (
			);
			dependencies = (
			);
			name = "ToDoList-VIPER";
			packageProductDependencies = (
				D86D45152AFB947B00894774 /* SnapKit */,
				D8CCF2C82B62725400C1E358 /* FirebaseAnalytics */,
				D8CCF2CA2B62725400C1E358 /* FirebaseAnalyticsWithoutAdIdSupport */,
				D8CCF2CC2B62725400C1E358 /* FirebaseAuth */,
				D8CCF2CE2B62725400C1E358 /* FirebaseDatabase */,
				D8CCF2D02B62725400C1E358 /* FirebaseDatabaseSwift */,
				D8CCF2D22B62725400C1E358 /* FirebaseFirestore */,
				D8CCF2D42B62725400C1E358 /* FirebaseFirestoreSwift */,
				D8CCF2D62B62725400C1E358 /* FirebaseInstallations */,
				D8CCF2D82B62725400C1E358 /* FirebaseStorage */,
			);
			productName = "ToDoList-VIPER";
			productReference = D86D44DE2AFB932E00894774 /* ToDoList-VIPER.app */;
			productType = "com.apple.product-type.application";
		};
		D86D44F62AFB933000894774 /* ToDoList-VIPERTests */ = {
			isa = PBXNativeTarget;
			buildConfigurationList = D86D450E2AFB933000894774 /* Build configuration list for PBXNativeTarget "ToDoList-VIPERTests" */;
			buildPhases = (
				D86D44F32AFB933000894774 /* Sources */,
				D86D44F42AFB933000894774 /* Frameworks */,
				D86D44F52AFB933000894774 /* Resources */,
			);
			buildRules = (
			);
			dependencies = (
				D86D44F92AFB933000894774 /* PBXTargetDependency */,
			);
			name = "ToDoList-VIPERTests";
			productName = "ToDoList-VIPERTests";
			productReference = D86D44F72AFB933000894774 /* ToDoList-VIPERTests.xctest */;
			productType = "com.apple.product-type.bundle.unit-test";
		};
		D86D45002AFB933000894774 /* ToDoList-VIPERUITests */ = {
			isa = PBXNativeTarget;
			buildConfigurationList = D86D45112AFB933000894774 /* Build configuration list for PBXNativeTarget "ToDoList-VIPERUITests" */;
			buildPhases = (
				D86D44FD2AFB933000894774 /* Sources */,
				D86D44FE2AFB933000894774 /* Frameworks */,
				D86D44FF2AFB933000894774 /* Resources */,
			);
			buildRules = (
			);
			dependencies = (
				D86D45032AFB933000894774 /* PBXTargetDependency */,
			);
			name = "ToDoList-VIPERUITests";
			productName = "ToDoList-VIPERUITests";
			productReference = D86D45012AFB933000894774 /* ToDoList-VIPERUITests.xctest */;
			productType = "com.apple.product-type.bundle.ui-testing";
		};
/* End PBXNativeTarget section */

/* Begin PBXProject section */
		D86D44D62AFB932E00894774 /* Project object */ = {
			isa = PBXProject;
			attributes = {
				BuildIndependentTargetsInParallel = 1;
				LastSwiftUpdateCheck = 1500;
				LastUpgradeCheck = 1500;
				TargetAttributes = {
					D86D44DD2AFB932E00894774 = {
						CreatedOnToolsVersion = 15.0;
					};
					D86D44F62AFB933000894774 = {
						CreatedOnToolsVersion = 15.0;
						TestTargetID = D86D44DD2AFB932E00894774;
					};
					D86D45002AFB933000894774 = {
						CreatedOnToolsVersion = 15.0;
						TestTargetID = D86D44DD2AFB932E00894774;
					};
				};
			};
			buildConfigurationList = D86D44D92AFB932E00894774 /* Build configuration list for PBXProject "ToDoList-VIPER" */;
			compatibilityVersion = "Xcode 14.0";
			developmentRegion = en;
			hasScannedForEncodings = 0;
			knownRegions = (
				en,
				Base,
			);
			mainGroup = D86D44D52AFB932E00894774;
			packageReferences = (
				D86D45142AFB947B00894774 /* XCRemoteSwiftPackageReference "SnapKit" */,
				D8CCF2C72B62725400C1E358 /* XCRemoteSwiftPackageReference "firebase-ios-sdk" */,
			);
			productRefGroup = D86D44DF2AFB932E00894774 /* Products */;
			projectDirPath = "";
			projectRoot = "";
			targets = (
				D86D44DD2AFB932E00894774 /* ToDoList-VIPER */,
				D86D44F62AFB933000894774 /* ToDoList-VIPERTests */,
				D86D45002AFB933000894774 /* ToDoList-VIPERUITests */,
			);
		};
/* End PBXProject section */

/* Begin PBXResourcesBuildPhase section */
		D86D44DC2AFB932E00894774 /* Resources */ = {
			isa = PBXResourcesBuildPhase;
			buildActionMask = 2147483647;
			files = (
				D86D44F12AFB933000894774 /* LaunchScreen.storyboard in Resources */,
				D86D44EE2AFB933000894774 /* Assets.xcassets in Resources */,
				D8CCF2C62B62719500C1E358 /* GoogleService-Info.plist in Resources */,
			);
			runOnlyForDeploymentPostprocessing = 0;
		};
		D86D44F52AFB933000894774 /* Resources */ = {
			isa = PBXResourcesBuildPhase;
			buildActionMask = 2147483647;
			files = (
			);
			runOnlyForDeploymentPostprocessing = 0;
		};
		D86D44FF2AFB933000894774 /* Resources */ = {
			isa = PBXResourcesBuildPhase;
			buildActionMask = 2147483647;
			files = (
			);
			runOnlyForDeploymentPostprocessing = 0;
		};
/* End PBXResourcesBuildPhase section */

/* Begin PBXSourcesBuildPhase section */
		D86D44DA2AFB932E00894774 /* Sources */ = {
			isa = PBXSourcesBuildPhase;
			buildActionMask = 2147483647;
			files = (
				D86D452A2AFB9EBD00894774 /* ToDoListViewController.swift in Sources */,
				D8E9F88B2B03768900A3F3FC /* ExecuteToDoInteractor.swift in Sources */,
				D85C57E72B57CCA600023B04 /* OnboardingPresenter.swift in Sources */,
				D86D44E62AFB932E00894774 /* ViewController.swift in Sources */,
				D8E9F8722B01FAFB00A3F3FC /* ToDoDetailController.swift in Sources */,
				D8900F172B55435A008E0E34 /* NewUserCheck.swift in Sources */,
				D8900F152B5529C7008E0E34 /* AnimationLoadingRouter.swift in Sources */,
				D8F11C622B5669AC00D2282D /* MockViewController.swift in Sources */,
				D8E9F8CC2B1762FE00A3F3FC /* OverdueToDoController.swift in Sources */,
				D85C57EC2B57D0AD00023B04 /* OnboardingInteractor.swift in Sources */,
				D8E9F89D2B04BFAB00A3F3FC /* AddToDoPresenter.swift in Sources */,
				D8E9F89F2B04C06300A3F3FC /* AddToDoController.swift in Sources */,
				D8E9F8B12B0B47FB00A3F3FC /* DateFormatter + EXT.swift in Sources */,
				D86D44E22AFB932E00894774 /* AppDelegate.swift in Sources */,
				D8E9F8C62B175AA500A3F3FC /* OverdueProtocols.swift in Sources */,
				D8E9F8BC2B109DB800A3F3FC /* ToDoStorage.swift in Sources */,
				D8F11C5E2B5660C900D2282D /* AnimationLoadingInteractor.swift in Sources */,
				D86D45242AFB986E00894774 /* ToDoStore.swift in Sources */,
				D8E9F8782B021C3C00A3F3FC /* ToDoDetailRouter.swift in Sources */,
				D85C57EA2B57CD1E00023B04 /* OnboardingProtocols.swift in Sources */,
				D8E9F8BA2B0CC0CB00A3F3FC /* ToDoObject+CoreDataProperties.swift in Sources */,
				D85C583C2B5A771A00023B04 /* OnboardingItems.swift in Sources */,
				D8E9F8A52B04D32B00A3F3FC /* UITextField + EXT.swift in Sources */,
				D8E9F8702B01F84F00A3F3FC /* ToDoDetailsProtocols.swift in Sources */,
				D8E9F89B2B04BF1700A3F3FC /* AddToDoInteractor.swift in Sources */,
				D86D45222AFB982300894774 /* ToDoItem.swift in Sources */,
				D85C57E52B57C71900023B04 /* OnboardingPageController.swift in Sources */,
				D8E9F8B92B0CC0CB00A3F3FC /* ToDoObject+CoreDataClass.swift in Sources */,
				D8E9F8CE2B1767CB00A3F3FC /* OverdueToDoRouter.swift in Sources */,
				D86D44EC2AFB932E00894774 /* ToDoList_VIPER.xcdatamodeld in Sources */,
				D8E9F8A92B04D96600A3F3FC /* AddToDoRouter.swift in Sources */,
				D8E9F8742B02178E00A3F3FC /* ToDoDetailPresenter.swift in Sources */,
				D8E9F8762B021B7800A3F3FC /* ToDoDetailInteractor.swift in Sources */,
				D8E9F87C2B03537A00A3F3FC /* HomeTabBarRouter.swift in Sources */,
				D86D452E2AFCAD3B00894774 /* ToDoListInteractor.swift in Sources */,
				D8900F112B5135F7008E0E34 /* AnimationLoadingController.swift in Sources */,
				D8BF0D432B15ED2E00D1572E /* ToDoListController.swift in Sources */,
				D8E9F88D2B0377AE00A3F3FC /* ExecuteToDoPresenter.swift in Sources */,
				D8E9F8892B0370FE00A3F3FC /* ExecuteProtocols.swift in Sources */,
				D8E9F8BE2B17427F00A3F3FC /* Date + EXT.swift in Sources */,
				D85C58392B5A595400023B04 /* OnboardingController.swift in Sources */,
				D80F38722AFCDF12004A408F /* ToDoCell.swift in Sources */,
				D8E9F8A32B04D23900A3F3FC /* UILabel + EXT.swift in Sources */,
				D86D452C2AFCAAAF00894774 /* ToDoListPresenter.swift in Sources */,
				D8E9F8D02B18A56200A3F3FC /* ToDoObjectSorter.swift in Sources */,
				D8E9F87E2B0353B500A3F3FC /* HomeTabBarRouterProtocol.swift in Sources */,
				D86D45262AFB9ADD00894774 /* ToDoListsProtocols.swift in Sources */,
				D85C57EE2B57D16300023B04 /* OnboardingRouter.swift in Sources */,
				D8E9F8912B037EEE00A3F3FC /* ExecuteToDoRouter.swift in Sources */,
				D85C5DB22B62501400F548AA /* LoginController.swift in Sources */,
				D8E9F8A72B04D58900A3F3FC /* UIButton + EXT.swift in Sources */,
				D8E9F8C82B175D4500A3F3FC /* OverduePresenter.swift in Sources */,
				D8E9F88F2B0378B800A3F3FC /* ExecuteToDoController.swift in Sources */,
				D8E9F8CA2B175E6900A3F3FC /* OverdueInteractor.swift in Sources */,
				D85C5DB02B614E2F00F548AA /* LoginProtocols.swift in Sources */,
				D851385A2AFCC9C4004136D7 /* ToDoListRouter.swift in Sources */,
				D8F11C602B5660DA00D2282D /* AnimationLoadingPresenter.swift in Sources */,
				D8E9F8AF2B0B40FE00A3F3FC /* UIDatePicker + EXT.swift in Sources */,
				D86D44E42AFB932E00894774 /* SceneDelegate.swift in Sources */,
				D8E9F8992B04BD6200A3F3FC /* AddToDoProtocols.swift in Sources */,
			);
			runOnlyForDeploymentPostprocessing = 0;
		};
		D86D44F32AFB933000894774 /* Sources */ = {
			isa = PBXSourcesBuildPhase;
			buildActionMask = 2147483647;
			files = (
				D86D44FC2AFB933000894774 /* ToDoList_VIPERTests.swift in Sources */,
			);
			runOnlyForDeploymentPostprocessing = 0;
		};
		D86D44FD2AFB933000894774 /* Sources */ = {
			isa = PBXSourcesBuildPhase;
			buildActionMask = 2147483647;
			files = (
				D86D45062AFB933000894774 /* ToDoList_VIPERUITests.swift in Sources */,
				D86D45082AFB933000894774 /* ToDoList_VIPERUITestsLaunchTests.swift in Sources */,
			);
			runOnlyForDeploymentPostprocessing = 0;
		};
/* End PBXSourcesBuildPhase section */

/* Begin PBXTargetDependency section */
		D86D44F92AFB933000894774 /* PBXTargetDependency */ = {
			isa = PBXTargetDependency;
			target = D86D44DD2AFB932E00894774 /* ToDoList-VIPER */;
			targetProxy = D86D44F82AFB933000894774 /* PBXContainerItemProxy */;
		};
		D86D45032AFB933000894774 /* PBXTargetDependency */ = {
			isa = PBXTargetDependency;
			target = D86D44DD2AFB932E00894774 /* ToDoList-VIPER */;
			targetProxy = D86D45022AFB933000894774 /* PBXContainerItemProxy */;
		};
/* End PBXTargetDependency section */

/* Begin PBXVariantGroup section */
		D86D44EF2AFB933000894774 /* LaunchScreen.storyboard */ = {
			isa = PBXVariantGroup;
			children = (
				D86D44F02AFB933000894774 /* Base */,
			);
			name = LaunchScreen.storyboard;
			sourceTree = "<group>";
		};
/* End PBXVariantGroup section */

/* Begin XCBuildConfiguration section */
		D86D45092AFB933000894774 /* Debug */ = {
			isa = XCBuildConfiguration;
			buildSettings = {
				ALWAYS_SEARCH_USER_PATHS = NO;
				ASSETCATALOG_COMPILER_GENERATE_SWIFT_ASSET_SYMBOL_EXTENSIONS = YES;
				CLANG_ANALYZER_NONNULL = YES;
				CLANG_ANALYZER_NUMBER_OBJECT_CONVERSION = YES_AGGRESSIVE;
				CLANG_CXX_LANGUAGE_STANDARD = "gnu++20";
				CLANG_ENABLE_MODULES = YES;
				CLANG_ENABLE_OBJC_ARC = YES;
				CLANG_ENABLE_OBJC_WEAK = YES;
				CLANG_WARN_BLOCK_CAPTURE_AUTORELEASING = YES;
				CLANG_WARN_BOOL_CONVERSION = YES;
				CLANG_WARN_COMMA = YES;
				CLANG_WARN_CONSTANT_CONVERSION = YES;
				CLANG_WARN_DEPRECATED_OBJC_IMPLEMENTATIONS = YES;
				CLANG_WARN_DIRECT_OBJC_ISA_USAGE = YES_ERROR;
				CLANG_WARN_DOCUMENTATION_COMMENTS = YES;
				CLANG_WARN_EMPTY_BODY = YES;
				CLANG_WARN_ENUM_CONVERSION = YES;
				CLANG_WARN_INFINITE_RECURSION = YES;
				CLANG_WARN_INT_CONVERSION = YES;
				CLANG_WARN_NON_LITERAL_NULL_CONVERSION = YES;
				CLANG_WARN_OBJC_IMPLICIT_RETAIN_SELF = YES;
				CLANG_WARN_OBJC_LITERAL_CONVERSION = YES;
				CLANG_WARN_OBJC_ROOT_CLASS = YES_ERROR;
				CLANG_WARN_QUOTED_INCLUDE_IN_FRAMEWORK_HEADER = YES;
				CLANG_WARN_RANGE_LOOP_ANALYSIS = YES;
				CLANG_WARN_STRICT_PROTOTYPES = YES;
				CLANG_WARN_SUSPICIOUS_MOVE = YES;
				CLANG_WARN_UNGUARDED_AVAILABILITY = YES_AGGRESSIVE;
				CLANG_WARN_UNREACHABLE_CODE = YES;
				CLANG_WARN__DUPLICATE_METHOD_MATCH = YES;
				COPY_PHASE_STRIP = NO;
				DEBUG_INFORMATION_FORMAT = dwarf;
				ENABLE_STRICT_OBJC_MSGSEND = YES;
				ENABLE_TESTABILITY = YES;
				ENABLE_USER_SCRIPT_SANDBOXING = YES;
				GCC_C_LANGUAGE_STANDARD = gnu17;
				GCC_DYNAMIC_NO_PIC = NO;
				GCC_NO_COMMON_BLOCKS = YES;
				GCC_OPTIMIZATION_LEVEL = 0;
				GCC_PREPROCESSOR_DEFINITIONS = (
					"DEBUG=1",
					"$(inherited)",
				);
				GCC_WARN_64_TO_32_BIT_CONVERSION = YES;
				GCC_WARN_ABOUT_RETURN_TYPE = YES_ERROR;
				GCC_WARN_UNDECLARED_SELECTOR = YES;
				GCC_WARN_UNINITIALIZED_AUTOS = YES_AGGRESSIVE;
				GCC_WARN_UNUSED_FUNCTION = YES;
				GCC_WARN_UNUSED_VARIABLE = YES;
				IPHONEOS_DEPLOYMENT_TARGET = 17.0;
				LOCALIZATION_PREFERS_STRING_CATALOGS = YES;
				MTL_ENABLE_DEBUG_INFO = INCLUDE_SOURCE;
				MTL_FAST_MATH = YES;
				ONLY_ACTIVE_ARCH = YES;
				SDKROOT = iphoneos;
				SWIFT_ACTIVE_COMPILATION_CONDITIONS = "DEBUG $(inherited)";
				SWIFT_OPTIMIZATION_LEVEL = "-Onone";
			};
			name = Debug;
		};
		D86D450A2AFB933000894774 /* Release */ = {
			isa = XCBuildConfiguration;
			buildSettings = {
				ALWAYS_SEARCH_USER_PATHS = NO;
				ASSETCATALOG_COMPILER_GENERATE_SWIFT_ASSET_SYMBOL_EXTENSIONS = YES;
				CLANG_ANALYZER_NONNULL = YES;
				CLANG_ANALYZER_NUMBER_OBJECT_CONVERSION = YES_AGGRESSIVE;
				CLANG_CXX_LANGUAGE_STANDARD = "gnu++20";
				CLANG_ENABLE_MODULES = YES;
				CLANG_ENABLE_OBJC_ARC = YES;
				CLANG_ENABLE_OBJC_WEAK = YES;
				CLANG_WARN_BLOCK_CAPTURE_AUTORELEASING = YES;
				CLANG_WARN_BOOL_CONVERSION = YES;
				CLANG_WARN_COMMA = YES;
				CLANG_WARN_CONSTANT_CONVERSION = YES;
				CLANG_WARN_DEPRECATED_OBJC_IMPLEMENTATIONS = YES;
				CLANG_WARN_DIRECT_OBJC_ISA_USAGE = YES_ERROR;
				CLANG_WARN_DOCUMENTATION_COMMENTS = YES;
				CLANG_WARN_EMPTY_BODY = YES;
				CLANG_WARN_ENUM_CONVERSION = YES;
				CLANG_WARN_INFINITE_RECURSION = YES;
				CLANG_WARN_INT_CONVERSION = YES;
				CLANG_WARN_NON_LITERAL_NULL_CONVERSION = YES;
				CLANG_WARN_OBJC_IMPLICIT_RETAIN_SELF = YES;
				CLANG_WARN_OBJC_LITERAL_CONVERSION = YES;
				CLANG_WARN_OBJC_ROOT_CLASS = YES_ERROR;
				CLANG_WARN_QUOTED_INCLUDE_IN_FRAMEWORK_HEADER = YES;
				CLANG_WARN_RANGE_LOOP_ANALYSIS = YES;
				CLANG_WARN_STRICT_PROTOTYPES = YES;
				CLANG_WARN_SUSPICIOUS_MOVE = YES;
				CLANG_WARN_UNGUARDED_AVAILABILITY = YES_AGGRESSIVE;
				CLANG_WARN_UNREACHABLE_CODE = YES;
				CLANG_WARN__DUPLICATE_METHOD_MATCH = YES;
				COPY_PHASE_STRIP = NO;
				DEBUG_INFORMATION_FORMAT = "dwarf-with-dsym";
				ENABLE_NS_ASSERTIONS = NO;
				ENABLE_STRICT_OBJC_MSGSEND = YES;
				ENABLE_USER_SCRIPT_SANDBOXING = YES;
				GCC_C_LANGUAGE_STANDARD = gnu17;
				GCC_NO_COMMON_BLOCKS = YES;
				GCC_WARN_64_TO_32_BIT_CONVERSION = YES;
				GCC_WARN_ABOUT_RETURN_TYPE = YES_ERROR;
				GCC_WARN_UNDECLARED_SELECTOR = YES;
				GCC_WARN_UNINITIALIZED_AUTOS = YES_AGGRESSIVE;
				GCC_WARN_UNUSED_FUNCTION = YES;
				GCC_WARN_UNUSED_VARIABLE = YES;
				IPHONEOS_DEPLOYMENT_TARGET = 17.0;
				LOCALIZATION_PREFERS_STRING_CATALOGS = YES;
				MTL_ENABLE_DEBUG_INFO = NO;
				MTL_FAST_MATH = YES;
				SDKROOT = iphoneos;
				SWIFT_COMPILATION_MODE = wholemodule;
				VALIDATE_PRODUCT = YES;
			};
			name = Release;
		};
		D86D450C2AFB933000894774 /* Debug */ = {
			isa = XCBuildConfiguration;
			buildSettings = {
				ASSETCATALOG_COMPILER_APPICON_NAME = AppIcon;
				ASSETCATALOG_COMPILER_GLOBAL_ACCENT_COLOR_NAME = AccentColor;
				CODE_SIGN_STYLE = Automatic;
				CURRENT_PROJECT_VERSION = 1;
				DEVELOPMENT_TEAM = 9KN879RV4D;
				GENERATE_INFOPLIST_FILE = YES;
				INFOPLIST_FILE = "ToDoList-VIPER/Resources/Info.plist";
				INFOPLIST_KEY_UIApplicationSupportsIndirectInputEvents = YES;
				INFOPLIST_KEY_UILaunchStoryboardName = LaunchScreen;
				INFOPLIST_KEY_UISupportedInterfaceOrientations_iPad = "UIInterfaceOrientationPortrait UIInterfaceOrientationPortraitUpsideDown UIInterfaceOrientationLandscapeLeft UIInterfaceOrientationLandscapeRight";
				INFOPLIST_KEY_UISupportedInterfaceOrientations_iPhone = "UIInterfaceOrientationPortrait UIInterfaceOrientationLandscapeLeft UIInterfaceOrientationLandscapeRight";
				LD_RUNPATH_SEARCH_PATHS = (
					"$(inherited)",
					"@executable_path/Frameworks",
				);
				MARKETING_VERSION = 1.0;
				PRODUCT_BUNDLE_IDENTIFIER = "-.ToDoList-VIPER";
				PRODUCT_NAME = "$(TARGET_NAME)";
				SWIFT_EMIT_LOC_STRINGS = YES;
				SWIFT_VERSION = 5.0;
				TARGETED_DEVICE_FAMILY = "1,2";
			};
			name = Debug;
		};
		D86D450D2AFB933000894774 /* Release */ = {
			isa = XCBuildConfiguration;
			buildSettings = {
				ASSETCATALOG_COMPILER_APPICON_NAME = AppIcon;
				ASSETCATALOG_COMPILER_GLOBAL_ACCENT_COLOR_NAME = AccentColor;
				CODE_SIGN_STYLE = Automatic;
				CURRENT_PROJECT_VERSION = 1;
				DEVELOPMENT_TEAM = 9KN879RV4D;
				GENERATE_INFOPLIST_FILE = YES;
				INFOPLIST_FILE = "ToDoList-VIPER/Resources/Info.plist";
				INFOPLIST_KEY_UIApplicationSupportsIndirectInputEvents = YES;
				INFOPLIST_KEY_UILaunchStoryboardName = LaunchScreen;
				INFOPLIST_KEY_UISupportedInterfaceOrientations_iPad = "UIInterfaceOrientationPortrait UIInterfaceOrientationPortraitUpsideDown UIInterfaceOrientationLandscapeLeft UIInterfaceOrientationLandscapeRight";
				INFOPLIST_KEY_UISupportedInterfaceOrientations_iPhone = "UIInterfaceOrientationPortrait UIInterfaceOrientationLandscapeLeft UIInterfaceOrientationLandscapeRight";
				LD_RUNPATH_SEARCH_PATHS = (
					"$(inherited)",
					"@executable_path/Frameworks",
				);
				MARKETING_VERSION = 1.0;
				PRODUCT_BUNDLE_IDENTIFIER = "-.ToDoList-VIPER";
				PRODUCT_NAME = "$(TARGET_NAME)";
				SWIFT_EMIT_LOC_STRINGS = YES;
				SWIFT_VERSION = 5.0;
				TARGETED_DEVICE_FAMILY = "1,2";
			};
			name = Release;
		};
		D86D450F2AFB933000894774 /* Debug */ = {
			isa = XCBuildConfiguration;
			buildSettings = {
				ALWAYS_EMBED_SWIFT_STANDARD_LIBRARIES = YES;
				BUNDLE_LOADER = "$(TEST_HOST)";
				CODE_SIGN_STYLE = Automatic;
				CURRENT_PROJECT_VERSION = 1;
				DEVELOPMENT_TEAM = 9KN879RV4D;
				GENERATE_INFOPLIST_FILE = YES;
				IPHONEOS_DEPLOYMENT_TARGET = 17.0;
				MARKETING_VERSION = 1.0;
				PRODUCT_BUNDLE_IDENTIFIER = "-.ToDoList-VIPERTests";
				PRODUCT_NAME = "$(TARGET_NAME)";
				SWIFT_EMIT_LOC_STRINGS = NO;
				SWIFT_VERSION = 5.0;
				TARGETED_DEVICE_FAMILY = "1,2";
				TEST_HOST = "$(BUILT_PRODUCTS_DIR)/ToDoList-VIPER.app/$(BUNDLE_EXECUTABLE_FOLDER_PATH)/ToDoList-VIPER";
			};
			name = Debug;
		};
		D86D45102AFB933000894774 /* Release */ = {
			isa = XCBuildConfiguration;
			buildSettings = {
				ALWAYS_EMBED_SWIFT_STANDARD_LIBRARIES = YES;
				BUNDLE_LOADER = "$(TEST_HOST)";
				CODE_SIGN_STYLE = Automatic;
				CURRENT_PROJECT_VERSION = 1;
				DEVELOPMENT_TEAM = 9KN879RV4D;
				GENERATE_INFOPLIST_FILE = YES;
				IPHONEOS_DEPLOYMENT_TARGET = 17.0;
				MARKETING_VERSION = 1.0;
				PRODUCT_BUNDLE_IDENTIFIER = "-.ToDoList-VIPERTests";
				PRODUCT_NAME = "$(TARGET_NAME)";
				SWIFT_EMIT_LOC_STRINGS = NO;
				SWIFT_VERSION = 5.0;
				TARGETED_DEVICE_FAMILY = "1,2";
				TEST_HOST = "$(BUILT_PRODUCTS_DIR)/ToDoList-VIPER.app/$(BUNDLE_EXECUTABLE_FOLDER_PATH)/ToDoList-VIPER";
			};
			name = Release;
		};
		D86D45122AFB933000894774 /* Debug */ = {
			isa = XCBuildConfiguration;
			buildSettings = {
				ALWAYS_EMBED_SWIFT_STANDARD_LIBRARIES = YES;
				CODE_SIGN_STYLE = Automatic;
				CURRENT_PROJECT_VERSION = 1;
				DEVELOPMENT_TEAM = 9KN879RV4D;
				GENERATE_INFOPLIST_FILE = YES;
				MARKETING_VERSION = 1.0;
				PRODUCT_BUNDLE_IDENTIFIER = "-.ToDoList-VIPERUITests";
				PRODUCT_NAME = "$(TARGET_NAME)";
				SWIFT_EMIT_LOC_STRINGS = NO;
				SWIFT_VERSION = 5.0;
				TARGETED_DEVICE_FAMILY = "1,2";
				TEST_TARGET_NAME = "ToDoList-VIPER";
			};
			name = Debug;
		};
		D86D45132AFB933000894774 /* Release */ = {
			isa = XCBuildConfiguration;
			buildSettings = {
				ALWAYS_EMBED_SWIFT_STANDARD_LIBRARIES = YES;
				CODE_SIGN_STYLE = Automatic;
				CURRENT_PROJECT_VERSION = 1;
				DEVELOPMENT_TEAM = 9KN879RV4D;
				GENERATE_INFOPLIST_FILE = YES;
				MARKETING_VERSION = 1.0;
				PRODUCT_BUNDLE_IDENTIFIER = "-.ToDoList-VIPERUITests";
				PRODUCT_NAME = "$(TARGET_NAME)";
				SWIFT_EMIT_LOC_STRINGS = NO;
				SWIFT_VERSION = 5.0;
				TARGETED_DEVICE_FAMILY = "1,2";
				TEST_TARGET_NAME = "ToDoList-VIPER";
			};
			name = Release;
		};
/* End XCBuildConfiguration section */

/* Begin XCConfigurationList section */
		D86D44D92AFB932E00894774 /* Build configuration list for PBXProject "ToDoList-VIPER" */ = {
			isa = XCConfigurationList;
			buildConfigurations = (
				D86D45092AFB933000894774 /* Debug */,
				D86D450A2AFB933000894774 /* Release */,
			);
			defaultConfigurationIsVisible = 0;
			defaultConfigurationName = Release;
		};
		D86D450B2AFB933000894774 /* Build configuration list for PBXNativeTarget "ToDoList-VIPER" */ = {
			isa = XCConfigurationList;
			buildConfigurations = (
				D86D450C2AFB933000894774 /* Debug */,
				D86D450D2AFB933000894774 /* Release */,
			);
			defaultConfigurationIsVisible = 0;
			defaultConfigurationName = Release;
		};
		D86D450E2AFB933000894774 /* Build configuration list for PBXNativeTarget "ToDoList-VIPERTests" */ = {
			isa = XCConfigurationList;
			buildConfigurations = (
				D86D450F2AFB933000894774 /* Debug */,
				D86D45102AFB933000894774 /* Release */,
			);
			defaultConfigurationIsVisible = 0;
			defaultConfigurationName = Release;
		};
		D86D45112AFB933000894774 /* Build configuration list for PBXNativeTarget "ToDoList-VIPERUITests" */ = {
			isa = XCConfigurationList;
			buildConfigurations = (
				D86D45122AFB933000894774 /* Debug */,
				D86D45132AFB933000894774 /* Release */,
			);
			defaultConfigurationIsVisible = 0;
			defaultConfigurationName = Release;
		};
/* End XCConfigurationList section */

/* Begin XCRemoteSwiftPackageReference section */
		D86D45142AFB947B00894774 /* XCRemoteSwiftPackageReference "SnapKit" */ = {
			isa = XCRemoteSwiftPackageReference;
			repositoryURL = "https://github.com/SnapKit/SnapKit.git";
			requirement = {
				kind = upToNextMajorVersion;
				minimumVersion = 5.6.0;
			};
		};
		D8CCF2C72B62725400C1E358 /* XCRemoteSwiftPackageReference "firebase-ios-sdk" */ = {
			isa = XCRemoteSwiftPackageReference;
			repositoryURL = "https://github.com/firebase/firebase-ios-sdk";
			requirement = {
				kind = upToNextMajorVersion;
				minimumVersion = 10.20.0;
			};
		};
/* End XCRemoteSwiftPackageReference section */

/* Begin XCSwiftPackageProductDependency section */
		D86D45152AFB947B00894774 /* SnapKit */ = {
			isa = XCSwiftPackageProductDependency;
			package = D86D45142AFB947B00894774 /* XCRemoteSwiftPackageReference "SnapKit" */;
			productName = SnapKit;
		};
		D8CCF2C82B62725400C1E358 /* FirebaseAnalytics */ = {
			isa = XCSwiftPackageProductDependency;
			package = D8CCF2C72B62725400C1E358 /* XCRemoteSwiftPackageReference "firebase-ios-sdk" */;
			productName = FirebaseAnalytics;
		};
		D8CCF2CA2B62725400C1E358 /* FirebaseAnalyticsWithoutAdIdSupport */ = {
			isa = XCSwiftPackageProductDependency;
			package = D8CCF2C72B62725400C1E358 /* XCRemoteSwiftPackageReference "firebase-ios-sdk" */;
			productName = FirebaseAnalyticsWithoutAdIdSupport;
		};
		D8CCF2CC2B62725400C1E358 /* FirebaseAuth */ = {
			isa = XCSwiftPackageProductDependency;
			package = D8CCF2C72B62725400C1E358 /* XCRemoteSwiftPackageReference "firebase-ios-sdk" */;
			productName = FirebaseAuth;
		};
		D8CCF2CE2B62725400C1E358 /* FirebaseDatabase */ = {
			isa = XCSwiftPackageProductDependency;
			package = D8CCF2C72B62725400C1E358 /* XCRemoteSwiftPackageReference "firebase-ios-sdk" */;
			productName = FirebaseDatabase;
		};
		D8CCF2D02B62725400C1E358 /* FirebaseDatabaseSwift */ = {
			isa = XCSwiftPackageProductDependency;
			package = D8CCF2C72B62725400C1E358 /* XCRemoteSwiftPackageReference "firebase-ios-sdk" */;
			productName = FirebaseDatabaseSwift;
		};
		D8CCF2D22B62725400C1E358 /* FirebaseFirestore */ = {
			isa = XCSwiftPackageProductDependency;
			package = D8CCF2C72B62725400C1E358 /* XCRemoteSwiftPackageReference "firebase-ios-sdk" */;
			productName = FirebaseFirestore;
		};
		D8CCF2D42B62725400C1E358 /* FirebaseFirestoreSwift */ = {
			isa = XCSwiftPackageProductDependency;
			package = D8CCF2C72B62725400C1E358 /* XCRemoteSwiftPackageReference "firebase-ios-sdk" */;
			productName = FirebaseFirestoreSwift;
		};
		D8CCF2D62B62725400C1E358 /* FirebaseInstallations */ = {
			isa = XCSwiftPackageProductDependency;
			package = D8CCF2C72B62725400C1E358 /* XCRemoteSwiftPackageReference "firebase-ios-sdk" */;
			productName = FirebaseInstallations;
		};
		D8CCF2D82B62725400C1E358 /* FirebaseStorage */ = {
			isa = XCSwiftPackageProductDependency;
			package = D8CCF2C72B62725400C1E358 /* XCRemoteSwiftPackageReference "firebase-ios-sdk" */;
			productName = FirebaseStorage;
		};
/* End XCSwiftPackageProductDependency section */

/* Begin XCVersionGroup section */
		D86D44EA2AFB932E00894774 /* ToDoList_VIPER.xcdatamodeld */ = {
			isa = XCVersionGroup;
			children = (
				D86D44EB2AFB932E00894774 /* ToDoList_VIPER.xcdatamodel */,
			);
			currentVersion = D86D44EB2AFB932E00894774 /* ToDoList_VIPER.xcdatamodel */;
			path = ToDoList_VIPER.xcdatamodeld;
			sourceTree = "<group>";
			versionGroupType = wrapper.xcdatamodel;
		};
/* End XCVersionGroup section */
	};
	rootObject = D86D44D62AFB932E00894774 /* Project object */;
}
