// !$*UTF8*$!
{
	archiveVersion = 1;
	classes = {
	};
	objectVersion = 56;
	objects = {

/* Begin PBXBuildFile section */
		D82B8B6E2B6B8CCB00A006F2 /* AppConfigurator.swift in Sources */ = {isa = PBXBuildFile; fileRef = D82B8B6D2B6B8CCB00A006F2 /* AppConfigurator.swift */; };
		D846B8622C14606A00AA8775 /* AuthKeychainManager.swift in Sources */ = {isa = PBXBuildFile; fileRef = D846B8612C14606A00AA8775 /* AuthKeychainManager.swift */; };
		D846B8652C14609C00AA8775 /* Security.framework in Frameworks */ = {isa = PBXBuildFile; fileRef = D846B8642C14609C00AA8775 /* Security.framework */; };
		D846B8692C18518F00AA8775 /* FirebaseStorageManager.swift in Sources */ = {isa = PBXBuildFile; fileRef = D846B8682C18518F00AA8775 /* FirebaseStorageManager.swift */; };
		D8473BE32BB2C5DF0063F87A /* CalendarCollectionCell.swift in Sources */ = {isa = PBXBuildFile; fileRef = D8473BE22BB2C5DF0063F87A /* CalendarCollectionCell.swift */; };
		D8473BE52BB415BB0063F87A /* HorizontalCalendarView.swift in Sources */ = {isa = PBXBuildFile; fileRef = D8473BE42BB415BB0063F87A /* HorizontalCalendarView.swift */; };
		D8473BE72BB57CEC0063F87A /* CalendarCollection.swift in Sources */ = {isa = PBXBuildFile; fileRef = D8473BE62BB57CEC0063F87A /* CalendarCollection.swift */; };
		D8473BE92BB581A00063F87A /* DateItem.swift in Sources */ = {isa = PBXBuildFile; fileRef = D8473BE82BB581A00063F87A /* DateItem.swift */; };
		D8473BEB2BB5A6250063F87A /* CalendarModel.swift in Sources */ = {isa = PBXBuildFile; fileRef = D8473BEA2BB5A6250063F87A /* CalendarModel.swift */; };
		D8473BED2BB6BE860063F87A /* UIStackView + EXT.swift in Sources */ = {isa = PBXBuildFile; fileRef = D8473BEC2BB6BE860063F87A /* UIStackView + EXT.swift */; };
		D8473BF12BB7E73C0063F87A /* ToDosRouter.swift in Sources */ = {isa = PBXBuildFile; fileRef = D8473BF02BB7E73C0063F87A /* ToDosRouter.swift */; };
		D84CADF92BF25E1F009C666D /* NoTaskLabel.swift in Sources */ = {isa = PBXBuildFile; fileRef = D84CADF82BF25E1F009C666D /* NoTaskLabel.swift */; };
		D85C57E52B57C71900023B04 /* OnboardingPage.swift in Sources */ = {isa = PBXBuildFile; fileRef = D85C57E42B57C71900023B04 /* OnboardingPage.swift */; };
		D85C57E72B57CCA600023B04 /* OnboardingPresenter.swift in Sources */ = {isa = PBXBuildFile; fileRef = D85C57E62B57CCA600023B04 /* OnboardingPresenter.swift */; };
		D85C57EA2B57CD1E00023B04 /* OnboardingProtocols.swift in Sources */ = {isa = PBXBuildFile; fileRef = D85C57E92B57CD1E00023B04 /* OnboardingProtocols.swift */; };
		D85C57EC2B57D0AD00023B04 /* OnboardingInteractor.swift in Sources */ = {isa = PBXBuildFile; fileRef = D85C57EB2B57D0AD00023B04 /* OnboardingInteractor.swift */; };
		D85C57EE2B57D16300023B04 /* OnboardingRouter.swift in Sources */ = {isa = PBXBuildFile; fileRef = D85C57ED2B57D16300023B04 /* OnboardingRouter.swift */; };
		D85C58392B5A595400023B04 /* OnboardingPagesController.swift in Sources */ = {isa = PBXBuildFile; fileRef = D85C58382B5A595400023B04 /* OnboardingPagesController.swift */; };
		D85C583C2B5A771A00023B04 /* OnboardingItems.swift in Sources */ = {isa = PBXBuildFile; fileRef = D85C583B2B5A771A00023B04 /* OnboardingItems.swift */; };
		D85C5DB02B614E2F00F548AA /* LoginProtocols.swift in Sources */ = {isa = PBXBuildFile; fileRef = D85C5DAF2B614E2F00F548AA /* LoginProtocols.swift */; };
		D864B5F62BAC0B7100650E8A /* MainScreenView.swift in Sources */ = {isa = PBXBuildFile; fileRef = D864B5F52BAC0B7100650E8A /* MainScreenView.swift */; };
		D86D44E22AFB932E00894774 /* AppDelegate.swift in Sources */ = {isa = PBXBuildFile; fileRef = D86D44E12AFB932E00894774 /* AppDelegate.swift */; };
		D86D44E42AFB932E00894774 /* SceneDelegate.swift in Sources */ = {isa = PBXBuildFile; fileRef = D86D44E32AFB932E00894774 /* SceneDelegate.swift */; };
		D86D44EC2AFB932E00894774 /* ToDoList_VIPER.xcdatamodeld in Sources */ = {isa = PBXBuildFile; fileRef = D86D44EA2AFB932E00894774 /* ToDoList_VIPER.xcdatamodeld */; };
		D86D44EE2AFB933000894774 /* Assets.xcassets in Resources */ = {isa = PBXBuildFile; fileRef = D86D44ED2AFB933000894774 /* Assets.xcassets */; };
		D86D44F12AFB933000894774 /* LaunchScreen.storyboard in Resources */ = {isa = PBXBuildFile; fileRef = D86D44EF2AFB933000894774 /* LaunchScreen.storyboard */; };
		D86D44FC2AFB933000894774 /* ToDoList_VIPERTests.swift in Sources */ = {isa = PBXBuildFile; fileRef = D86D44FB2AFB933000894774 /* ToDoList_VIPERTests.swift */; };
		D86D45062AFB933000894774 /* ToDoList_VIPERUITests.swift in Sources */ = {isa = PBXBuildFile; fileRef = D86D45052AFB933000894774 /* ToDoList_VIPERUITests.swift */; };
		D86D45082AFB933000894774 /* ToDoList_VIPERUITestsLaunchTests.swift in Sources */ = {isa = PBXBuildFile; fileRef = D86D45072AFB933000894774 /* ToDoList_VIPERUITestsLaunchTests.swift */; };
		D86D45162AFB947B00894774 /* SnapKit in Frameworks */ = {isa = PBXBuildFile; productRef = D86D45152AFB947B00894774 /* SnapKit */; };
		D87087D42BEA35BB00EEDDD7 /* NotificationNames.swift in Sources */ = {isa = PBXBuildFile; fileRef = D87087D32BEA35BB00EEDDD7 /* NotificationNames.swift */; };
		D87474552B97176C00BF4866 /* CircleBaseButton.swift in Sources */ = {isa = PBXBuildFile; fileRef = D87474542B97176C00BF4866 /* CircleBaseButton.swift */; };
		D87474592B99A28200BF4866 /* credentials.plist in Resources */ = {isa = PBXBuildFile; fileRef = D87474582B99A28200BF4866 /* credentials.plist */; };
		D874745B2B99A2CE00BF4866 /* GoogleService-Info.plist in Resources */ = {isa = PBXBuildFile; fileRef = D874745A2B99A2CE00BF4866 /* GoogleService-Info.plist */; };
		D874745D2B99A95600BF4866 /* RegistrationController.swift in Sources */ = {isa = PBXBuildFile; fileRef = D874745C2B99A95600BF4866 /* RegistrationController.swift */; };
		D8900F112B5135F7008E0E34 /* AnimationLoadingController.swift in Sources */ = {isa = PBXBuildFile; fileRef = D8900F102B5135F7008E0E34 /* AnimationLoadingController.swift */; };
		D8900F152B5529C7008E0E34 /* AnimationLoadingRouter.swift in Sources */ = {isa = PBXBuildFile; fileRef = D8900F142B5529C7008E0E34 /* AnimationLoadingRouter.swift */; };
		D8900F172B55435A008E0E34 /* NewUserCheck.swift in Sources */ = {isa = PBXBuildFile; fileRef = D8900F162B55435A008E0E34 /* NewUserCheck.swift */; };
		D8A54EBE2BB6D2E000D9B15F /* ToDosModuleProtocols.swift in Sources */ = {isa = PBXBuildFile; fileRef = D8A54EBD2BB6D2E000D9B15F /* ToDosModuleProtocols.swift */; };
		D8A54EC02BB6D61000D9B15F /* ToDosPresenter.swift in Sources */ = {isa = PBXBuildFile; fileRef = D8A54EBF2BB6D61000D9B15F /* ToDosPresenter.swift */; };
		D8A54EC22BB6D8E800D9B15F /* ToDosInteractor.swift in Sources */ = {isa = PBXBuildFile; fileRef = D8A54EC12BB6D8E800D9B15F /* ToDosInteractor.swift */; };
		D8AB92232BBBF8A200826A4E /* ToDosDetailController.swift in Sources */ = {isa = PBXBuildFile; fileRef = D8AB92222BBBF8A200826A4E /* ToDosDetailController.swift */; };
		D8AB92252BBC063400826A4E /* SingleToDoController.swift in Sources */ = {isa = PBXBuildFile; fileRef = D8AB92242BBC063400826A4E /* SingleToDoController.swift */; };
		D8AB92272BBD46AD00826A4E /* UINavigationController + EXT.swift in Sources */ = {isa = PBXBuildFile; fileRef = D8AB92262BBD46AD00826A4E /* UINavigationController + EXT.swift */; };
		D8AB92292BBD593700826A4E /* ToDosDetailProtocols.swift in Sources */ = {isa = PBXBuildFile; fileRef = D8AB92282BBD593700826A4E /* ToDosDetailProtocols.swift */; };
		D8AB922B2BBD5C6800826A4E /* ToDosDetailPresenter.swift in Sources */ = {isa = PBXBuildFile; fileRef = D8AB922A2BBD5C6800826A4E /* ToDosDetailPresenter.swift */; };
		D8AB922D2BBD5D9700826A4E /* ToDosDetailInteractor.swift in Sources */ = {isa = PBXBuildFile; fileRef = D8AB922C2BBD5D9700826A4E /* ToDosDetailInteractor.swift */; };
		D8AB922F2BBD601C00826A4E /* ToDosDetailRouter.swift in Sources */ = {isa = PBXBuildFile; fileRef = D8AB922E2BBD601C00826A4E /* ToDosDetailRouter.swift */; };
		D8B1E9B62BA2F46C00D455AF /* MainScreenController.swift in Sources */ = {isa = PBXBuildFile; fileRef = D8B1E9B52BA2F46C00D455AF /* MainScreenController.swift */; };
		D8B1E9B92BA3026300D455AF /* MainToDoCell.swift in Sources */ = {isa = PBXBuildFile; fileRef = D8B1E9B82BA3026300D455AF /* MainToDoCell.swift */; };
		D8B1E9BD2BA4178B00D455AF /* MainScreenProtocols.swift in Sources */ = {isa = PBXBuildFile; fileRef = D8B1E9BC2BA4178B00D455AF /* MainScreenProtocols.swift */; };
		D8B1E9BF2BA4212A00D455AF /* MainScreenPresenter.swift in Sources */ = {isa = PBXBuildFile; fileRef = D8B1E9BE2BA4212A00D455AF /* MainScreenPresenter.swift */; };
		D8B1E9C12BA4217F00D455AF /* MainScreenInteractor.swift in Sources */ = {isa = PBXBuildFile; fileRef = D8B1E9C02BA4217F00D455AF /* MainScreenInteractor.swift */; };
		D8B1E9C32BA421A600D455AF /* MainScreenRouter.swift in Sources */ = {isa = PBXBuildFile; fileRef = D8B1E9C22BA421A600D455AF /* MainScreenRouter.swift */; };
		D8B1E9CB2BA465A300D455AF /* AddNewToDoController.swift in Sources */ = {isa = PBXBuildFile; fileRef = D8B1E9CA2BA465A300D455AF /* AddNewToDoController.swift */; };
		D8B1E9CD2BA469AF00D455AF /* HomeTabBarPresenter.swift in Sources */ = {isa = PBXBuildFile; fileRef = D8B1E9CC2BA469AE00D455AF /* HomeTabBarPresenter.swift */; };
		D8B1E9D02BA46A0E00D455AF /* HomeTabBarProtocols.swift in Sources */ = {isa = PBXBuildFile; fileRef = D8B1E9CF2BA46A0E00D455AF /* HomeTabBarProtocols.swift */; };
		D8B1E9D92BA8376100D455AF /* AddNewToDosProtocols.swift in Sources */ = {isa = PBXBuildFile; fileRef = D8B1E9D82BA8376100D455AF /* AddNewToDosProtocols.swift */; };
		D8B1E9DB2BA8479E00D455AF /* AddNewToDoPresenter.swift in Sources */ = {isa = PBXBuildFile; fileRef = D8B1E9DA2BA8479E00D455AF /* AddNewToDoPresenter.swift */; };
		D8B1E9DD2BA8486600D455AF /* AddNewToDoInteractor.swift in Sources */ = {isa = PBXBuildFile; fileRef = D8B1E9DC2BA8486600D455AF /* AddNewToDoInteractor.swift */; };
		D8B1E9DF2BA84CB100D455AF /* AddNewToDoRouter.swift in Sources */ = {isa = PBXBuildFile; fileRef = D8B1E9DE2BA84CB100D455AF /* AddNewToDoRouter.swift */; };
		D8B1E9E12BAB10BA00D455AF /* CathegoryCell.swift in Sources */ = {isa = PBXBuildFile; fileRef = D8B1E9E02BAB10BA00D455AF /* CathegoryCell.swift */; };
		D8B85D6A2BE3891B0015F2B2 /* TaskCategoryManager.swift in Sources */ = {isa = PBXBuildFile; fileRef = D8B85D692BE3891B0015F2B2 /* TaskCategoryManager.swift */; };
		D8B85D6C2BE398740015F2B2 /* MainScreenCollectionView.swift in Sources */ = {isa = PBXBuildFile; fileRef = D8B85D6B2BE398740015F2B2 /* MainScreenCollectionView.swift */; };
		D8BDEAB82BDA16A000C3BE55 /* CustomAlertController.swift in Sources */ = {isa = PBXBuildFile; fileRef = D8BDEAB72BDA16A000C3BE55 /* CustomAlertController.swift */; };
		D8BDEABA2BDA178200C3BE55 /* CustomAlertView.swift in Sources */ = {isa = PBXBuildFile; fileRef = D8BDEAB92BDA178200C3BE55 /* CustomAlertView.swift */; };
		D8BDEABC2BDC9C8E00C3BE55 /* CategoryTableView.swift in Sources */ = {isa = PBXBuildFile; fileRef = D8BDEABB2BDC9C8E00C3BE55 /* CategoryTableView.swift */; };
		D8BDEAC02BE3658200C3BE55 /* ColorTransformer.swift in Sources */ = {isa = PBXBuildFile; fileRef = D8BDEABF2BE3658200C3BE55 /* ColorTransformer.swift */; };
		D8C19EC62B8DC3FF004BCDDD /* GoogleSignIn in Frameworks */ = {isa = PBXBuildFile; productRef = D8C19EC52B8DC3FF004BCDDD /* GoogleSignIn */; };
		D8C19EC82B8DC3FF004BCDDD /* GoogleSignInSwift in Frameworks */ = {isa = PBXBuildFile; productRef = D8C19EC72B8DC3FF004BCDDD /* GoogleSignInSwift */; };
		D8C19ED02B90B333004BCDDD /* SignInController.swift in Sources */ = {isa = PBXBuildFile; fileRef = D8C19ECF2B90B333004BCDDD /* SignInController.swift */; };
		D8C19ED22B90B494004BCDDD /* LoginController.swift in Sources */ = {isa = PBXBuildFile; fileRef = D8C19ED12B90B494004BCDDD /* LoginController.swift */; };
		D8C19ED42B90F3D4004BCDDD /* SignInTextField.swift in Sources */ = {isa = PBXBuildFile; fileRef = D8C19ED32B90F3D4004BCDDD /* SignInTextField.swift */; };
		D8C19ED62B91C037004BCDDD /* BaseButton.swift in Sources */ = {isa = PBXBuildFile; fileRef = D8C19ED52B91C037004BCDDD /* BaseButton.swift */; };
		D8CCF2C92B62725400C1E358 /* FirebaseAnalytics in Frameworks */ = {isa = PBXBuildFile; productRef = D8CCF2C82B62725400C1E358 /* FirebaseAnalytics */; };
		D8CCF2CB2B62725400C1E358 /* FirebaseAnalyticsWithoutAdIdSupport in Frameworks */ = {isa = PBXBuildFile; productRef = D8CCF2CA2B62725400C1E358 /* FirebaseAnalyticsWithoutAdIdSupport */; };
		D8CCF2CD2B62725400C1E358 /* FirebaseAuth in Frameworks */ = {isa = PBXBuildFile; productRef = D8CCF2CC2B62725400C1E358 /* FirebaseAuth */; };
		D8CCF2CF2B62725400C1E358 /* FirebaseDatabase in Frameworks */ = {isa = PBXBuildFile; productRef = D8CCF2CE2B62725400C1E358 /* FirebaseDatabase */; };
		D8CCF2D12B62725400C1E358 /* FirebaseDatabaseSwift in Frameworks */ = {isa = PBXBuildFile; productRef = D8CCF2D02B62725400C1E358 /* FirebaseDatabaseSwift */; };
		D8CCF2D32B62725400C1E358 /* FirebaseFirestore in Frameworks */ = {isa = PBXBuildFile; productRef = D8CCF2D22B62725400C1E358 /* FirebaseFirestore */; };
		D8CCF2D52B62725400C1E358 /* FirebaseFirestoreSwift in Frameworks */ = {isa = PBXBuildFile; productRef = D8CCF2D42B62725400C1E358 /* FirebaseFirestoreSwift */; };
		D8CCF2D72B62725400C1E358 /* FirebaseInstallations in Frameworks */ = {isa = PBXBuildFile; productRef = D8CCF2D62B62725400C1E358 /* FirebaseInstallations */; };
		D8CCF2D92B62725400C1E358 /* FirebaseStorage in Frameworks */ = {isa = PBXBuildFile; productRef = D8CCF2D82B62725400C1E358 /* FirebaseStorage */; };
		D8CE4B702B87362500E473AC /* Reachability.swift in Sources */ = {isa = PBXBuildFile; fileRef = D8CE4B6F2B87362500E473AC /* Reachability.swift */; };
		D8CE4B722B8739D900E473AC /* RegistrationStatus.swift in Sources */ = {isa = PBXBuildFile; fileRef = D8CE4B712B8739D900E473AC /* RegistrationStatus.swift */; };
		D8DC23CC2BAD7D9A00C3E220 /* CircularTransition.swift in Sources */ = {isa = PBXBuildFile; fileRef = D8DC23CB2BAD7D9A00C3E220 /* CircularTransition.swift */; };
		D8DC23D52BB1773400C3E220 /* ToDoCell.swift in Sources */ = {isa = PBXBuildFile; fileRef = D8DC23D42BB1773400C3E220 /* ToDoCell.swift */; };
		D8DC23D72BB17B8300C3E220 /* ToDoController.swift in Sources */ = {isa = PBXBuildFile; fileRef = D8DC23D62BB17B8300C3E220 /* ToDoController.swift */; };
		D8DD85CF2B9F370C003E7F89 /* CustomHomeTabBarController.swift in Sources */ = {isa = PBXBuildFile; fileRef = D8DD85CE2B9F370C003E7F89 /* CustomHomeTabBarController.swift */; };
		D8DD85D12B9F4AD8003E7F89 /* CustomTabBar.swift in Sources */ = {isa = PBXBuildFile; fileRef = D8DD85D02B9F4AD8003E7F89 /* CustomTabBar.swift */; };
		D8E00C6D2C131425005AEA4D /* ForgottPasswordController.swift in Sources */ = {isa = PBXBuildFile; fileRef = D8E00C6C2C131425005AEA4D /* ForgottPasswordController.swift */; };
		D8E00C6F2C133B96005AEA4D /* ForgettPasswordProtocols.swift in Sources */ = {isa = PBXBuildFile; fileRef = D8E00C6E2C133B96005AEA4D /* ForgettPasswordProtocols.swift */; };
		D8E00C712C1345D5005AEA4D /* ForgettPasswortPresenter.swift in Sources */ = {isa = PBXBuildFile; fileRef = D8E00C702C1345D5005AEA4D /* ForgettPasswortPresenter.swift */; };
		D8E00C732C1346DF005AEA4D /* ForgettPasswordInteractor.swift in Sources */ = {isa = PBXBuildFile; fileRef = D8E00C722C1346DF005AEA4D /* ForgettPasswordInteractor.swift */; };
		D8E00C752C1348FF005AEA4D /* ForgettPasswordRouter.swift in Sources */ = {isa = PBXBuildFile; fileRef = D8E00C742C1348FF005AEA4D /* ForgettPasswordRouter.swift */; };
		D8E00C772C16DC66005AEA4D /* MockUsersAvatrs.swift in Sources */ = {isa = PBXBuildFile; fileRef = D8E00C762C16DC66005AEA4D /* MockUsersAvatrs.swift */; };
		D8E840542B63A8F0005A0936 /* String + EXT.swift in Sources */ = {isa = PBXBuildFile; fileRef = D8E840532B63A8F0005A0936 /* String + EXT.swift */; };
		D8E840562B63AA69005A0936 /* CABasicAnimation + EXT.swift in Sources */ = {isa = PBXBuildFile; fileRef = D8E840552B63AA69005A0936 /* CABasicAnimation + EXT.swift */; };
		D8E840582B63B0AB005A0936 /* LoginPresenter.swift in Sources */ = {isa = PBXBuildFile; fileRef = D8E840572B63B0AB005A0936 /* LoginPresenter.swift */; };
		D8E8405A2B63B148005A0936 /* LoginInteractor.swift in Sources */ = {isa = PBXBuildFile; fileRef = D8E840592B63B148005A0936 /* LoginInteractor.swift */; };
		D8E8405C2B63B2D1005A0936 /* LoginRouter.swift in Sources */ = {isa = PBXBuildFile; fileRef = D8E8405B2B63B2D1005A0936 /* LoginRouter.swift */; };
		D8E840642B677C31005A0936 /* RegistrationProtocols.swift in Sources */ = {isa = PBXBuildFile; fileRef = D8E840632B677C31005A0936 /* RegistrationProtocols.swift */; };
		D8E840662B6780A6005A0936 /* RegistrationPresenter.swift in Sources */ = {isa = PBXBuildFile; fileRef = D8E840652B6780A6005A0936 /* RegistrationPresenter.swift */; };
		D8E840682B678183005A0936 /* RegistrationInteractor.swift in Sources */ = {isa = PBXBuildFile; fileRef = D8E840672B678183005A0936 /* RegistrationInteractor.swift */; };
		D8E8406C2B6789F8005A0936 /* RegistrationRouter.swift in Sources */ = {isa = PBXBuildFile; fileRef = D8E8406B2B6789F8005A0936 /* RegistrationRouter.swift */; };
		D8E9F87C2B03537A00A3F3FC /* HomeTabBarRouter.swift in Sources */ = {isa = PBXBuildFile; fileRef = D8E9F87B2B03537A00A3F3FC /* HomeTabBarRouter.swift */; };
		D8E9F8A32B04D23900A3F3FC /* UILabel + EXT.swift in Sources */ = {isa = PBXBuildFile; fileRef = D8E9F8A22B04D23900A3F3FC /* UILabel + EXT.swift */; };
		D8E9F8A52B04D32B00A3F3FC /* UITextField + EXT.swift in Sources */ = {isa = PBXBuildFile; fileRef = D8E9F8A42B04D32B00A3F3FC /* UITextField + EXT.swift */; };
		D8E9F8A72B04D58900A3F3FC /* UIButton + EXT.swift in Sources */ = {isa = PBXBuildFile; fileRef = D8E9F8A62B04D58900A3F3FC /* UIButton + EXT.swift */; };
		D8E9F8AF2B0B40FE00A3F3FC /* UIDatePicker + EXT.swift in Sources */ = {isa = PBXBuildFile; fileRef = D8E9F8AE2B0B40FE00A3F3FC /* UIDatePicker + EXT.swift */; };
		D8E9F8B12B0B47FB00A3F3FC /* DateFormatter + EXT.swift in Sources */ = {isa = PBXBuildFile; fileRef = D8E9F8B02B0B47FB00A3F3FC /* DateFormatter + EXT.swift */; };
		D8E9F8B92B0CC0CB00A3F3FC /* ToDoObject+CoreDataClass.swift in Sources */ = {isa = PBXBuildFile; fileRef = D8E9F8B72B0CC0CB00A3F3FC /* ToDoObject+CoreDataClass.swift */; };
		D8E9F8BA2B0CC0CB00A3F3FC /* ToDoObject+CoreDataProperties.swift in Sources */ = {isa = PBXBuildFile; fileRef = D8E9F8B82B0CC0CB00A3F3FC /* ToDoObject+CoreDataProperties.swift */; };
		D8E9F8BC2B109DB800A3F3FC /* TaskStorageManager.swift in Sources */ = {isa = PBXBuildFile; fileRef = D8E9F8BB2B109DB800A3F3FC /* TaskStorageManager.swift */; };
		D8E9F8BE2B17427F00A3F3FC /* Date + EXT.swift in Sources */ = {isa = PBXBuildFile; fileRef = D8E9F8BD2B17427F00A3F3FC /* Date + EXT.swift */; };
		D8E9F8D02B18A56200A3F3FC /* ToDoObjectSorter.swift in Sources */ = {isa = PBXBuildFile; fileRef = D8E9F8CF2B18A56200A3F3FC /* ToDoObjectSorter.swift */; };
		D8F11C5E2B5660C900D2282D /* AnimationLoadingInteractor.swift in Sources */ = {isa = PBXBuildFile; fileRef = D8F11C5D2B5660C900D2282D /* AnimationLoadingInteractor.swift */; };
		D8F11C602B5660DA00D2282D /* AnimationLoadingPresenter.swift in Sources */ = {isa = PBXBuildFile; fileRef = D8F11C5F2B5660DA00D2282D /* AnimationLoadingPresenter.swift */; };
		D8F11C622B5669AC00D2282D /* MockViewController.swift in Sources */ = {isa = PBXBuildFile; fileRef = D8F11C612B5669AC00D2282D /* MockViewController.swift */; };
		D8F33E322B7E17F70008FE91 /* LoadingButton.swift in Sources */ = {isa = PBXBuildFile; fileRef = D8F33E312B7E17F70008FE91 /* LoadingButton.swift */; };
/* End PBXBuildFile section */

/* Begin PBXContainerItemProxy section */
		D86D44F82AFB933000894774 /* PBXContainerItemProxy */ = {
			isa = PBXContainerItemProxy;
			containerPortal = D86D44D62AFB932E00894774 /* Project object */;
			proxyType = 1;
			remoteGlobalIDString = D86D44DD2AFB932E00894774;
			remoteInfo = "ToDoList-VIPER";
		};
		D86D45022AFB933000894774 /* PBXContainerItemProxy */ = {
			isa = PBXContainerItemProxy;
			containerPortal = D86D44D62AFB932E00894774 /* Project object */;
			proxyType = 1;
			remoteGlobalIDString = D86D44DD2AFB932E00894774;
			remoteInfo = "ToDoList-VIPER";
		};
/* End PBXContainerItemProxy section */

/* Begin PBXFileReference section */
		D82B8B6D2B6B8CCB00A006F2 /* AppConfigurator.swift */ = {isa = PBXFileReference; lastKnownFileType = sourcecode.swift; path = AppConfigurator.swift; sourceTree = "<group>"; };
		D846B8612C14606A00AA8775 /* AuthKeychainManager.swift */ = {isa = PBXFileReference; lastKnownFileType = sourcecode.swift; path = AuthKeychainManager.swift; sourceTree = "<group>"; };
		D846B8642C14609C00AA8775 /* Security.framework */ = {isa = PBXFileReference; lastKnownFileType = wrapper.framework; name = Security.framework; path = System/Library/Frameworks/Security.framework; sourceTree = SDKROOT; };
		D846B8682C18518F00AA8775 /* FirebaseStorageManager.swift */ = {isa = PBXFileReference; lastKnownFileType = sourcecode.swift; path = FirebaseStorageManager.swift; sourceTree = "<group>"; };
		D8473BE22BB2C5DF0063F87A /* CalendarCollectionCell.swift */ = {isa = PBXFileReference; lastKnownFileType = sourcecode.swift; path = CalendarCollectionCell.swift; sourceTree = "<group>"; };
		D8473BE42BB415BB0063F87A /* HorizontalCalendarView.swift */ = {isa = PBXFileReference; lastKnownFileType = sourcecode.swift; path = HorizontalCalendarView.swift; sourceTree = "<group>"; };
		D8473BE62BB57CEC0063F87A /* CalendarCollection.swift */ = {isa = PBXFileReference; lastKnownFileType = sourcecode.swift; path = CalendarCollection.swift; sourceTree = "<group>"; };
		D8473BE82BB581A00063F87A /* DateItem.swift */ = {isa = PBXFileReference; lastKnownFileType = sourcecode.swift; path = DateItem.swift; sourceTree = "<group>"; };
		D8473BEA2BB5A6250063F87A /* CalendarModel.swift */ = {isa = PBXFileReference; lastKnownFileType = sourcecode.swift; path = CalendarModel.swift; sourceTree = "<group>"; };
		D8473BEC2BB6BE860063F87A /* UIStackView + EXT.swift */ = {isa = PBXFileReference; lastKnownFileType = sourcecode.swift; path = "UIStackView + EXT.swift"; sourceTree = "<group>"; };
		D8473BF02BB7E73C0063F87A /* ToDosRouter.swift */ = {isa = PBXFileReference; lastKnownFileType = sourcecode.swift; name = ToDosRouter.swift; path = "ToDoList-VIPER/Support/Extension/ToDosRouter.swift"; sourceTree = SOURCE_ROOT; };
		D84CADF82BF25E1F009C666D /* NoTaskLabel.swift */ = {isa = PBXFileReference; lastKnownFileType = sourcecode.swift; path = NoTaskLabel.swift; sourceTree = "<group>"; };
		D85C57E42B57C71900023B04 /* OnboardingPage.swift */ = {isa = PBXFileReference; lastKnownFileType = sourcecode.swift; path = OnboardingPage.swift; sourceTree = "<group>"; };
		D85C57E62B57CCA600023B04 /* OnboardingPresenter.swift */ = {isa = PBXFileReference; lastKnownFileType = sourcecode.swift; path = OnboardingPresenter.swift; sourceTree = "<group>"; };
		D85C57E92B57CD1E00023B04 /* OnboardingProtocols.swift */ = {isa = PBXFileReference; lastKnownFileType = sourcecode.swift; path = OnboardingProtocols.swift; sourceTree = "<group>"; };
		D85C57EB2B57D0AD00023B04 /* OnboardingInteractor.swift */ = {isa = PBXFileReference; lastKnownFileType = sourcecode.swift; path = OnboardingInteractor.swift; sourceTree = "<group>"; };
		D85C57ED2B57D16300023B04 /* OnboardingRouter.swift */ = {isa = PBXFileReference; lastKnownFileType = sourcecode.swift; path = OnboardingRouter.swift; sourceTree = "<group>"; };
		D85C58382B5A595400023B04 /* OnboardingPagesController.swift */ = {isa = PBXFileReference; lastKnownFileType = sourcecode.swift; path = OnboardingPagesController.swift; sourceTree = "<group>"; };
		D85C583B2B5A771A00023B04 /* OnboardingItems.swift */ = {isa = PBXFileReference; lastKnownFileType = sourcecode.swift; path = OnboardingItems.swift; sourceTree = "<group>"; };
		D85C5DAF2B614E2F00F548AA /* LoginProtocols.swift */ = {isa = PBXFileReference; lastKnownFileType = sourcecode.swift; path = LoginProtocols.swift; sourceTree = "<group>"; };
		D864B5F52BAC0B7100650E8A /* MainScreenView.swift */ = {isa = PBXFileReference; lastKnownFileType = sourcecode.swift; path = MainScreenView.swift; sourceTree = "<group>"; };
		D86D44DE2AFB932E00894774 /* ToDoList-VIPER.app */ = {isa = PBXFileReference; explicitFileType = wrapper.application; includeInIndex = 0; path = "ToDoList-VIPER.app"; sourceTree = BUILT_PRODUCTS_DIR; };
		D86D44E12AFB932E00894774 /* AppDelegate.swift */ = {isa = PBXFileReference; lastKnownFileType = sourcecode.swift; path = AppDelegate.swift; sourceTree = "<group>"; };
		D86D44E32AFB932E00894774 /* SceneDelegate.swift */ = {isa = PBXFileReference; lastKnownFileType = sourcecode.swift; path = SceneDelegate.swift; sourceTree = "<group>"; };
		D86D44EB2AFB932E00894774 /* ToDoList_VIPER.xcdatamodel */ = {isa = PBXFileReference; lastKnownFileType = wrapper.xcdatamodel; path = ToDoList_VIPER.xcdatamodel; sourceTree = "<group>"; };
		D86D44ED2AFB933000894774 /* Assets.xcassets */ = {isa = PBXFileReference; lastKnownFileType = folder.assetcatalog; path = Assets.xcassets; sourceTree = "<group>"; };
		D86D44F02AFB933000894774 /* Base */ = {isa = PBXFileReference; lastKnownFileType = file.storyboard; name = Base; path = Base.lproj/LaunchScreen.storyboard; sourceTree = "<group>"; };
		D86D44F22AFB933000894774 /* Info.plist */ = {isa = PBXFileReference; lastKnownFileType = text.plist.xml; path = Info.plist; sourceTree = "<group>"; };
		D86D44F72AFB933000894774 /* ToDoList-VIPERTests.xctest */ = {isa = PBXFileReference; explicitFileType = wrapper.cfbundle; includeInIndex = 0; path = "ToDoList-VIPERTests.xctest"; sourceTree = BUILT_PRODUCTS_DIR; };
		D86D44FB2AFB933000894774 /* ToDoList_VIPERTests.swift */ = {isa = PBXFileReference; lastKnownFileType = sourcecode.swift; path = ToDoList_VIPERTests.swift; sourceTree = "<group>"; };
		D86D45012AFB933000894774 /* ToDoList-VIPERUITests.xctest */ = {isa = PBXFileReference; explicitFileType = wrapper.cfbundle; includeInIndex = 0; path = "ToDoList-VIPERUITests.xctest"; sourceTree = BUILT_PRODUCTS_DIR; };
		D86D45052AFB933000894774 /* ToDoList_VIPERUITests.swift */ = {isa = PBXFileReference; lastKnownFileType = sourcecode.swift; path = ToDoList_VIPERUITests.swift; sourceTree = "<group>"; };
		D86D45072AFB933000894774 /* ToDoList_VIPERUITestsLaunchTests.swift */ = {isa = PBXFileReference; lastKnownFileType = sourcecode.swift; path = ToDoList_VIPERUITestsLaunchTests.swift; sourceTree = "<group>"; };
		D87087D32BEA35BB00EEDDD7 /* NotificationNames.swift */ = {isa = PBXFileReference; lastKnownFileType = sourcecode.swift; path = NotificationNames.swift; sourceTree = "<group>"; };
		D87474542B97176C00BF4866 /* CircleBaseButton.swift */ = {isa = PBXFileReference; lastKnownFileType = sourcecode.swift; path = CircleBaseButton.swift; sourceTree = "<group>"; };
		D87474582B99A28200BF4866 /* credentials.plist */ = {isa = PBXFileReference; fileEncoding = 4; lastKnownFileType = text.plist.xml; path = credentials.plist; sourceTree = "<group>"; };
		D874745A2B99A2CE00BF4866 /* GoogleService-Info.plist */ = {isa = PBXFileReference; fileEncoding = 4; lastKnownFileType = text.plist.xml; path = "GoogleService-Info.plist"; sourceTree = "<group>"; };
		D874745C2B99A95600BF4866 /* RegistrationController.swift */ = {isa = PBXFileReference; lastKnownFileType = sourcecode.swift; path = RegistrationController.swift; sourceTree = "<group>"; };
		D8900F102B5135F7008E0E34 /* AnimationLoadingController.swift */ = {isa = PBXFileReference; lastKnownFileType = sourcecode.swift; path = AnimationLoadingController.swift; sourceTree = "<group>"; };
		D8900F142B5529C7008E0E34 /* AnimationLoadingRouter.swift */ = {isa = PBXFileReference; lastKnownFileType = sourcecode.swift; path = AnimationLoadingRouter.swift; sourceTree = "<group>"; };
		D8900F162B55435A008E0E34 /* NewUserCheck.swift */ = {isa = PBXFileReference; lastKnownFileType = sourcecode.swift; path = NewUserCheck.swift; sourceTree = "<group>"; };
		D8A54EBD2BB6D2E000D9B15F /* ToDosModuleProtocols.swift */ = {isa = PBXFileReference; lastKnownFileType = sourcecode.swift; path = ToDosModuleProtocols.swift; sourceTree = "<group>"; };
		D8A54EBF2BB6D61000D9B15F /* ToDosPresenter.swift */ = {isa = PBXFileReference; lastKnownFileType = sourcecode.swift; path = ToDosPresenter.swift; sourceTree = "<group>"; };
		D8A54EC12BB6D8E800D9B15F /* ToDosInteractor.swift */ = {isa = PBXFileReference; lastKnownFileType = sourcecode.swift; path = ToDosInteractor.swift; sourceTree = "<group>"; };
		D8AB92222BBBF8A200826A4E /* ToDosDetailController.swift */ = {isa = PBXFileReference; lastKnownFileType = sourcecode.swift; path = ToDosDetailController.swift; sourceTree = "<group>"; };
		D8AB92242BBC063400826A4E /* SingleToDoController.swift */ = {isa = PBXFileReference; lastKnownFileType = sourcecode.swift; path = SingleToDoController.swift; sourceTree = "<group>"; };
		D8AB92262BBD46AD00826A4E /* UINavigationController + EXT.swift */ = {isa = PBXFileReference; lastKnownFileType = sourcecode.swift; path = "UINavigationController + EXT.swift"; sourceTree = "<group>"; };
		D8AB92282BBD593700826A4E /* ToDosDetailProtocols.swift */ = {isa = PBXFileReference; lastKnownFileType = sourcecode.swift; path = ToDosDetailProtocols.swift; sourceTree = "<group>"; };
		D8AB922A2BBD5C6800826A4E /* ToDosDetailPresenter.swift */ = {isa = PBXFileReference; lastKnownFileType = sourcecode.swift; path = ToDosDetailPresenter.swift; sourceTree = "<group>"; };
		D8AB922C2BBD5D9700826A4E /* ToDosDetailInteractor.swift */ = {isa = PBXFileReference; lastKnownFileType = sourcecode.swift; path = ToDosDetailInteractor.swift; sourceTree = "<group>"; };
		D8AB922E2BBD601C00826A4E /* ToDosDetailRouter.swift */ = {isa = PBXFileReference; lastKnownFileType = sourcecode.swift; path = ToDosDetailRouter.swift; sourceTree = "<group>"; };
		D8B1E9B52BA2F46C00D455AF /* MainScreenController.swift */ = {isa = PBXFileReference; lastKnownFileType = sourcecode.swift; path = MainScreenController.swift; sourceTree = "<group>"; };
		D8B1E9B82BA3026300D455AF /* MainToDoCell.swift */ = {isa = PBXFileReference; lastKnownFileType = sourcecode.swift; path = MainToDoCell.swift; sourceTree = "<group>"; };
		D8B1E9BC2BA4178B00D455AF /* MainScreenProtocols.swift */ = {isa = PBXFileReference; lastKnownFileType = sourcecode.swift; path = MainScreenProtocols.swift; sourceTree = "<group>"; };
		D8B1E9BE2BA4212A00D455AF /* MainScreenPresenter.swift */ = {isa = PBXFileReference; lastKnownFileType = sourcecode.swift; path = MainScreenPresenter.swift; sourceTree = "<group>"; };
		D8B1E9C02BA4217F00D455AF /* MainScreenInteractor.swift */ = {isa = PBXFileReference; lastKnownFileType = sourcecode.swift; path = MainScreenInteractor.swift; sourceTree = "<group>"; };
		D8B1E9C22BA421A600D455AF /* MainScreenRouter.swift */ = {isa = PBXFileReference; lastKnownFileType = sourcecode.swift; path = MainScreenRouter.swift; sourceTree = "<group>"; };
		D8B1E9CA2BA465A300D455AF /* AddNewToDoController.swift */ = {isa = PBXFileReference; lastKnownFileType = sourcecode.swift; path = AddNewToDoController.swift; sourceTree = "<group>"; };
		D8B1E9CC2BA469AE00D455AF /* HomeTabBarPresenter.swift */ = {isa = PBXFileReference; lastKnownFileType = sourcecode.swift; path = HomeTabBarPresenter.swift; sourceTree = "<group>"; };
		D8B1E9CF2BA46A0E00D455AF /* HomeTabBarProtocols.swift */ = {isa = PBXFileReference; lastKnownFileType = sourcecode.swift; path = HomeTabBarProtocols.swift; sourceTree = "<group>"; };
		D8B1E9D82BA8376100D455AF /* AddNewToDosProtocols.swift */ = {isa = PBXFileReference; lastKnownFileType = sourcecode.swift; path = AddNewToDosProtocols.swift; sourceTree = "<group>"; };
		D8B1E9DA2BA8479E00D455AF /* AddNewToDoPresenter.swift */ = {isa = PBXFileReference; lastKnownFileType = sourcecode.swift; path = AddNewToDoPresenter.swift; sourceTree = "<group>"; };
		D8B1E9DC2BA8486600D455AF /* AddNewToDoInteractor.swift */ = {isa = PBXFileReference; lastKnownFileType = sourcecode.swift; path = AddNewToDoInteractor.swift; sourceTree = "<group>"; };
		D8B1E9DE2BA84CB100D455AF /* AddNewToDoRouter.swift */ = {isa = PBXFileReference; lastKnownFileType = sourcecode.swift; path = AddNewToDoRouter.swift; sourceTree = "<group>"; };
		D8B1E9E02BAB10BA00D455AF /* CathegoryCell.swift */ = {isa = PBXFileReference; lastKnownFileType = sourcecode.swift; path = CathegoryCell.swift; sourceTree = "<group>"; };
		D8B85D692BE3891B0015F2B2 /* TaskCategoryManager.swift */ = {isa = PBXFileReference; lastKnownFileType = sourcecode.swift; path = TaskCategoryManager.swift; sourceTree = "<group>"; };
		D8B85D6B2BE398740015F2B2 /* MainScreenCollectionView.swift */ = {isa = PBXFileReference; lastKnownFileType = sourcecode.swift; path = MainScreenCollectionView.swift; sourceTree = "<group>"; };
		D8BDEAB72BDA16A000C3BE55 /* CustomAlertController.swift */ = {isa = PBXFileReference; lastKnownFileType = sourcecode.swift; path = CustomAlertController.swift; sourceTree = "<group>"; };
		D8BDEAB92BDA178200C3BE55 /* CustomAlertView.swift */ = {isa = PBXFileReference; lastKnownFileType = sourcecode.swift; path = CustomAlertView.swift; sourceTree = "<group>"; };
		D8BDEABB2BDC9C8E00C3BE55 /* CategoryTableView.swift */ = {isa = PBXFileReference; lastKnownFileType = sourcecode.swift; path = CategoryTableView.swift; sourceTree = "<group>"; };
		D8BDEABF2BE3658200C3BE55 /* ColorTransformer.swift */ = {isa = PBXFileReference; lastKnownFileType = sourcecode.swift; path = ColorTransformer.swift; sourceTree = "<group>"; };
		D8C19ECF2B90B333004BCDDD /* SignInController.swift */ = {isa = PBXFileReference; lastKnownFileType = sourcecode.swift; path = SignInController.swift; sourceTree = "<group>"; };
		D8C19ED12B90B494004BCDDD /* LoginController.swift */ = {isa = PBXFileReference; lastKnownFileType = sourcecode.swift; path = LoginController.swift; sourceTree = "<group>"; };
		D8C19ED32B90F3D4004BCDDD /* SignInTextField.swift */ = {isa = PBXFileReference; lastKnownFileType = sourcecode.swift; path = SignInTextField.swift; sourceTree = "<group>"; };
		D8C19ED52B91C037004BCDDD /* BaseButton.swift */ = {isa = PBXFileReference; lastKnownFileType = sourcecode.swift; path = BaseButton.swift; sourceTree = "<group>"; };
		D8CE4B6F2B87362500E473AC /* Reachability.swift */ = {isa = PBXFileReference; lastKnownFileType = sourcecode.swift; path = Reachability.swift; sourceTree = "<group>"; };
		D8CE4B712B8739D900E473AC /* RegistrationStatus.swift */ = {isa = PBXFileReference; lastKnownFileType = sourcecode.swift; path = RegistrationStatus.swift; sourceTree = "<group>"; };
		D8DC23CB2BAD7D9A00C3E220 /* CircularTransition.swift */ = {isa = PBXFileReference; lastKnownFileType = sourcecode.swift; path = CircularTransition.swift; sourceTree = "<group>"; };
		D8DC23D42BB1773400C3E220 /* ToDoCell.swift */ = {isa = PBXFileReference; lastKnownFileType = sourcecode.swift; path = ToDoCell.swift; sourceTree = "<group>"; };
		D8DC23D62BB17B8300C3E220 /* ToDoController.swift */ = {isa = PBXFileReference; lastKnownFileType = sourcecode.swift; path = ToDoController.swift; sourceTree = "<group>"; };
		D8DD85CE2B9F370C003E7F89 /* CustomHomeTabBarController.swift */ = {isa = PBXFileReference; lastKnownFileType = sourcecode.swift; path = CustomHomeTabBarController.swift; sourceTree = "<group>"; };
		D8DD85D02B9F4AD8003E7F89 /* CustomTabBar.swift */ = {isa = PBXFileReference; lastKnownFileType = sourcecode.swift; path = CustomTabBar.swift; sourceTree = "<group>"; };
		D8E00C6C2C131425005AEA4D /* ForgottPasswordController.swift */ = {isa = PBXFileReference; lastKnownFileType = sourcecode.swift; path = ForgottPasswordController.swift; sourceTree = "<group>"; };
		D8E00C6E2C133B96005AEA4D /* ForgettPasswordProtocols.swift */ = {isa = PBXFileReference; lastKnownFileType = sourcecode.swift; path = ForgettPasswordProtocols.swift; sourceTree = "<group>"; };
		D8E00C702C1345D5005AEA4D /* ForgettPasswortPresenter.swift */ = {isa = PBXFileReference; lastKnownFileType = sourcecode.swift; path = ForgettPasswortPresenter.swift; sourceTree = "<group>"; };
		D8E00C722C1346DF005AEA4D /* ForgettPasswordInteractor.swift */ = {isa = PBXFileReference; lastKnownFileType = sourcecode.swift; path = ForgettPasswordInteractor.swift; sourceTree = "<group>"; };
		D8E00C742C1348FF005AEA4D /* ForgettPasswordRouter.swift */ = {isa = PBXFileReference; lastKnownFileType = sourcecode.swift; path = ForgettPasswordRouter.swift; sourceTree = "<group>"; };
		D8E00C762C16DC66005AEA4D /* MockUsersAvatrs.swift */ = {isa = PBXFileReference; lastKnownFileType = sourcecode.swift; path = MockUsersAvatrs.swift; sourceTree = "<group>"; };
		D8E840532B63A8F0005A0936 /* String + EXT.swift */ = {isa = PBXFileReference; lastKnownFileType = sourcecode.swift; path = "String + EXT.swift"; sourceTree = "<group>"; };
		D8E840552B63AA69005A0936 /* CABasicAnimation + EXT.swift */ = {isa = PBXFileReference; lastKnownFileType = sourcecode.swift; path = "CABasicAnimation + EXT.swift"; sourceTree = "<group>"; };
		D8E840572B63B0AB005A0936 /* LoginPresenter.swift */ = {isa = PBXFileReference; lastKnownFileType = sourcecode.swift; name = LoginPresenter.swift; path = "ToDoList-VIPER/Support/Extension/LoginPresenter.swift"; sourceTree = SOURCE_ROOT; };
		D8E840592B63B148005A0936 /* LoginInteractor.swift */ = {isa = PBXFileReference; lastKnownFileType = sourcecode.swift; name = LoginInteractor.swift; path = "ToDoList-VIPER/Support/Extension/LoginInteractor.swift"; sourceTree = SOURCE_ROOT; };
		D8E8405B2B63B2D1005A0936 /* LoginRouter.swift */ = {isa = PBXFileReference; lastKnownFileType = sourcecode.swift; name = LoginRouter.swift; path = "ToDoList-VIPER/Support/Extension/LoginRouter.swift"; sourceTree = SOURCE_ROOT; };
		D8E840632B677C31005A0936 /* RegistrationProtocols.swift */ = {isa = PBXFileReference; lastKnownFileType = sourcecode.swift; path = RegistrationProtocols.swift; sourceTree = "<group>"; };
		D8E840652B6780A6005A0936 /* RegistrationPresenter.swift */ = {isa = PBXFileReference; lastKnownFileType = sourcecode.swift; path = RegistrationPresenter.swift; sourceTree = "<group>"; };
		D8E840672B678183005A0936 /* RegistrationInteractor.swift */ = {isa = PBXFileReference; lastKnownFileType = sourcecode.swift; path = RegistrationInteractor.swift; sourceTree = "<group>"; };
		D8E8406B2B6789F8005A0936 /* RegistrationRouter.swift */ = {isa = PBXFileReference; lastKnownFileType = sourcecode.swift; path = RegistrationRouter.swift; sourceTree = "<group>"; };
		D8E9F87B2B03537A00A3F3FC /* HomeTabBarRouter.swift */ = {isa = PBXFileReference; lastKnownFileType = sourcecode.swift; path = HomeTabBarRouter.swift; sourceTree = "<group>"; };
		D8E9F8A22B04D23900A3F3FC /* UILabel + EXT.swift */ = {isa = PBXFileReference; lastKnownFileType = sourcecode.swift; path = "UILabel + EXT.swift"; sourceTree = "<group>"; };
		D8E9F8A42B04D32B00A3F3FC /* UITextField + EXT.swift */ = {isa = PBXFileReference; lastKnownFileType = sourcecode.swift; path = "UITextField + EXT.swift"; sourceTree = "<group>"; };
		D8E9F8A62B04D58900A3F3FC /* UIButton + EXT.swift */ = {isa = PBXFileReference; lastKnownFileType = sourcecode.swift; path = "UIButton + EXT.swift"; sourceTree = "<group>"; };
		D8E9F8AE2B0B40FE00A3F3FC /* UIDatePicker + EXT.swift */ = {isa = PBXFileReference; lastKnownFileType = sourcecode.swift; path = "UIDatePicker + EXT.swift"; sourceTree = "<group>"; };
		D8E9F8B02B0B47FB00A3F3FC /* DateFormatter + EXT.swift */ = {isa = PBXFileReference; lastKnownFileType = sourcecode.swift; path = "DateFormatter + EXT.swift"; sourceTree = "<group>"; };
		D8E9F8B72B0CC0CB00A3F3FC /* ToDoObject+CoreDataClass.swift */ = {isa = PBXFileReference; lastKnownFileType = sourcecode.swift; path = "ToDoObject+CoreDataClass.swift"; sourceTree = "<group>"; };
		D8E9F8B82B0CC0CB00A3F3FC /* ToDoObject+CoreDataProperties.swift */ = {isa = PBXFileReference; lastKnownFileType = sourcecode.swift; path = "ToDoObject+CoreDataProperties.swift"; sourceTree = "<group>"; };
		D8E9F8BB2B109DB800A3F3FC /* TaskStorageManager.swift */ = {isa = PBXFileReference; lastKnownFileType = sourcecode.swift; path = TaskStorageManager.swift; sourceTree = "<group>"; };
		D8E9F8BD2B17427F00A3F3FC /* Date + EXT.swift */ = {isa = PBXFileReference; lastKnownFileType = sourcecode.swift; path = "Date + EXT.swift"; sourceTree = "<group>"; };
		D8E9F8CF2B18A56200A3F3FC /* ToDoObjectSorter.swift */ = {isa = PBXFileReference; lastKnownFileType = sourcecode.swift; path = ToDoObjectSorter.swift; sourceTree = "<group>"; };
		D8F11C5D2B5660C900D2282D /* AnimationLoadingInteractor.swift */ = {isa = PBXFileReference; lastKnownFileType = sourcecode.swift; path = AnimationLoadingInteractor.swift; sourceTree = "<group>"; };
		D8F11C5F2B5660DA00D2282D /* AnimationLoadingPresenter.swift */ = {isa = PBXFileReference; lastKnownFileType = sourcecode.swift; path = AnimationLoadingPresenter.swift; sourceTree = "<group>"; };
		D8F11C612B5669AC00D2282D /* MockViewController.swift */ = {isa = PBXFileReference; lastKnownFileType = sourcecode.swift; path = MockViewController.swift; sourceTree = "<group>"; };
		D8F33E312B7E17F70008FE91 /* LoadingButton.swift */ = {isa = PBXFileReference; lastKnownFileType = sourcecode.swift; path = LoadingButton.swift; sourceTree = "<group>"; };
/* End PBXFileReference section */

/* Begin PBXFrameworksBuildPhase section */
		D86D44DB2AFB932E00894774 /* Frameworks */ = {
			isa = PBXFrameworksBuildPhase;
			buildActionMask = 2147483647;
			files = (
				D846B8652C14609C00AA8775 /* Security.framework in Frameworks */,
				D8CCF2D12B62725400C1E358 /* FirebaseDatabaseSwift in Frameworks */,
				D8CCF2CF2B62725400C1E358 /* FirebaseDatabase in Frameworks */,
				D8C19EC62B8DC3FF004BCDDD /* GoogleSignIn in Frameworks */,
				D8C19EC82B8DC3FF004BCDDD /* GoogleSignInSwift in Frameworks */,
				D8CCF2C92B62725400C1E358 /* FirebaseAnalytics in Frameworks */,
				D8CCF2D92B62725400C1E358 /* FirebaseStorage in Frameworks */,
				D8CCF2D72B62725400C1E358 /* FirebaseInstallations in Frameworks */,
				D8CCF2CB2B62725400C1E358 /* FirebaseAnalyticsWithoutAdIdSupport in Frameworks */,
				D86D45162AFB947B00894774 /* SnapKit in Frameworks */,
				D8CCF2CD2B62725400C1E358 /* FirebaseAuth in Frameworks */,
				D8CCF2D32B62725400C1E358 /* FirebaseFirestore in Frameworks */,
				D8CCF2D52B62725400C1E358 /* FirebaseFirestoreSwift in Frameworks */,
			);
			runOnlyForDeploymentPostprocessing = 0;
		};
		D86D44F42AFB933000894774 /* Frameworks */ = {
			isa = PBXFrameworksBuildPhase;
			buildActionMask = 2147483647;
			files = (
			);
			runOnlyForDeploymentPostprocessing = 0;
		};
		D86D44FE2AFB933000894774 /* Frameworks */ = {
			isa = PBXFrameworksBuildPhase;
			buildActionMask = 2147483647;
			files = (
			);
			runOnlyForDeploymentPostprocessing = 0;
		};
/* End PBXFrameworksBuildPhase section */

/* Begin PBXGroup section */
		D846B8632C14609C00AA8775 /* Frameworks */ = {
			isa = PBXGroup;
			children = (
				D846B8642C14609C00AA8775 /* Security.framework */,
			);
			name = Frameworks;
			sourceTree = "<group>";
		};
		D8473BE12BB2C5800063F87A /* CustomCells */ = {
			isa = PBXGroup;
			children = (
				D8DC23D32BB1771700C3E220 /* ToDoCell */,
				D8473BE22BB2C5DF0063F87A /* CalendarCollectionCell.swift */,
			);
			path = CustomCells;
			sourceTree = "<group>";
		};
		D85C57E02B57AC1300023B04 /* View */ = {
			isa = PBXGroup;
			children = (
				D85C583A2B5A595900023B04 /* OnboardingPagesViews */,
				D85C58382B5A595400023B04 /* OnboardingPagesController.swift */,
			);
			path = View;
			sourceTree = "<group>";
		};
		D85C57E12B57C6C400023B04 /* Presenter */ = {
			isa = PBXGroup;
			children = (
				D85C57E62B57CCA600023B04 /* OnboardingPresenter.swift */,
			);
			path = Presenter;
			sourceTree = "<group>";
		};
		D85C57E22B57C6D100023B04 /* Interactor */ = {
			isa = PBXGroup;
			children = (
				D85C57EB2B57D0AD00023B04 /* OnboardingInteractor.swift */,
			);
			path = Interactor;
			sourceTree = "<group>";
		};
		D85C57E32B57C6D900023B04 /* Router */ = {
			isa = PBXGroup;
			children = (
				D85C57ED2B57D16300023B04 /* OnboardingRouter.swift */,
			);
			path = Router;
			sourceTree = "<group>";
		};
		D85C57E82B57CD0D00023B04 /* Protocols */ = {
			isa = PBXGroup;
			children = (
				D85C57E92B57CD1E00023B04 /* OnboardingProtocols.swift */,
			);
			path = Protocols;
			sourceTree = "<group>";
		};
		D85C583A2B5A595900023B04 /* OnboardingPagesViews */ = {
			isa = PBXGroup;
			children = (
				D85C57E42B57C71900023B04 /* OnboardingPage.swift */,
			);
			path = OnboardingPagesViews;
			sourceTree = "<group>";
		};
		D85C5DA92B614DC900F548AA /* Login */ = {
			isa = PBXGroup;
			children = (
				D8E00C662C1303F4005AEA4D /* ForgottenPasswordModule */,
				D8E8405D2B677BCF005A0936 /* RegistrationModule */,
				D85C5DAE2B614E0F00F548AA /* Protocols */,
				D85C5DAD2B614E0700F548AA /* View */,
				D85C5DAC2B614DFD00F548AA /* Interactor */,
				D85C5DAB2B614DEE00F548AA /* Presenter */,
				D85C5DAA2B614DE200F548AA /* Router */,
			);
			path = Login;
			sourceTree = "<group>";
		};
		D85C5DAA2B614DE200F548AA /* Router */ = {
			isa = PBXGroup;
			children = (
				D8E8405B2B63B2D1005A0936 /* LoginRouter.swift */,
			);
			path = Router;
			sourceTree = "<group>";
		};
		D85C5DAB2B614DEE00F548AA /* Presenter */ = {
			isa = PBXGroup;
			children = (
				D8E840572B63B0AB005A0936 /* LoginPresenter.swift */,
			);
			path = Presenter;
			sourceTree = "<group>";
		};
		D85C5DAC2B614DFD00F548AA /* Interactor */ = {
			isa = PBXGroup;
			children = (
				D8E840592B63B148005A0936 /* LoginInteractor.swift */,
			);
			path = Interactor;
			sourceTree = "<group>";
		};
		D85C5DAD2B614E0700F548AA /* View */ = {
			isa = PBXGroup;
			children = (
				D8C19ED12B90B494004BCDDD /* LoginController.swift */,
			);
			path = View;
			sourceTree = "<group>";
		};
		D85C5DAE2B614E0F00F548AA /* Protocols */ = {
			isa = PBXGroup;
			children = (
				D85C5DAF2B614E2F00F548AA /* LoginProtocols.swift */,
			);
			path = Protocols;
			sourceTree = "<group>";
		};
		D86D44D52AFB932E00894774 = {
			isa = PBXGroup;
			children = (
				D8E9F8B72B0CC0CB00A3F3FC /* ToDoObject+CoreDataClass.swift */,
				D8E9F8B82B0CC0CB00A3F3FC /* ToDoObject+CoreDataProperties.swift */,
				D86D44E02AFB932E00894774 /* ToDoList-VIPER */,
				D86D44FA2AFB933000894774 /* ToDoList-VIPERTests */,
				D86D45042AFB933000894774 /* ToDoList-VIPERUITests */,
				D86D44DF2AFB932E00894774 /* Products */,
				D846B8632C14609C00AA8775 /* Frameworks */,
			);
			sourceTree = "<group>";
		};
		D86D44DF2AFB932E00894774 /* Products */ = {
			isa = PBXGroup;
			children = (
				D86D44DE2AFB932E00894774 /* ToDoList-VIPER.app */,
				D86D44F72AFB933000894774 /* ToDoList-VIPERTests.xctest */,
				D86D45012AFB933000894774 /* ToDoList-VIPERUITests.xctest */,
			);
			name = Products;
			sourceTree = "<group>";
		};
		D86D44E02AFB932E00894774 /* ToDoList-VIPER */ = {
			isa = PBXGroup;
			children = (
				D8E9F8A02B04D21E00A3F3FC /* Support */,
				D8E9F8792B03532000A3F3FC /* Scenes */,
				D86D45182AFB967D00894774 /* Resources */,
				D86D45172AFB966800894774 /* App */,
				D8F11C612B5669AC00D2282D /* MockViewController.swift */,
			);
			path = "ToDoList-VIPER";
			sourceTree = "<group>";
		};
		D86D44FA2AFB933000894774 /* ToDoList-VIPERTests */ = {
			isa = PBXGroup;
			children = (
				D86D44FB2AFB933000894774 /* ToDoList_VIPERTests.swift */,
			);
			path = "ToDoList-VIPERTests";
			sourceTree = "<group>";
		};
		D86D45042AFB933000894774 /* ToDoList-VIPERUITests */ = {
			isa = PBXGroup;
			children = (
				D86D45052AFB933000894774 /* ToDoList_VIPERUITests.swift */,
				D86D45072AFB933000894774 /* ToDoList_VIPERUITestsLaunchTests.swift */,
			);
			path = "ToDoList-VIPERUITests";
			sourceTree = "<group>";
		};
		D86D45172AFB966800894774 /* App */ = {
			isa = PBXGroup;
			children = (
				D86D44E12AFB932E00894774 /* AppDelegate.swift */,
				D86D44E32AFB932E00894774 /* SceneDelegate.swift */,
			);
			path = App;
			sourceTree = "<group>";
		};
		D86D45182AFB967D00894774 /* Resources */ = {
			isa = PBXGroup;
			children = (
				D86D44ED2AFB933000894774 /* Assets.xcassets */,
				D86D44EF2AFB933000894774 /* LaunchScreen.storyboard */,
				D86D44F22AFB933000894774 /* Info.plist */,
				D874745A2B99A2CE00BF4866 /* GoogleService-Info.plist */,
				D87474582B99A28200BF4866 /* credentials.plist */,
				D86D44EA2AFB932E00894774 /* ToDoList_VIPER.xcdatamodeld */,
			);
			path = Resources;
			sourceTree = "<group>";
		};
		D86D451B2AFB970400894774 /* Entitys */ = {
			isa = PBXGroup;
			children = (
				D8E9F8BB2B109DB800A3F3FC /* TaskStorageManager.swift */,
				D85C583B2B5A771A00023B04 /* OnboardingItems.swift */,
				D8473BE82BB581A00063F87A /* DateItem.swift */,
				D8473BEA2BB5A6250063F87A /* CalendarModel.swift */,
				D8BDEABF2BE3658200C3BE55 /* ColorTransformer.swift */,
				D8B85D692BE3891B0015F2B2 /* TaskCategoryManager.swift */,
				D87087D32BEA35BB00EEDDD7 /* NotificationNames.swift */,
				D8E00C762C16DC66005AEA4D /* MockUsersAvatrs.swift */,
			);
			path = Entitys;
			sourceTree = "<group>";
		};
		D8900F0E2B51354B008E0E34 /* Loading */ = {
			isa = PBXGroup;
			children = (
				D8F11C582B565F5B00D2282D /* View */,
				D8F11C5B2B565F8700D2282D /* Interactor */,
				D8F11C5C2B565F9300D2282D /* Presenter */,
				D8F11C5A2B565F7B00D2282D /* Router */,
			);
			path = Loading;
			sourceTree = "<group>";
		};
		D8900F0F2B513558008E0E34 /* Onboarding */ = {
			isa = PBXGroup;
			children = (
				D85C57E82B57CD0D00023B04 /* Protocols */,
				D85C57E02B57AC1300023B04 /* View */,
				D85C57E22B57C6D100023B04 /* Interactor */,
				D85C57E12B57C6C400023B04 /* Presenter */,
				D85C57E32B57C6D900023B04 /* Router */,
			);
			path = Onboarding;
			sourceTree = "<group>";
		};
		D8AB921C2BBBF83100826A4E /* ToDosDetail */ = {
			isa = PBXGroup;
			children = (
				D8AB92212BBBF85B00826A4E /* Protocols */,
				D8AB92202BBBF85500826A4E /* View */,
				D8AB921F2BBBF84E00826A4E /* Interactor */,
				D8AB921E2BBBF84500826A4E /* Presenter */,
				D8AB921D2BBBF83C00826A4E /* Router */,
			);
			path = ToDosDetail;
			sourceTree = "<group>";
		};
		D8AB921D2BBBF83C00826A4E /* Router */ = {
			isa = PBXGroup;
			children = (
				D8AB922E2BBD601C00826A4E /* ToDosDetailRouter.swift */,
			);
			path = Router;
			sourceTree = "<group>";
		};
		D8AB921E2BBBF84500826A4E /* Presenter */ = {
			isa = PBXGroup;
			children = (
				D8AB922A2BBD5C6800826A4E /* ToDosDetailPresenter.swift */,
			);
			path = Presenter;
			sourceTree = "<group>";
		};
		D8AB921F2BBBF84E00826A4E /* Interactor */ = {
			isa = PBXGroup;
			children = (
				D8AB922C2BBD5D9700826A4E /* ToDosDetailInteractor.swift */,
			);
			path = Interactor;
			sourceTree = "<group>";
		};
		D8AB92202BBBF85500826A4E /* View */ = {
			isa = PBXGroup;
			children = (
				D8AB92222BBBF8A200826A4E /* ToDosDetailController.swift */,
			);
			path = View;
			sourceTree = "<group>";
		};
		D8AB92212BBBF85B00826A4E /* Protocols */ = {
			isa = PBXGroup;
			children = (
				D8AB92282BBD593700826A4E /* ToDosDetailProtocols.swift */,
			);
			path = Protocols;
			sourceTree = "<group>";
		};
		D8B1E9AE2BA2F3D300D455AF /* MainScreen */ = {
			isa = PBXGroup;
			children = (
				D8B1E9AF2BA2F3E600D455AF /* Protocols */,
				D8B1E9B32BA2F42400D455AF /* View */,
				D8B1E9B22BA2F41D00D455AF /* Interactor */,
				D8B1E9B12BA2F41600D455AF /* Presenter */,
				D8B1E9B02BA2F3ED00D455AF /* Router */,
			);
			path = MainScreen;
			sourceTree = "<group>";
		};
		D8B1E9AF2BA2F3E600D455AF /* Protocols */ = {
			isa = PBXGroup;
			children = (
				D8B1E9BC2BA4178B00D455AF /* MainScreenProtocols.swift */,
			);
			path = Protocols;
			sourceTree = "<group>";
		};
		D8B1E9B02BA2F3ED00D455AF /* Router */ = {
			isa = PBXGroup;
			children = (
				D8B1E9C22BA421A600D455AF /* MainScreenRouter.swift */,
			);
			path = Router;
			sourceTree = "<group>";
		};
		D8B1E9B12BA2F41600D455AF /* Presenter */ = {
			isa = PBXGroup;
			children = (
				D8B1E9BE2BA4212A00D455AF /* MainScreenPresenter.swift */,
			);
			path = Presenter;
			sourceTree = "<group>";
		};
		D8B1E9B22BA2F41D00D455AF /* Interactor */ = {
			isa = PBXGroup;
			children = (
				D8B1E9C02BA4217F00D455AF /* MainScreenInteractor.swift */,
			);
			path = Interactor;
			sourceTree = "<group>";
		};
		D8B1E9B32BA2F42400D455AF /* View */ = {
			isa = PBXGroup;
			children = (
				D8B1E9B72BA3024000D455AF /* CustomCell */,
				D864B5F52BAC0B7100650E8A /* MainScreenView.swift */,
				D8B1E9B52BA2F46C00D455AF /* MainScreenController.swift */,
			);
			path = View;
			sourceTree = "<group>";
		};
		D8B1E9B72BA3024000D455AF /* CustomCell */ = {
			isa = PBXGroup;
			children = (
				D8B1E9B82BA3026300D455AF /* MainToDoCell.swift */,
			);
			path = CustomCell;
			sourceTree = "<group>";
		};
		D8B1E9C42BA45F2C00D455AF /* AddNewToDo */ = {
			isa = PBXGroup;
			children = (
				D8B1E9C92BA45F5B00D455AF /* View */,
				D8B1E9C82BA45F5200D455AF /* Interactor */,
				D8B1E9C72BA45F4B00D455AF /* Presenter */,
				D8B1E9C62BA45F4400D455AF /* Router */,
				D8B1E9C52BA45F3B00D455AF /* Protocols */,
			);
			path = AddNewToDo;
			sourceTree = "<group>";
		};
		D8B1E9C52BA45F3B00D455AF /* Protocols */ = {
			isa = PBXGroup;
			children = (
				D8B1E9D82BA8376100D455AF /* AddNewToDosProtocols.swift */,
			);
			path = Protocols;
			sourceTree = "<group>";
		};
		D8B1E9C62BA45F4400D455AF /* Router */ = {
			isa = PBXGroup;
			children = (
				D8B1E9DE2BA84CB100D455AF /* AddNewToDoRouter.swift */,
			);
			path = Router;
			sourceTree = "<group>";
		};
		D8B1E9C72BA45F4B00D455AF /* Presenter */ = {
			isa = PBXGroup;
			children = (
				D8B1E9DA2BA8479E00D455AF /* AddNewToDoPresenter.swift */,
			);
			path = Presenter;
			sourceTree = "<group>";
		};
		D8B1E9C82BA45F5200D455AF /* Interactor */ = {
			isa = PBXGroup;
			children = (
				D8B1E9DC2BA8486600D455AF /* AddNewToDoInteractor.swift */,
			);
			path = Interactor;
			sourceTree = "<group>";
		};
		D8B1E9C92BA45F5B00D455AF /* View */ = {
			isa = PBXGroup;
			children = (
				D8B1E9D32BA5706F00D455AF /* CustomCell */,
				D8B1E9CA2BA465A300D455AF /* AddNewToDoController.swift */,
			);
			path = View;
			sourceTree = "<group>";
		};
		D8B1E9CE2BA469FE00D455AF /* Protocols */ = {
			isa = PBXGroup;
			children = (
				D8B1E9CF2BA46A0E00D455AF /* HomeTabBarProtocols.swift */,
			);
			path = Protocols;
			sourceTree = "<group>";
		};
		D8B1E9D32BA5706F00D455AF /* CustomCell */ = {
			isa = PBXGroup;
			children = (
				D8B1E9E02BAB10BA00D455AF /* CathegoryCell.swift */,
			);
			path = CustomCell;
			sourceTree = "<group>";
		};
		D8BDEAB62BDA168100C3BE55 /* CustomAlert */ = {
			isa = PBXGroup;
			children = (
				D8BDEAB72BDA16A000C3BE55 /* CustomAlertController.swift */,
				D8BDEAB92BDA178200C3BE55 /* CustomAlertView.swift */,
			);
			path = CustomAlert;
			sourceTree = "<group>";
		};
		D8DC23CD2BB1769D00C3E220 /* ToDos */ = {
			isa = PBXGroup;
			children = (
				D8DC23D22BB176DB00C3E220 /* View */,
				D8DC23D12BB176D500C3E220 /* Interactor */,
				D8DC23D02BB176C400C3E220 /* Presenter */,
				D8DC23CF2BB176BD00C3E220 /* Router */,
				D8DC23CE2BB176B400C3E220 /* Protocols */,
			);
			path = ToDos;
			sourceTree = "<group>";
		};
		D8DC23CE2BB176B400C3E220 /* Protocols */ = {
			isa = PBXGroup;
			children = (
				D8A54EBD2BB6D2E000D9B15F /* ToDosModuleProtocols.swift */,
			);
			path = Protocols;
			sourceTree = "<group>";
		};
		D8DC23CF2BB176BD00C3E220 /* Router */ = {
			isa = PBXGroup;
			children = (
				D8473BF02BB7E73C0063F87A /* ToDosRouter.swift */,
			);
			path = Router;
			sourceTree = "<group>";
		};
		D8DC23D02BB176C400C3E220 /* Presenter */ = {
			isa = PBXGroup;
			children = (
				D8A54EBF2BB6D61000D9B15F /* ToDosPresenter.swift */,
			);
			path = Presenter;
			sourceTree = "<group>";
		};
		D8DC23D12BB176D500C3E220 /* Interactor */ = {
			isa = PBXGroup;
			children = (
				D8A54EC12BB6D8E800D9B15F /* ToDosInteractor.swift */,
			);
			path = Interactor;
			sourceTree = "<group>";
		};
		D8DC23D22BB176DB00C3E220 /* View */ = {
			isa = PBXGroup;
			children = (
				D8473BE12BB2C5800063F87A /* CustomCells */,
				D8DC23D62BB17B8300C3E220 /* ToDoController.swift */,
			);
			path = View;
			sourceTree = "<group>";
		};
		D8DC23D32BB1771700C3E220 /* ToDoCell */ = {
			isa = PBXGroup;
			children = (
				D8DC23D42BB1773400C3E220 /* ToDoCell.swift */,
			);
			path = ToDoCell;
			sourceTree = "<group>";
		};
		D8DD85D22BA1F763003E7F89 /* CustomTabBar */ = {
			isa = PBXGroup;
			children = (
				D8DD85CE2B9F370C003E7F89 /* CustomHomeTabBarController.swift */,
				D8DD85D02B9F4AD8003E7F89 /* CustomTabBar.swift */,
			);
			path = CustomTabBar;
			sourceTree = "<group>";
		};
		D8E00C662C1303F4005AEA4D /* ForgottenPasswordModule */ = {
			isa = PBXGroup;
			children = (
				D8E00C6B2C13043C005AEA4D /* Protocols */,
				D8E00C6A2C130434005AEA4D /* View */,
				D8E00C692C13042A005AEA4D /* Interactor */,
				D8E00C682C130423005AEA4D /* Presenter */,
				D8E00C672C13041C005AEA4D /* Router */,
			);
			path = ForgottenPasswordModule;
			sourceTree = "<group>";
		};
		D8E00C672C13041C005AEA4D /* Router */ = {
			isa = PBXGroup;
			children = (
				D8E00C742C1348FF005AEA4D /* ForgettPasswordRouter.swift */,
			);
			path = Router;
			sourceTree = "<group>";
		};
		D8E00C682C130423005AEA4D /* Presenter */ = {
			isa = PBXGroup;
			children = (
				D8E00C702C1345D5005AEA4D /* ForgettPasswortPresenter.swift */,
			);
			path = Presenter;
			sourceTree = "<group>";
		};
		D8E00C692C13042A005AEA4D /* Interactor */ = {
			isa = PBXGroup;
			children = (
				D8E00C722C1346DF005AEA4D /* ForgettPasswordInteractor.swift */,
			);
			path = Interactor;
			sourceTree = "<group>";
		};
		D8E00C6A2C130434005AEA4D /* View */ = {
			isa = PBXGroup;
			children = (
				D8E00C6C2C131425005AEA4D /* ForgottPasswordController.swift */,
			);
			path = View;
			sourceTree = "<group>";
		};
		D8E00C6B2C13043C005AEA4D /* Protocols */ = {
			isa = PBXGroup;
			children = (
				D8E00C6E2C133B96005AEA4D /* ForgettPasswordProtocols.swift */,
			);
			path = Protocols;
			sourceTree = "<group>";
		};
		D8E8405D2B677BCF005A0936 /* RegistrationModule */ = {
			isa = PBXGroup;
			children = (
				D8E840622B677C09005A0936 /* Protocols */,
				D8E840612B677C04005A0936 /* View */,
				D8E840602B677BFD005A0936 /* Interactor */,
				D8E8405F2B677BE9005A0936 /* Presenter */,
				D8E8405E2B677BE3005A0936 /* Router */,
			);
			path = RegistrationModule;
			sourceTree = "<group>";
		};
		D8E8405E2B677BE3005A0936 /* Router */ = {
			isa = PBXGroup;
			children = (
				D8E8406B2B6789F8005A0936 /* RegistrationRouter.swift */,
			);
			path = Router;
			sourceTree = "<group>";
		};
		D8E8405F2B677BE9005A0936 /* Presenter */ = {
			isa = PBXGroup;
			children = (
				D8E840652B6780A6005A0936 /* RegistrationPresenter.swift */,
			);
			path = Presenter;
			sourceTree = "<group>";
		};
		D8E840602B677BFD005A0936 /* Interactor */ = {
			isa = PBXGroup;
			children = (
				D8E840672B678183005A0936 /* RegistrationInteractor.swift */,
			);
			path = Interactor;
			sourceTree = "<group>";
		};
		D8E840612B677C04005A0936 /* View */ = {
			isa = PBXGroup;
			children = (
				D874745C2B99A95600BF4866 /* RegistrationController.swift */,
			);
			path = View;
			sourceTree = "<group>";
		};
		D8E840622B677C09005A0936 /* Protocols */ = {
			isa = PBXGroup;
			children = (
				D8E840632B677C31005A0936 /* RegistrationProtocols.swift */,
			);
			path = Protocols;
			sourceTree = "<group>";
		};
		D8E9F8792B03532000A3F3FC /* Scenes */ = {
			isa = PBXGroup;
			children = (
				D8AB921C2BBBF83100826A4E /* ToDosDetail */,
				D8DC23CD2BB1769D00C3E220 /* ToDos */,
				D8900F0E2B51354B008E0E34 /* Loading */,
				D8900F0F2B513558008E0E34 /* Onboarding */,
				D85C5DA92B614DC900F548AA /* Login */,
				D8E9F87A2B03536800A3F3FC /* HomeTabBar */,
				D8B1E9AE2BA2F3D300D455AF /* MainScreen */,
				D8B1E9C42BA45F2C00D455AF /* AddNewToDo */,
				D86D451B2AFB970400894774 /* Entitys */,
			);
			path = Scenes;
			sourceTree = "<group>";
		};
		D8E9F87A2B03536800A3F3FC /* HomeTabBar */ = {
			isa = PBXGroup;
			children = (
				D8B1E9CE2BA469FE00D455AF /* Protocols */,
				D8DD85D22BA1F763003E7F89 /* CustomTabBar */,
				D8E9F87B2B03537A00A3F3FC /* HomeTabBarRouter.swift */,
				D8B1E9CC2BA469AE00D455AF /* HomeTabBarPresenter.swift */,
			);
			path = HomeTabBar;
			sourceTree = "<group>";
		};
		D8E9F8A02B04D21E00A3F3FC /* Support */ = {
			isa = PBXGroup;
			children = (
				D8F33E302B7E17E30008FE91 /* CustomClasses */,
				D8E9F8A12B04D22400A3F3FC /* Extension */,
				D8E9F8CF2B18A56200A3F3FC /* ToDoObjectSorter.swift */,
				D8900F162B55435A008E0E34 /* NewUserCheck.swift */,
				D82B8B6D2B6B8CCB00A006F2 /* AppConfigurator.swift */,
				D8CE4B712B8739D900E473AC /* RegistrationStatus.swift */,
			);
			path = Support;
			sourceTree = "<group>";
		};
		D8E9F8A12B04D22400A3F3FC /* Extension */ = {
			isa = PBXGroup;
			children = (
				D8E9F8A22B04D23900A3F3FC /* UILabel + EXT.swift */,
				D8E9F8A42B04D32B00A3F3FC /* UITextField + EXT.swift */,
				D8E9F8A62B04D58900A3F3FC /* UIButton + EXT.swift */,
				D8E9F8AE2B0B40FE00A3F3FC /* UIDatePicker + EXT.swift */,
				D8E9F8B02B0B47FB00A3F3FC /* DateFormatter + EXT.swift */,
				D8E9F8BD2B17427F00A3F3FC /* Date + EXT.swift */,
				D8E840532B63A8F0005A0936 /* String + EXT.swift */,
				D8E840552B63AA69005A0936 /* CABasicAnimation + EXT.swift */,
				D8473BEC2BB6BE860063F87A /* UIStackView + EXT.swift */,
				D8AB92262BBD46AD00826A4E /* UINavigationController + EXT.swift */,
			);
			path = Extension;
			sourceTree = "<group>";
		};
		D8F11C582B565F5B00D2282D /* View */ = {
			isa = PBXGroup;
			children = (
				D8900F102B5135F7008E0E34 /* AnimationLoadingController.swift */,
			);
			path = View;
			sourceTree = "<group>";
		};
		D8F11C5A2B565F7B00D2282D /* Router */ = {
			isa = PBXGroup;
			children = (
				D8900F142B5529C7008E0E34 /* AnimationLoadingRouter.swift */,
			);
			path = Router;
			sourceTree = "<group>";
		};
		D8F11C5B2B565F8700D2282D /* Interactor */ = {
			isa = PBXGroup;
			children = (
				D8F11C5D2B5660C900D2282D /* AnimationLoadingInteractor.swift */,
			);
			path = Interactor;
			sourceTree = "<group>";
		};
		D8F11C5C2B565F9300D2282D /* Presenter */ = {
			isa = PBXGroup;
			children = (
				D8F11C5F2B5660DA00D2282D /* AnimationLoadingPresenter.swift */,
			);
			path = Presenter;
			sourceTree = "<group>";
		};
		D8F33E302B7E17E30008FE91 /* CustomClasses */ = {
			isa = PBXGroup;
			children = (
				D8BDEAB62BDA168100C3BE55 /* CustomAlert */,
				D8F33E312B7E17F70008FE91 /* LoadingButton.swift */,
				D8CE4B6F2B87362500E473AC /* Reachability.swift */,
				D8C19ECF2B90B333004BCDDD /* SignInController.swift */,
				D8C19ED32B90F3D4004BCDDD /* SignInTextField.swift */,
				D8C19ED52B91C037004BCDDD /* BaseButton.swift */,
				D87474542B97176C00BF4866 /* CircleBaseButton.swift */,
				D8DC23CB2BAD7D9A00C3E220 /* CircularTransition.swift */,
				D8473BE42BB415BB0063F87A /* HorizontalCalendarView.swift */,
				D8473BE62BB57CEC0063F87A /* CalendarCollection.swift */,
				D8AB92242BBC063400826A4E /* SingleToDoController.swift */,
				D8BDEABB2BDC9C8E00C3BE55 /* CategoryTableView.swift */,
				D8B85D6B2BE398740015F2B2 /* MainScreenCollectionView.swift */,
				D84CADF82BF25E1F009C666D /* NoTaskLabel.swift */,
				D846B8612C14606A00AA8775 /* AuthKeychainManager.swift */,
				D846B8682C18518F00AA8775 /* FirebaseStorageManager.swift */,
			);
			path = CustomClasses;
			sourceTree = "<group>";
		};
/* End PBXGroup section */

/* Begin PBXNativeTarget section */
		D86D44DD2AFB932E00894774 /* ToDoList-VIPER */ = {
			isa = PBXNativeTarget;
			buildConfigurationList = D86D450B2AFB933000894774 /* Build configuration list for PBXNativeTarget "ToDoList-VIPER" */;
			buildPhases = (
				D86D44DA2AFB932E00894774 /* Sources */,
				D86D44DB2AFB932E00894774 /* Frameworks */,
				D86D44DC2AFB932E00894774 /* Resources */,
			);
			buildRules = (
			);
			dependencies = (
			);
			name = "ToDoList-VIPER";
			packageProductDependencies = (
				D86D45152AFB947B00894774 /* SnapKit */,
				D8CCF2C82B62725400C1E358 /* FirebaseAnalytics */,
				D8CCF2CA2B62725400C1E358 /* FirebaseAnalyticsWithoutAdIdSupport */,
				D8CCF2CC2B62725400C1E358 /* FirebaseAuth */,
				D8CCF2CE2B62725400C1E358 /* FirebaseDatabase */,
				D8CCF2D02B62725400C1E358 /* FirebaseDatabaseSwift */,
				D8CCF2D22B62725400C1E358 /* FirebaseFirestore */,
				D8CCF2D42B62725400C1E358 /* FirebaseFirestoreSwift */,
				D8CCF2D62B62725400C1E358 /* FirebaseInstallations */,
				D8CCF2D82B62725400C1E358 /* FirebaseStorage */,
				D8C19EC52B8DC3FF004BCDDD /* GoogleSignIn */,
				D8C19EC72B8DC3FF004BCDDD /* GoogleSignInSwift */,
			);
			productName = "ToDoList-VIPER";
			productReference = D86D44DE2AFB932E00894774 /* ToDoList-VIPER.app */;
			productType = "com.apple.product-type.application";
		};
		D86D44F62AFB933000894774 /* ToDoList-VIPERTests */ = {
			isa = PBXNativeTarget;
			buildConfigurationList = D86D450E2AFB933000894774 /* Build configuration list for PBXNativeTarget "ToDoList-VIPERTests" */;
			buildPhases = (
				D86D44F32AFB933000894774 /* Sources */,
				D86D44F42AFB933000894774 /* Frameworks */,
				D86D44F52AFB933000894774 /* Resources */,
			);
			buildRules = (
			);
			dependencies = (
				D86D44F92AFB933000894774 /* PBXTargetDependency */,
			);
			name = "ToDoList-VIPERTests";
			productName = "ToDoList-VIPERTests";
			productReference = D86D44F72AFB933000894774 /* ToDoList-VIPERTests.xctest */;
			productType = "com.apple.product-type.bundle.unit-test";
		};
		D86D45002AFB933000894774 /* ToDoList-VIPERUITests */ = {
			isa = PBXNativeTarget;
			buildConfigurationList = D86D45112AFB933000894774 /* Build configuration list for PBXNativeTarget "ToDoList-VIPERUITests" */;
			buildPhases = (
				D86D44FD2AFB933000894774 /* Sources */,
				D86D44FE2AFB933000894774 /* Frameworks */,
				D86D44FF2AFB933000894774 /* Resources */,
			);
			buildRules = (
			);
			dependencies = (
				D86D45032AFB933000894774 /* PBXTargetDependency */,
			);
			name = "ToDoList-VIPERUITests";
			productName = "ToDoList-VIPERUITests";
			productReference = D86D45012AFB933000894774 /* ToDoList-VIPERUITests.xctest */;
			productType = "com.apple.product-type.bundle.ui-testing";
		};
/* End PBXNativeTarget section */

/* Begin PBXProject section */
		D86D44D62AFB932E00894774 /* Project object */ = {
			isa = PBXProject;
			attributes = {
				BuildIndependentTargetsInParallel = 1;
				LastSwiftUpdateCheck = 1500;
				LastUpgradeCheck = 1500;
				TargetAttributes = {
					D86D44DD2AFB932E00894774 = {
						CreatedOnToolsVersion = 15.0;
					};
					D86D44F62AFB933000894774 = {
						CreatedOnToolsVersion = 15.0;
						TestTargetID = D86D44DD2AFB932E00894774;
					};
					D86D45002AFB933000894774 = {
						CreatedOnToolsVersion = 15.0;
						TestTargetID = D86D44DD2AFB932E00894774;
					};
				};
			};
			buildConfigurationList = D86D44D92AFB932E00894774 /* Build configuration list for PBXProject "ToDoList-VIPER" */;
			compatibilityVersion = "Xcode 14.0";
			developmentRegion = en;
			hasScannedForEncodings = 0;
			knownRegions = (
				en,
				Base,
			);
			mainGroup = D86D44D52AFB932E00894774;
			packageReferences = (
				D86D45142AFB947B00894774 /* XCRemoteSwiftPackageReference "SnapKit" */,
				D8CCF2C72B62725400C1E358 /* XCRemoteSwiftPackageReference "firebase-ios-sdk" */,
				D8C19EC42B8DC3FF004BCDDD /* XCRemoteSwiftPackageReference "GoogleSignIn-iOS" */,
			);
			productRefGroup = D86D44DF2AFB932E00894774 /* Products */;
			projectDirPath = "";
			projectRoot = "";
			targets = (
				D86D44DD2AFB932E00894774 /* ToDoList-VIPER */,
				D86D44F62AFB933000894774 /* ToDoList-VIPERTests */,
				D86D45002AFB933000894774 /* ToDoList-VIPERUITests */,
			);
		};
/* End PBXProject section */

/* Begin PBXResourcesBuildPhase section */
		D86D44DC2AFB932E00894774 /* Resources */ = {
			isa = PBXResourcesBuildPhase;
			buildActionMask = 2147483647;
			files = (
				D86D44F12AFB933000894774 /* LaunchScreen.storyboard in Resources */,
				D87474592B99A28200BF4866 /* credentials.plist in Resources */,
				D874745B2B99A2CE00BF4866 /* GoogleService-Info.plist in Resources */,
				D86D44EE2AFB933000894774 /* Assets.xcassets in Resources */,
			);
			runOnlyForDeploymentPostprocessing = 0;
		};
		D86D44F52AFB933000894774 /* Resources */ = {
			isa = PBXResourcesBuildPhase;
			buildActionMask = 2147483647;
			files = (
			);
			runOnlyForDeploymentPostprocessing = 0;
		};
		D86D44FF2AFB933000894774 /* Resources */ = {
			isa = PBXResourcesBuildPhase;
			buildActionMask = 2147483647;
			files = (
			);
			runOnlyForDeploymentPostprocessing = 0;
		};
/* End PBXResourcesBuildPhase section */

/* Begin PBXSourcesBuildPhase section */
		D86D44DA2AFB932E00894774 /* Sources */ = {
			isa = PBXSourcesBuildPhase;
			buildActionMask = 2147483647;
			files = (
				D8F33E322B7E17F70008FE91 /* LoadingButton.swift in Sources */,
				D8B1E9DD2BA8486600D455AF /* AddNewToDoInteractor.swift in Sources */,
				D8AB922F2BBD601C00826A4E /* ToDosDetailRouter.swift in Sources */,
				D82B8B6E2B6B8CCB00A006F2 /* AppConfigurator.swift in Sources */,
				D8B1E9B92BA3026300D455AF /* MainToDoCell.swift in Sources */,
				D8BDEAB82BDA16A000C3BE55 /* CustomAlertController.swift in Sources */,
				D85C57E72B57CCA600023B04 /* OnboardingPresenter.swift in Sources */,
				D8473BED2BB6BE860063F87A /* UIStackView + EXT.swift in Sources */,
				D8E840542B63A8F0005A0936 /* String + EXT.swift in Sources */,
				D8E8405A2B63B148005A0936 /* LoginInteractor.swift in Sources */,
				D8CE4B702B87362500E473AC /* Reachability.swift in Sources */,
				D8B1E9BD2BA4178B00D455AF /* MainScreenProtocols.swift in Sources */,
				D8E840642B677C31005A0936 /* RegistrationProtocols.swift in Sources */,
				D8473BF12BB7E73C0063F87A /* ToDosRouter.swift in Sources */,
				D8900F172B55435A008E0E34 /* NewUserCheck.swift in Sources */,
				D8BDEAC02BE3658200C3BE55 /* ColorTransformer.swift in Sources */,
				D8AB922D2BBD5D9700826A4E /* ToDosDetailInteractor.swift in Sources */,
				D8900F152B5529C7008E0E34 /* AnimationLoadingRouter.swift in Sources */,
				D8F11C622B5669AC00D2282D /* MockViewController.swift in Sources */,
				D85C57EC2B57D0AD00023B04 /* OnboardingInteractor.swift in Sources */,
				D8B1E9E12BAB10BA00D455AF /* CathegoryCell.swift in Sources */,
				D8B85D6C2BE398740015F2B2 /* MainScreenCollectionView.swift in Sources */,
				D8473BE32BB2C5DF0063F87A /* CalendarCollectionCell.swift in Sources */,
				D864B5F62BAC0B7100650E8A /* MainScreenView.swift in Sources */,
				D8473BE72BB57CEC0063F87A /* CalendarCollection.swift in Sources */,
				D8DC23CC2BAD7D9A00C3E220 /* CircularTransition.swift in Sources */,
				D8A54EC22BB6D8E800D9B15F /* ToDosInteractor.swift in Sources */,
				D8E9F8B12B0B47FB00A3F3FC /* DateFormatter + EXT.swift in Sources */,
				D8AB92272BBD46AD00826A4E /* UINavigationController + EXT.swift in Sources */,
				D86D44E22AFB932E00894774 /* AppDelegate.swift in Sources */,
				D8B1E9B62BA2F46C00D455AF /* MainScreenController.swift in Sources */,
				D8E9F8BC2B109DB800A3F3FC /* TaskStorageManager.swift in Sources */,
				D8E8406C2B6789F8005A0936 /* RegistrationRouter.swift in Sources */,
				D8F11C5E2B5660C900D2282D /* AnimationLoadingInteractor.swift in Sources */,
				D8AB92232BBBF8A200826A4E /* ToDosDetailController.swift in Sources */,
				D8E00C732C1346DF005AEA4D /* ForgettPasswordInteractor.swift in Sources */,
				D8B1E9D02BA46A0E00D455AF /* HomeTabBarProtocols.swift in Sources */,
				D8AB922B2BBD5C6800826A4E /* ToDosDetailPresenter.swift in Sources */,
				D8DC23D72BB17B8300C3E220 /* ToDoController.swift in Sources */,
				D85C57EA2B57CD1E00023B04 /* OnboardingProtocols.swift in Sources */,
				D8E9F8BA2B0CC0CB00A3F3FC /* ToDoObject+CoreDataProperties.swift in Sources */,
				D8B85D6A2BE3891B0015F2B2 /* TaskCategoryManager.swift in Sources */,
				D8DC23D52BB1773400C3E220 /* ToDoCell.swift in Sources */,
				D8473BEB2BB5A6250063F87A /* CalendarModel.swift in Sources */,
				D85C583C2B5A771A00023B04 /* OnboardingItems.swift in Sources */,
				D8E9F8A52B04D32B00A3F3FC /* UITextField + EXT.swift in Sources */,
				D8473BE52BB415BB0063F87A /* HorizontalCalendarView.swift in Sources */,
				D85C57E52B57C71900023B04 /* OnboardingPage.swift in Sources */,
				D8AB92292BBD593700826A4E /* ToDosDetailProtocols.swift in Sources */,
				D8E9F8B92B0CC0CB00A3F3FC /* ToDoObject+CoreDataClass.swift in Sources */,
				D8DD85D12B9F4AD8003E7F89 /* CustomTabBar.swift in Sources */,
				D8A54EBE2BB6D2E000D9B15F /* ToDosModuleProtocols.swift in Sources */,
				D8E840582B63B0AB005A0936 /* LoginPresenter.swift in Sources */,
				D8B1E9C12BA4217F00D455AF /* MainScreenInteractor.swift in Sources */,
				D8B1E9DF2BA84CB100D455AF /* AddNewToDoRouter.swift in Sources */,
				D86D44EC2AFB932E00894774 /* ToDoList_VIPER.xcdatamodeld in Sources */,
				D8B1E9CD2BA469AF00D455AF /* HomeTabBarPresenter.swift in Sources */,
				D8E00C6F2C133B96005AEA4D /* ForgettPasswordProtocols.swift in Sources */,
				D8E00C752C1348FF005AEA4D /* ForgettPasswordRouter.swift in Sources */,
				D84CADF92BF25E1F009C666D /* NoTaskLabel.swift in Sources */,
				D8E9F87C2B03537A00A3F3FC /* HomeTabBarRouter.swift in Sources */,
				D8900F112B5135F7008E0E34 /* AnimationLoadingController.swift in Sources */,
				D8B1E9D92BA8376100D455AF /* AddNewToDosProtocols.swift in Sources */,
				D8BDEABC2BDC9C8E00C3BE55 /* CategoryTableView.swift in Sources */,
				D8E840682B678183005A0936 /* RegistrationInteractor.swift in Sources */,
				D8C19ED22B90B494004BCDDD /* LoginController.swift in Sources */,
				D8CE4B722B8739D900E473AC /* RegistrationStatus.swift in Sources */,
				D8E9F8BE2B17427F00A3F3FC /* Date + EXT.swift in Sources */,
				D8BDEABA2BDA178200C3BE55 /* CustomAlertView.swift in Sources */,
				D8C19ED62B91C037004BCDDD /* BaseButton.swift in Sources */,
				D8A54EC02BB6D61000D9B15F /* ToDosPresenter.swift in Sources */,
				D8E00C772C16DC66005AEA4D /* MockUsersAvatrs.swift in Sources */,
				D846B8692C18518F00AA8775 /* FirebaseStorageManager.swift in Sources */,
				D85C58392B5A595400023B04 /* OnboardingPagesController.swift in Sources */,
				D8C19ED42B90F3D4004BCDDD /* SignInTextField.swift in Sources */,
				D8AB92252BBC063400826A4E /* SingleToDoController.swift in Sources */,
				D8B1E9C32BA421A600D455AF /* MainScreenRouter.swift in Sources */,
				D8473BE92BB581A00063F87A /* DateItem.swift in Sources */,
				D8E840662B6780A6005A0936 /* RegistrationPresenter.swift in Sources */,
				D8DD85CF2B9F370C003E7F89 /* CustomHomeTabBarController.swift in Sources */,
				D8E9F8A32B04D23900A3F3FC /* UILabel + EXT.swift in Sources */,
				D846B8622C14606A00AA8775 /* AuthKeychainManager.swift in Sources */,
				D87474552B97176C00BF4866 /* CircleBaseButton.swift in Sources */,
				D8B1E9BF2BA4212A00D455AF /* MainScreenPresenter.swift in Sources */,
				D8E9F8D02B18A56200A3F3FC /* ToDoObjectSorter.swift in Sources */,
				D85C57EE2B57D16300023B04 /* OnboardingRouter.swift in Sources */,
				D874745D2B99A95600BF4866 /* RegistrationController.swift in Sources */,
				D8B1E9DB2BA8479E00D455AF /* AddNewToDoPresenter.swift in Sources */,
				D87087D42BEA35BB00EEDDD7 /* NotificationNames.swift in Sources */,
				D8E9F8A72B04D58900A3F3FC /* UIButton + EXT.swift in Sources */,
				D8C19ED02B90B333004BCDDD /* SignInController.swift in Sources */,
				D8E00C712C1345D5005AEA4D /* ForgettPasswortPresenter.swift in Sources */,
				D85C5DB02B614E2F00F548AA /* LoginProtocols.swift in Sources */,
				D8F11C602B5660DA00D2282D /* AnimationLoadingPresenter.swift in Sources */,
				D8B1E9CB2BA465A300D455AF /* AddNewToDoController.swift in Sources */,
				D8E00C6D2C131425005AEA4D /* ForgottPasswordController.swift in Sources */,
				D8E9F8AF2B0B40FE00A3F3FC /* UIDatePicker + EXT.swift in Sources */,
				D86D44E42AFB932E00894774 /* SceneDelegate.swift in Sources */,
				D8E8405C2B63B2D1005A0936 /* LoginRouter.swift in Sources */,
				D8E840562B63AA69005A0936 /* CABasicAnimation + EXT.swift in Sources */,
			);
			runOnlyForDeploymentPostprocessing = 0;
		};
		D86D44F32AFB933000894774 /* Sources */ = {
			isa = PBXSourcesBuildPhase;
			buildActionMask = 2147483647;
			files = (
				D86D44FC2AFB933000894774 /* ToDoList_VIPERTests.swift in Sources */,
			);
			runOnlyForDeploymentPostprocessing = 0;
		};
		D86D44FD2AFB933000894774 /* Sources */ = {
			isa = PBXSourcesBuildPhase;
			buildActionMask = 2147483647;
			files = (
				D86D45062AFB933000894774 /* ToDoList_VIPERUITests.swift in Sources */,
				D86D45082AFB933000894774 /* ToDoList_VIPERUITestsLaunchTests.swift in Sources */,
			);
			runOnlyForDeploymentPostprocessing = 0;
		};
/* End PBXSourcesBuildPhase section */

/* Begin PBXTargetDependency section */
		D86D44F92AFB933000894774 /* PBXTargetDependency */ = {
			isa = PBXTargetDependency;
			target = D86D44DD2AFB932E00894774 /* ToDoList-VIPER */;
			targetProxy = D86D44F82AFB933000894774 /* PBXContainerItemProxy */;
		};
		D86D45032AFB933000894774 /* PBXTargetDependency */ = {
			isa = PBXTargetDependency;
			target = D86D44DD2AFB932E00894774 /* ToDoList-VIPER */;
			targetProxy = D86D45022AFB933000894774 /* PBXContainerItemProxy */;
		};
/* End PBXTargetDependency section */

/* Begin PBXVariantGroup section */
		D86D44EF2AFB933000894774 /* LaunchScreen.storyboard */ = {
			isa = PBXVariantGroup;
			children = (
				D86D44F02AFB933000894774 /* Base */,
			);
			name = LaunchScreen.storyboard;
			sourceTree = "<group>";
		};
/* End PBXVariantGroup section */

/* Begin XCBuildConfiguration section */
		D86D45092AFB933000894774 /* Debug */ = {
			isa = XCBuildConfiguration;
			buildSettings = {
				ALWAYS_SEARCH_USER_PATHS = NO;
				ASSETCATALOG_COMPILER_GENERATE_SWIFT_ASSET_SYMBOL_EXTENSIONS = YES;
				CLANG_ANALYZER_NONNULL = YES;
				CLANG_ANALYZER_NUMBER_OBJECT_CONVERSION = YES_AGGRESSIVE;
				CLANG_CXX_LANGUAGE_STANDARD = "gnu++20";
				CLANG_ENABLE_MODULES = YES;
				CLANG_ENABLE_OBJC_ARC = YES;
				CLANG_ENABLE_OBJC_WEAK = YES;
				CLANG_WARN_BLOCK_CAPTURE_AUTORELEASING = YES;
				CLANG_WARN_BOOL_CONVERSION = YES;
				CLANG_WARN_COMMA = YES;
				CLANG_WARN_CONSTANT_CONVERSION = YES;
				CLANG_WARN_DEPRECATED_OBJC_IMPLEMENTATIONS = YES;
				CLANG_WARN_DIRECT_OBJC_ISA_USAGE = YES_ERROR;
				CLANG_WARN_DOCUMENTATION_COMMENTS = YES;
				CLANG_WARN_EMPTY_BODY = YES;
				CLANG_WARN_ENUM_CONVERSION = YES;
				CLANG_WARN_INFINITE_RECURSION = YES;
				CLANG_WARN_INT_CONVERSION = YES;
				CLANG_WARN_NON_LITERAL_NULL_CONVERSION = YES;
				CLANG_WARN_OBJC_IMPLICIT_RETAIN_SELF = YES;
				CLANG_WARN_OBJC_LITERAL_CONVERSION = YES;
				CLANG_WARN_OBJC_ROOT_CLASS = YES_ERROR;
				CLANG_WARN_QUOTED_INCLUDE_IN_FRAMEWORK_HEADER = YES;
				CLANG_WARN_RANGE_LOOP_ANALYSIS = YES;
				CLANG_WARN_STRICT_PROTOTYPES = YES;
				CLANG_WARN_SUSPICIOUS_MOVE = YES;
				CLANG_WARN_UNGUARDED_AVAILABILITY = YES_AGGRESSIVE;
				CLANG_WARN_UNREACHABLE_CODE = YES;
				CLANG_WARN__DUPLICATE_METHOD_MATCH = YES;
				COPY_PHASE_STRIP = NO;
				DEBUG_INFORMATION_FORMAT = dwarf;
				ENABLE_STRICT_OBJC_MSGSEND = YES;
				ENABLE_TESTABILITY = YES;
				ENABLE_USER_SCRIPT_SANDBOXING = YES;
				GCC_C_LANGUAGE_STANDARD = gnu17;
				GCC_DYNAMIC_NO_PIC = NO;
				GCC_NO_COMMON_BLOCKS = YES;
				GCC_OPTIMIZATION_LEVEL = 0;
				GCC_PREPROCESSOR_DEFINITIONS = (
					"DEBUG=1",
					"$(inherited)",
				);
				GCC_WARN_64_TO_32_BIT_CONVERSION = YES;
				GCC_WARN_ABOUT_RETURN_TYPE = YES_ERROR;
				GCC_WARN_UNDECLARED_SELECTOR = YES;
				GCC_WARN_UNINITIALIZED_AUTOS = YES_AGGRESSIVE;
				GCC_WARN_UNUSED_FUNCTION = YES;
				GCC_WARN_UNUSED_VARIABLE = YES;
				IPHONEOS_DEPLOYMENT_TARGET = 17.0;
				LOCALIZATION_PREFERS_STRING_CATALOGS = YES;
				MTL_ENABLE_DEBUG_INFO = INCLUDE_SOURCE;
				MTL_FAST_MATH = YES;
				ONLY_ACTIVE_ARCH = YES;
				SDKROOT = iphoneos;
				SWIFT_ACTIVE_COMPILATION_CONDITIONS = "DEBUG $(inherited)";
				SWIFT_OPTIMIZATION_LEVEL = "-Onone";
			};
			name = Debug;
		};
		D86D450A2AFB933000894774 /* Release */ = {
			isa = XCBuildConfiguration;
			buildSettings = {
				ALWAYS_SEARCH_USER_PATHS = NO;
				ASSETCATALOG_COMPILER_GENERATE_SWIFT_ASSET_SYMBOL_EXTENSIONS = YES;
				CLANG_ANALYZER_NONNULL = YES;
				CLANG_ANALYZER_NUMBER_OBJECT_CONVERSION = YES_AGGRESSIVE;
				CLANG_CXX_LANGUAGE_STANDARD = "gnu++20";
				CLANG_ENABLE_MODULES = YES;
				CLANG_ENABLE_OBJC_ARC = YES;
				CLANG_ENABLE_OBJC_WEAK = YES;
				CLANG_WARN_BLOCK_CAPTURE_AUTORELEASING = YES;
				CLANG_WARN_BOOL_CONVERSION = YES;
				CLANG_WARN_COMMA = YES;
				CLANG_WARN_CONSTANT_CONVERSION = YES;
				CLANG_WARN_DEPRECATED_OBJC_IMPLEMENTATIONS = YES;
				CLANG_WARN_DIRECT_OBJC_ISA_USAGE = YES_ERROR;
				CLANG_WARN_DOCUMENTATION_COMMENTS = YES;
				CLANG_WARN_EMPTY_BODY = YES;
				CLANG_WARN_ENUM_CONVERSION = YES;
				CLANG_WARN_INFINITE_RECURSION = YES;
				CLANG_WARN_INT_CONVERSION = YES;
				CLANG_WARN_NON_LITERAL_NULL_CONVERSION = YES;
				CLANG_WARN_OBJC_IMPLICIT_RETAIN_SELF = YES;
				CLANG_WARN_OBJC_LITERAL_CONVERSION = YES;
				CLANG_WARN_OBJC_ROOT_CLASS = YES_ERROR;
				CLANG_WARN_QUOTED_INCLUDE_IN_FRAMEWORK_HEADER = YES;
				CLANG_WARN_RANGE_LOOP_ANALYSIS = YES;
				CLANG_WARN_STRICT_PROTOTYPES = YES;
				CLANG_WARN_SUSPICIOUS_MOVE = YES;
				CLANG_WARN_UNGUARDED_AVAILABILITY = YES_AGGRESSIVE;
				CLANG_WARN_UNREACHABLE_CODE = YES;
				CLANG_WARN__DUPLICATE_METHOD_MATCH = YES;
				COPY_PHASE_STRIP = NO;
				DEBUG_INFORMATION_FORMAT = "dwarf-with-dsym";
				ENABLE_NS_ASSERTIONS = NO;
				ENABLE_STRICT_OBJC_MSGSEND = YES;
				ENABLE_USER_SCRIPT_SANDBOXING = YES;
				GCC_C_LANGUAGE_STANDARD = gnu17;
				GCC_NO_COMMON_BLOCKS = YES;
				GCC_WARN_64_TO_32_BIT_CONVERSION = YES;
				GCC_WARN_ABOUT_RETURN_TYPE = YES_ERROR;
				GCC_WARN_UNDECLARED_SELECTOR = YES;
				GCC_WARN_UNINITIALIZED_AUTOS = YES_AGGRESSIVE;
				GCC_WARN_UNUSED_FUNCTION = YES;
				GCC_WARN_UNUSED_VARIABLE = YES;
				IPHONEOS_DEPLOYMENT_TARGET = 17.0;
				LOCALIZATION_PREFERS_STRING_CATALOGS = YES;
				MTL_ENABLE_DEBUG_INFO = NO;
				MTL_FAST_MATH = YES;
				SDKROOT = iphoneos;
				SWIFT_COMPILATION_MODE = wholemodule;
				VALIDATE_PRODUCT = YES;
			};
			name = Release;
		};
		D86D450C2AFB933000894774 /* Debug */ = {
			isa = XCBuildConfiguration;
			buildSettings = {
				ASSETCATALOG_COMPILER_APPICON_NAME = AppIcon;
				ASSETCATALOG_COMPILER_GLOBAL_ACCENT_COLOR_NAME = AccentColor;
				CODE_SIGN_STYLE = Automatic;
				CURRENT_PROJECT_VERSION = 1;
				DEVELOPMENT_TEAM = 9KN879RV4D;
				GENERATE_INFOPLIST_FILE = YES;
				INFOPLIST_FILE = "ToDoList-VIPER/Resources/Info.plist";
				INFOPLIST_KEY_NSCameraUsageDescription = "\"Разрешить доступ к камере, чтобы использовать сделанное фото в качестве аватара?\"";
				INFOPLIST_KEY_NSPhotoLibraryUsageDescription = "\"Разрешить доступ к медиа библиотеки, чтобы использовать сохраненные фото в качестве аватара?\"";
				INFOPLIST_KEY_UIApplicationSupportsIndirectInputEvents = YES;
				INFOPLIST_KEY_UILaunchStoryboardName = LaunchScreen;
				INFOPLIST_KEY_UISupportedInterfaceOrientations_iPad = "UIInterfaceOrientationPortrait UIInterfaceOrientationPortraitUpsideDown UIInterfaceOrientationLandscapeLeft UIInterfaceOrientationLandscapeRight";
				INFOPLIST_KEY_UISupportedInterfaceOrientations_iPhone = "UIInterfaceOrientationPortrait UIInterfaceOrientationLandscapeLeft UIInterfaceOrientationLandscapeRight";
				LD_RUNPATH_SEARCH_PATHS = (
					"$(inherited)",
					"@executable_path/Frameworks",
				);
				MARKETING_VERSION = 1.0;
				PRODUCT_BUNDLE_IDENTIFIER = "-.ToDoList-VIPER";
				PRODUCT_NAME = "$(TARGET_NAME)";
				SWIFT_EMIT_LOC_STRINGS = YES;
				SWIFT_VERSION = 5.0;
				TARGETED_DEVICE_FAMILY = "1,2";
			};
			name = Debug;
		};
		D86D450D2AFB933000894774 /* Release */ = {
			isa = XCBuildConfiguration;
			buildSettings = {
				ASSETCATALOG_COMPILER_APPICON_NAME = AppIcon;
				ASSETCATALOG_COMPILER_GLOBAL_ACCENT_COLOR_NAME = AccentColor;
				CODE_SIGN_STYLE = Automatic;
				CURRENT_PROJECT_VERSION = 1;
				DEVELOPMENT_TEAM = 9KN879RV4D;
				GENERATE_INFOPLIST_FILE = YES;
				INFOPLIST_FILE = "ToDoList-VIPER/Resources/Info.plist";
				INFOPLIST_KEY_NSCameraUsageDescription = "\"Разрешить доступ к камере, чтобы использовать сделанное фото в качестве аватара?\"";
				INFOPLIST_KEY_NSPhotoLibraryUsageDescription = "\"Разрешить доступ к медиа библиотеки, чтобы использовать сохраненные фото в качестве аватара?\"";
				INFOPLIST_KEY_UIApplicationSupportsIndirectInputEvents = YES;
				INFOPLIST_KEY_UILaunchStoryboardName = LaunchScreen;
				INFOPLIST_KEY_UISupportedInterfaceOrientations_iPad = "UIInterfaceOrientationPortrait UIInterfaceOrientationPortraitUpsideDown UIInterfaceOrientationLandscapeLeft UIInterfaceOrientationLandscapeRight";
				INFOPLIST_KEY_UISupportedInterfaceOrientations_iPhone = "UIInterfaceOrientationPortrait UIInterfaceOrientationLandscapeLeft UIInterfaceOrientationLandscapeRight";
				LD_RUNPATH_SEARCH_PATHS = (
					"$(inherited)",
					"@executable_path/Frameworks",
				);
				MARKETING_VERSION = 1.0;
				PRODUCT_BUNDLE_IDENTIFIER = "-.ToDoList-VIPER";
				PRODUCT_NAME = "$(TARGET_NAME)";
				SWIFT_EMIT_LOC_STRINGS = YES;
				SWIFT_VERSION = 5.0;
				TARGETED_DEVICE_FAMILY = "1,2";
			};
			name = Release;
		};
		D86D450F2AFB933000894774 /* Debug */ = {
			isa = XCBuildConfiguration;
			buildSettings = {
				ALWAYS_EMBED_SWIFT_STANDARD_LIBRARIES = YES;
				BUNDLE_LOADER = "$(TEST_HOST)";
				CODE_SIGN_STYLE = Automatic;
				CURRENT_PROJECT_VERSION = 1;
				DEVELOPMENT_TEAM = 9KN879RV4D;
				GENERATE_INFOPLIST_FILE = YES;
				IPHONEOS_DEPLOYMENT_TARGET = 17.0;
				MARKETING_VERSION = 1.0;
				PRODUCT_BUNDLE_IDENTIFIER = "-.ToDoList-VIPERTests";
				PRODUCT_NAME = "$(TARGET_NAME)";
				SWIFT_EMIT_LOC_STRINGS = NO;
				SWIFT_VERSION = 5.0;
				TARGETED_DEVICE_FAMILY = "1,2";
				TEST_HOST = "$(BUILT_PRODUCTS_DIR)/ToDoList-VIPER.app/$(BUNDLE_EXECUTABLE_FOLDER_PATH)/ToDoList-VIPER";
			};
			name = Debug;
		};
		D86D45102AFB933000894774 /* Release */ = {
			isa = XCBuildConfiguration;
			buildSettings = {
				ALWAYS_EMBED_SWIFT_STANDARD_LIBRARIES = YES;
				BUNDLE_LOADER = "$(TEST_HOST)";
				CODE_SIGN_STYLE = Automatic;
				CURRENT_PROJECT_VERSION = 1;
				DEVELOPMENT_TEAM = 9KN879RV4D;
				GENERATE_INFOPLIST_FILE = YES;
				IPHONEOS_DEPLOYMENT_TARGET = 17.0;
				MARKETING_VERSION = 1.0;
				PRODUCT_BUNDLE_IDENTIFIER = "-.ToDoList-VIPERTests";
				PRODUCT_NAME = "$(TARGET_NAME)";
				SWIFT_EMIT_LOC_STRINGS = NO;
				SWIFT_VERSION = 5.0;
				TARGETED_DEVICE_FAMILY = "1,2";
				TEST_HOST = "$(BUILT_PRODUCTS_DIR)/ToDoList-VIPER.app/$(BUNDLE_EXECUTABLE_FOLDER_PATH)/ToDoList-VIPER";
			};
			name = Release;
		};
		D86D45122AFB933000894774 /* Debug */ = {
			isa = XCBuildConfiguration;
			buildSettings = {
				ALWAYS_EMBED_SWIFT_STANDARD_LIBRARIES = YES;
				CODE_SIGN_STYLE = Automatic;
				CURRENT_PROJECT_VERSION = 1;
				DEVELOPMENT_TEAM = 9KN879RV4D;
				GENERATE_INFOPLIST_FILE = YES;
				MARKETING_VERSION = 1.0;
				PRODUCT_BUNDLE_IDENTIFIER = "-.ToDoList-VIPERUITests";
				PRODUCT_NAME = "$(TARGET_NAME)";
				SWIFT_EMIT_LOC_STRINGS = NO;
				SWIFT_VERSION = 5.0;
				TARGETED_DEVICE_FAMILY = "1,2";
				TEST_TARGET_NAME = "ToDoList-VIPER";
			};
			name = Debug;
		};
		D86D45132AFB933000894774 /* Release */ = {
			isa = XCBuildConfiguration;
			buildSettings = {
				ALWAYS_EMBED_SWIFT_STANDARD_LIBRARIES = YES;
				CODE_SIGN_STYLE = Automatic;
				CURRENT_PROJECT_VERSION = 1;
				DEVELOPMENT_TEAM = 9KN879RV4D;
				GENERATE_INFOPLIST_FILE = YES;
				MARKETING_VERSION = 1.0;
				PRODUCT_BUNDLE_IDENTIFIER = "-.ToDoList-VIPERUITests";
				PRODUCT_NAME = "$(TARGET_NAME)";
				SWIFT_EMIT_LOC_STRINGS = NO;
				SWIFT_VERSION = 5.0;
				TARGETED_DEVICE_FAMILY = "1,2";
				TEST_TARGET_NAME = "ToDoList-VIPER";
			};
			name = Release;
		};
/* End XCBuildConfiguration section */

/* Begin XCConfigurationList section */
		D86D44D92AFB932E00894774 /* Build configuration list for PBXProject "ToDoList-VIPER" */ = {
			isa = XCConfigurationList;
			buildConfigurations = (
				D86D45092AFB933000894774 /* Debug */,
				D86D450A2AFB933000894774 /* Release */,
			);
			defaultConfigurationIsVisible = 0;
			defaultConfigurationName = Release;
		};
		D86D450B2AFB933000894774 /* Build configuration list for PBXNativeTarget "ToDoList-VIPER" */ = {
			isa = XCConfigurationList;
			buildConfigurations = (
				D86D450C2AFB933000894774 /* Debug */,
				D86D450D2AFB933000894774 /* Release */,
			);
			defaultConfigurationIsVisible = 0;
			defaultConfigurationName = Release;
		};
		D86D450E2AFB933000894774 /* Build configuration list for PBXNativeTarget "ToDoList-VIPERTests" */ = {
			isa = XCConfigurationList;
			buildConfigurations = (
				D86D450F2AFB933000894774 /* Debug */,
				D86D45102AFB933000894774 /* Release */,
			);
			defaultConfigurationIsVisible = 0;
			defaultConfigurationName = Release;
		};
		D86D45112AFB933000894774 /* Build configuration list for PBXNativeTarget "ToDoList-VIPERUITests" */ = {
			isa = XCConfigurationList;
			buildConfigurations = (
				D86D45122AFB933000894774 /* Debug */,
				D86D45132AFB933000894774 /* Release */,
			);
			defaultConfigurationIsVisible = 0;
			defaultConfigurationName = Release;
		};
/* End XCConfigurationList section */

/* Begin XCRemoteSwiftPackageReference section */
		D86D45142AFB947B00894774 /* XCRemoteSwiftPackageReference "SnapKit" */ = {
			isa = XCRemoteSwiftPackageReference;
			repositoryURL = "https://github.com/SnapKit/SnapKit.git";
			requirement = {
				kind = upToNextMajorVersion;
				minimumVersion = 5.6.0;
			};
		};
		D8C19EC42B8DC3FF004BCDDD /* XCRemoteSwiftPackageReference "GoogleSignIn-iOS" */ = {
			isa = XCRemoteSwiftPackageReference;
			repositoryURL = "https://github.com/google/GoogleSignIn-iOS.git";
			requirement = {
				kind = upToNextMajorVersion;
				minimumVersion = 7.0.0;
			};
		};
		D8CCF2C72B62725400C1E358 /* XCRemoteSwiftPackageReference "firebase-ios-sdk" */ = {
			isa = XCRemoteSwiftPackageReference;
			repositoryURL = "https://github.com/firebase/firebase-ios-sdk";
			requirement = {
				kind = upToNextMajorVersion;
				minimumVersion = 10.20.0;
			};
		};
/* End XCRemoteSwiftPackageReference section */

/* Begin XCSwiftPackageProductDependency section */
		D86D45152AFB947B00894774 /* SnapKit */ = {
			isa = XCSwiftPackageProductDependency;
			package = D86D45142AFB947B00894774 /* XCRemoteSwiftPackageReference "SnapKit" */;
			productName = SnapKit;
		};
		D8C19EC52B8DC3FF004BCDDD /* GoogleSignIn */ = {
			isa = XCSwiftPackageProductDependency;
			package = D8C19EC42B8DC3FF004BCDDD /* XCRemoteSwiftPackageReference "GoogleSignIn-iOS" */;
			productName = GoogleSignIn;
		};
		D8C19EC72B8DC3FF004BCDDD /* GoogleSignInSwift */ = {
			isa = XCSwiftPackageProductDependency;
			package = D8C19EC42B8DC3FF004BCDDD /* XCRemoteSwiftPackageReference "GoogleSignIn-iOS" */;
			productName = GoogleSignInSwift;
		};
		D8CCF2C82B62725400C1E358 /* FirebaseAnalytics */ = {
			isa = XCSwiftPackageProductDependency;
			package = D8CCF2C72B62725400C1E358 /* XCRemoteSwiftPackageReference "firebase-ios-sdk" */;
			productName = FirebaseAnalytics;
		};
		D8CCF2CA2B62725400C1E358 /* FirebaseAnalyticsWithoutAdIdSupport */ = {
			isa = XCSwiftPackageProductDependency;
			package = D8CCF2C72B62725400C1E358 /* XCRemoteSwiftPackageReference "firebase-ios-sdk" */;
			productName = FirebaseAnalyticsWithoutAdIdSupport;
		};
		D8CCF2CC2B62725400C1E358 /* FirebaseAuth */ = {
			isa = XCSwiftPackageProductDependency;
			package = D8CCF2C72B62725400C1E358 /* XCRemoteSwiftPackageReference "firebase-ios-sdk" */;
			productName = FirebaseAuth;
		};
		D8CCF2CE2B62725400C1E358 /* FirebaseDatabase */ = {
			isa = XCSwiftPackageProductDependency;
			package = D8CCF2C72B62725400C1E358 /* XCRemoteSwiftPackageReference "firebase-ios-sdk" */;
			productName = FirebaseDatabase;
		};
		D8CCF2D02B62725400C1E358 /* FirebaseDatabaseSwift */ = {
			isa = XCSwiftPackageProductDependency;
			package = D8CCF2C72B62725400C1E358 /* XCRemoteSwiftPackageReference "firebase-ios-sdk" */;
			productName = FirebaseDatabaseSwift;
		};
		D8CCF2D22B62725400C1E358 /* FirebaseFirestore */ = {
			isa = XCSwiftPackageProductDependency;
			package = D8CCF2C72B62725400C1E358 /* XCRemoteSwiftPackageReference "firebase-ios-sdk" */;
			productName = FirebaseFirestore;
		};
		D8CCF2D42B62725400C1E358 /* FirebaseFirestoreSwift */ = {
			isa = XCSwiftPackageProductDependency;
			package = D8CCF2C72B62725400C1E358 /* XCRemoteSwiftPackageReference "firebase-ios-sdk" */;
			productName = FirebaseFirestoreSwift;
		};
		D8CCF2D62B62725400C1E358 /* FirebaseInstallations */ = {
			isa = XCSwiftPackageProductDependency;
			package = D8CCF2C72B62725400C1E358 /* XCRemoteSwiftPackageReference "firebase-ios-sdk" */;
			productName = FirebaseInstallations;
		};
		D8CCF2D82B62725400C1E358 /* FirebaseStorage */ = {
			isa = XCSwiftPackageProductDependency;
			package = D8CCF2C72B62725400C1E358 /* XCRemoteSwiftPackageReference "firebase-ios-sdk" */;
			productName = FirebaseStorage;
		};
/* End XCSwiftPackageProductDependency section */

/* Begin XCVersionGroup section */
		D86D44EA2AFB932E00894774 /* ToDoList_VIPER.xcdatamodeld */ = {
			isa = XCVersionGroup;
			children = (
				D86D44EB2AFB932E00894774 /* ToDoList_VIPER.xcdatamodel */,
			);
			currentVersion = D86D44EB2AFB932E00894774 /* ToDoList_VIPER.xcdatamodel */;
			path = ToDoList_VIPER.xcdatamodeld;
			sourceTree = "<group>";
			versionGroupType = wrapper.xcdatamodel;
		};
/* End XCVersionGroup section */
	};
	rootObject = D86D44D62AFB932E00894774 /* Project object */;
}
